// !$*UTF8*$!
{
	archiveVersion = 1;
	classes = {
	};
	objectVersion = 47;
	objects = {

/* Begin PBXBuildFile section */
		375F8FD01F0EC70C00ECC0FD /* AppDelegate.swift in Sources */ = {isa = PBXBuildFile; fileRef = 375F8FCF1F0EC70C00ECC0FD /* AppDelegate.swift */; };
		375F8FD21F0EC70C00ECC0FD /* ViewController.swift in Sources */ = {isa = PBXBuildFile; fileRef = 375F8FD11F0EC70C00ECC0FD /* ViewController.swift */; };
		375F8FD51F0EC70C00ECC0FD /* Main.storyboard in Resources */ = {isa = PBXBuildFile; fileRef = 375F8FD31F0EC70C00ECC0FD /* Main.storyboard */; };
		375F8FD71F0EC70C00ECC0FD /* Assets.xcassets in Resources */ = {isa = PBXBuildFile; fileRef = 375F8FD61F0EC70C00ECC0FD /* Assets.xcassets */; };
		375F8FDA1F0EC70C00ECC0FD /* LaunchScreen.storyboard in Resources */ = {isa = PBXBuildFile; fileRef = 375F8FD81F0EC70C00ECC0FD /* LaunchScreen.storyboard */; };
		375F8FE11F0EC71800ECC0FD /* SwiftDate.framework in Frameworks */ = {isa = PBXBuildFile; fileRef = 52D6D97C1BEFF229002C0205 /* SwiftDate.framework */; };
		375F8FE31F0EC72300ECC0FD /* SwiftDate.framework in CopyFiles */ = {isa = PBXBuildFile; fileRef = 52D6D97C1BEFF229002C0205 /* SwiftDate.framework */; settings = {ATTRIBUTES = (CodeSignOnCopy, RemoveHeadersOnCopy, ); }; };
		375F8FFC1F0ECD1C00ECC0FD /* CalendarName.swift in Sources */ = {isa = PBXBuildFile; fileRef = 375F8FE41F0ECD1C00ECC0FD /* CalendarName.swift */; };
		375F8FFD1F0ECD1C00ECC0FD /* CalendarName.swift in Sources */ = {isa = PBXBuildFile; fileRef = 375F8FE41F0ECD1C00ECC0FD /* CalendarName.swift */; };
		375F8FFE1F0ECD1C00ECC0FD /* CalendarName.swift in Sources */ = {isa = PBXBuildFile; fileRef = 375F8FE41F0ECD1C00ECC0FD /* CalendarName.swift */; };
		375F8FFF1F0ECD1C00ECC0FD /* CalendarName.swift in Sources */ = {isa = PBXBuildFile; fileRef = 375F8FE41F0ECD1C00ECC0FD /* CalendarName.swift */; };
		375F90001F0ECD1C00ECC0FD /* Commons.swift in Sources */ = {isa = PBXBuildFile; fileRef = 375F8FE51F0ECD1C00ECC0FD /* Commons.swift */; };
		375F90011F0ECD1C00ECC0FD /* Commons.swift in Sources */ = {isa = PBXBuildFile; fileRef = 375F8FE51F0ECD1C00ECC0FD /* Commons.swift */; };
		375F90021F0ECD1C00ECC0FD /* Commons.swift in Sources */ = {isa = PBXBuildFile; fileRef = 375F8FE51F0ECD1C00ECC0FD /* Commons.swift */; };
		375F90031F0ECD1C00ECC0FD /* Commons.swift in Sources */ = {isa = PBXBuildFile; fileRef = 375F8FE51F0ECD1C00ECC0FD /* Commons.swift */; };
		375F90041F0ECD1C00ECC0FD /* Date+Compare.swift in Sources */ = {isa = PBXBuildFile; fileRef = 375F8FE61F0ECD1C00ECC0FD /* Date+Compare.swift */; };
		375F90051F0ECD1C00ECC0FD /* Date+Compare.swift in Sources */ = {isa = PBXBuildFile; fileRef = 375F8FE61F0ECD1C00ECC0FD /* Date+Compare.swift */; };
		375F90061F0ECD1C00ECC0FD /* Date+Compare.swift in Sources */ = {isa = PBXBuildFile; fileRef = 375F8FE61F0ECD1C00ECC0FD /* Date+Compare.swift */; };
		375F90071F0ECD1C00ECC0FD /* Date+Compare.swift in Sources */ = {isa = PBXBuildFile; fileRef = 375F8FE61F0ECD1C00ECC0FD /* Date+Compare.swift */; };
		375F90081F0ECD1C00ECC0FD /* Date+Components.swift in Sources */ = {isa = PBXBuildFile; fileRef = 375F8FE71F0ECD1C00ECC0FD /* Date+Components.swift */; };
		375F90091F0ECD1C00ECC0FD /* Date+Components.swift in Sources */ = {isa = PBXBuildFile; fileRef = 375F8FE71F0ECD1C00ECC0FD /* Date+Components.swift */; };
		375F900A1F0ECD1C00ECC0FD /* Date+Components.swift in Sources */ = {isa = PBXBuildFile; fileRef = 375F8FE71F0ECD1C00ECC0FD /* Date+Components.swift */; };
		375F900B1F0ECD1C00ECC0FD /* Date+Components.swift in Sources */ = {isa = PBXBuildFile; fileRef = 375F8FE71F0ECD1C00ECC0FD /* Date+Components.swift */; };
		375F900C1F0ECD1C00ECC0FD /* Date+Formatter.swift in Sources */ = {isa = PBXBuildFile; fileRef = 375F8FE81F0ECD1C00ECC0FD /* Date+Formatter.swift */; };
		375F900D1F0ECD1C00ECC0FD /* Date+Formatter.swift in Sources */ = {isa = PBXBuildFile; fileRef = 375F8FE81F0ECD1C00ECC0FD /* Date+Formatter.swift */; };
		375F900E1F0ECD1C00ECC0FD /* Date+Formatter.swift in Sources */ = {isa = PBXBuildFile; fileRef = 375F8FE81F0ECD1C00ECC0FD /* Date+Formatter.swift */; };
		375F900F1F0ECD1C00ECC0FD /* Date+Formatter.swift in Sources */ = {isa = PBXBuildFile; fileRef = 375F8FE81F0ECD1C00ECC0FD /* Date+Formatter.swift */; };
		375F90101F0ECD1C00ECC0FD /* Date+Math.swift in Sources */ = {isa = PBXBuildFile; fileRef = 375F8FE91F0ECD1C00ECC0FD /* Date+Math.swift */; };
		375F90111F0ECD1C00ECC0FD /* Date+Math.swift in Sources */ = {isa = PBXBuildFile; fileRef = 375F8FE91F0ECD1C00ECC0FD /* Date+Math.swift */; };
		375F90121F0ECD1C00ECC0FD /* Date+Math.swift in Sources */ = {isa = PBXBuildFile; fileRef = 375F8FE91F0ECD1C00ECC0FD /* Date+Math.swift */; };
		375F90131F0ECD1C00ECC0FD /* Date+Math.swift in Sources */ = {isa = PBXBuildFile; fileRef = 375F8FE91F0ECD1C00ECC0FD /* Date+Math.swift */; };
		375F90141F0ECD1C00ECC0FD /* DateComponents+Extension.swift in Sources */ = {isa = PBXBuildFile; fileRef = 375F8FEA1F0ECD1C00ECC0FD /* DateComponents+Extension.swift */; };
		375F90151F0ECD1C00ECC0FD /* DateComponents+Extension.swift in Sources */ = {isa = PBXBuildFile; fileRef = 375F8FEA1F0ECD1C00ECC0FD /* DateComponents+Extension.swift */; };
		375F90161F0ECD1C00ECC0FD /* DateComponents+Extension.swift in Sources */ = {isa = PBXBuildFile; fileRef = 375F8FEA1F0ECD1C00ECC0FD /* DateComponents+Extension.swift */; };
		375F90171F0ECD1C00ECC0FD /* DateComponents+Extension.swift in Sources */ = {isa = PBXBuildFile; fileRef = 375F8FEA1F0ECD1C00ECC0FD /* DateComponents+Extension.swift */; };
		375F90181F0ECD1C00ECC0FD /* DateInRegion.swift in Sources */ = {isa = PBXBuildFile; fileRef = 375F8FEB1F0ECD1C00ECC0FD /* DateInRegion.swift */; };
		375F90191F0ECD1C00ECC0FD /* DateInRegion.swift in Sources */ = {isa = PBXBuildFile; fileRef = 375F8FEB1F0ECD1C00ECC0FD /* DateInRegion.swift */; };
		375F901A1F0ECD1C00ECC0FD /* DateInRegion.swift in Sources */ = {isa = PBXBuildFile; fileRef = 375F8FEB1F0ECD1C00ECC0FD /* DateInRegion.swift */; };
		375F901B1F0ECD1C00ECC0FD /* DateInRegion.swift in Sources */ = {isa = PBXBuildFile; fileRef = 375F8FEB1F0ECD1C00ECC0FD /* DateInRegion.swift */; };
		375F901C1F0ECD1C00ECC0FD /* DateInRegion+Compare.swift in Sources */ = {isa = PBXBuildFile; fileRef = 375F8FEC1F0ECD1C00ECC0FD /* DateInRegion+Compare.swift */; };
		375F901D1F0ECD1C00ECC0FD /* DateInRegion+Compare.swift in Sources */ = {isa = PBXBuildFile; fileRef = 375F8FEC1F0ECD1C00ECC0FD /* DateInRegion+Compare.swift */; };
		375F901E1F0ECD1C00ECC0FD /* DateInRegion+Compare.swift in Sources */ = {isa = PBXBuildFile; fileRef = 375F8FEC1F0ECD1C00ECC0FD /* DateInRegion+Compare.swift */; };
		375F901F1F0ECD1C00ECC0FD /* DateInRegion+Compare.swift in Sources */ = {isa = PBXBuildFile; fileRef = 375F8FEC1F0ECD1C00ECC0FD /* DateInRegion+Compare.swift */; };
		375F90201F0ECD1C00ECC0FD /* DateInRegion+Components.swift in Sources */ = {isa = PBXBuildFile; fileRef = 375F8FED1F0ECD1C00ECC0FD /* DateInRegion+Components.swift */; };
		375F90211F0ECD1C00ECC0FD /* DateInRegion+Components.swift in Sources */ = {isa = PBXBuildFile; fileRef = 375F8FED1F0ECD1C00ECC0FD /* DateInRegion+Components.swift */; };
		375F90221F0ECD1C00ECC0FD /* DateInRegion+Components.swift in Sources */ = {isa = PBXBuildFile; fileRef = 375F8FED1F0ECD1C00ECC0FD /* DateInRegion+Components.swift */; };
		375F90231F0ECD1C00ECC0FD /* DateInRegion+Components.swift in Sources */ = {isa = PBXBuildFile; fileRef = 375F8FED1F0ECD1C00ECC0FD /* DateInRegion+Components.swift */; };
		375F90241F0ECD1C00ECC0FD /* DateInRegion+Formatter.swift in Sources */ = {isa = PBXBuildFile; fileRef = 375F8FEE1F0ECD1C00ECC0FD /* DateInRegion+Formatter.swift */; };
		375F90251F0ECD1C00ECC0FD /* DateInRegion+Formatter.swift in Sources */ = {isa = PBXBuildFile; fileRef = 375F8FEE1F0ECD1C00ECC0FD /* DateInRegion+Formatter.swift */; };
		375F90261F0ECD1C00ECC0FD /* DateInRegion+Formatter.swift in Sources */ = {isa = PBXBuildFile; fileRef = 375F8FEE1F0ECD1C00ECC0FD /* DateInRegion+Formatter.swift */; };
		375F90271F0ECD1C00ECC0FD /* DateInRegion+Formatter.swift in Sources */ = {isa = PBXBuildFile; fileRef = 375F8FEE1F0ECD1C00ECC0FD /* DateInRegion+Formatter.swift */; };
		375F90281F0ECD1C00ECC0FD /* DateInRegion+Math.swift in Sources */ = {isa = PBXBuildFile; fileRef = 375F8FEF1F0ECD1C00ECC0FD /* DateInRegion+Math.swift */; };
		375F90291F0ECD1C00ECC0FD /* DateInRegion+Math.swift in Sources */ = {isa = PBXBuildFile; fileRef = 375F8FEF1F0ECD1C00ECC0FD /* DateInRegion+Math.swift */; };
		375F902A1F0ECD1C00ECC0FD /* DateInRegion+Math.swift in Sources */ = {isa = PBXBuildFile; fileRef = 375F8FEF1F0ECD1C00ECC0FD /* DateInRegion+Math.swift */; };
		375F902B1F0ECD1C00ECC0FD /* DateInRegion+Math.swift in Sources */ = {isa = PBXBuildFile; fileRef = 375F8FEF1F0ECD1C00ECC0FD /* DateInRegion+Math.swift */; };
		375F90301F0ECD1C00ECC0FD /* DateTimeInterval.swift in Sources */ = {isa = PBXBuildFile; fileRef = 375F8FF11F0ECD1C00ECC0FD /* DateTimeInterval.swift */; };
		375F90311F0ECD1C00ECC0FD /* DateTimeInterval.swift in Sources */ = {isa = PBXBuildFile; fileRef = 375F8FF11F0ECD1C00ECC0FD /* DateTimeInterval.swift */; };
		375F90321F0ECD1C00ECC0FD /* DateTimeInterval.swift in Sources */ = {isa = PBXBuildFile; fileRef = 375F8FF11F0ECD1C00ECC0FD /* DateTimeInterval.swift */; };
		375F90331F0ECD1C00ECC0FD /* DateTimeInterval.swift in Sources */ = {isa = PBXBuildFile; fileRef = 375F8FF11F0ECD1C00ECC0FD /* DateTimeInterval.swift */; };
		375F90341F0ECD1C00ECC0FD /* DOTNETDateTimeFormatter.swift in Sources */ = {isa = PBXBuildFile; fileRef = 375F8FF21F0ECD1C00ECC0FD /* DOTNETDateTimeFormatter.swift */; };
		375F90351F0ECD1C00ECC0FD /* DOTNETDateTimeFormatter.swift in Sources */ = {isa = PBXBuildFile; fileRef = 375F8FF21F0ECD1C00ECC0FD /* DOTNETDateTimeFormatter.swift */; };
		375F90361F0ECD1D00ECC0FD /* DOTNETDateTimeFormatter.swift in Sources */ = {isa = PBXBuildFile; fileRef = 375F8FF21F0ECD1C00ECC0FD /* DOTNETDateTimeFormatter.swift */; };
		375F90371F0ECD1D00ECC0FD /* DOTNETDateTimeFormatter.swift in Sources */ = {isa = PBXBuildFile; fileRef = 375F8FF21F0ECD1C00ECC0FD /* DOTNETDateTimeFormatter.swift */; };
		375F90381F0ECD1D00ECC0FD /* Extensions.swift in Sources */ = {isa = PBXBuildFile; fileRef = 375F8FF31F0ECD1C00ECC0FD /* Extensions.swift */; };
		375F90391F0ECD1D00ECC0FD /* Extensions.swift in Sources */ = {isa = PBXBuildFile; fileRef = 375F8FF31F0ECD1C00ECC0FD /* Extensions.swift */; };
		375F903A1F0ECD1D00ECC0FD /* Extensions.swift in Sources */ = {isa = PBXBuildFile; fileRef = 375F8FF31F0ECD1C00ECC0FD /* Extensions.swift */; };
		375F903B1F0ECD1D00ECC0FD /* Extensions.swift in Sources */ = {isa = PBXBuildFile; fileRef = 375F8FF31F0ECD1C00ECC0FD /* Extensions.swift */; };
		375F903C1F0ECD1D00ECC0FD /* ISO8601DateTimeFormatter.swift in Sources */ = {isa = PBXBuildFile; fileRef = 375F8FF41F0ECD1C00ECC0FD /* ISO8601DateTimeFormatter.swift */; };
		375F903D1F0ECD1D00ECC0FD /* ISO8601DateTimeFormatter.swift in Sources */ = {isa = PBXBuildFile; fileRef = 375F8FF41F0ECD1C00ECC0FD /* ISO8601DateTimeFormatter.swift */; };
		375F903E1F0ECD1D00ECC0FD /* ISO8601DateTimeFormatter.swift in Sources */ = {isa = PBXBuildFile; fileRef = 375F8FF41F0ECD1C00ECC0FD /* ISO8601DateTimeFormatter.swift */; };
		375F903F1F0ECD1D00ECC0FD /* ISO8601DateTimeFormatter.swift in Sources */ = {isa = PBXBuildFile; fileRef = 375F8FF41F0ECD1C00ECC0FD /* ISO8601DateTimeFormatter.swift */; };
		375F90401F0ECD1D00ECC0FD /* ISO8601Parser.swift in Sources */ = {isa = PBXBuildFile; fileRef = 375F8FF51F0ECD1C00ECC0FD /* ISO8601Parser.swift */; };
		375F90411F0ECD1D00ECC0FD /* ISO8601Parser.swift in Sources */ = {isa = PBXBuildFile; fileRef = 375F8FF51F0ECD1C00ECC0FD /* ISO8601Parser.swift */; };
		375F90421F0ECD1D00ECC0FD /* ISO8601Parser.swift in Sources */ = {isa = PBXBuildFile; fileRef = 375F8FF51F0ECD1C00ECC0FD /* ISO8601Parser.swift */; };
		375F90431F0ECD1D00ECC0FD /* ISO8601Parser.swift in Sources */ = {isa = PBXBuildFile; fileRef = 375F8FF51F0ECD1C00ECC0FD /* ISO8601Parser.swift */; };
		375F90441F0ECD1D00ECC0FD /* LocaleName.swift in Sources */ = {isa = PBXBuildFile; fileRef = 375F8FF61F0ECD1C00ECC0FD /* LocaleName.swift */; };
		375F90451F0ECD1D00ECC0FD /* LocaleName.swift in Sources */ = {isa = PBXBuildFile; fileRef = 375F8FF61F0ECD1C00ECC0FD /* LocaleName.swift */; };
		375F90461F0ECD1D00ECC0FD /* LocaleName.swift in Sources */ = {isa = PBXBuildFile; fileRef = 375F8FF61F0ECD1C00ECC0FD /* LocaleName.swift */; };
		375F90471F0ECD1D00ECC0FD /* LocaleName.swift in Sources */ = {isa = PBXBuildFile; fileRef = 375F8FF61F0ECD1C00ECC0FD /* LocaleName.swift */; };
		375F90481F0ECD1D00ECC0FD /* Localization.swift in Sources */ = {isa = PBXBuildFile; fileRef = 375F8FF71F0ECD1C00ECC0FD /* Localization.swift */; };
		375F90491F0ECD1D00ECC0FD /* Localization.swift in Sources */ = {isa = PBXBuildFile; fileRef = 375F8FF71F0ECD1C00ECC0FD /* Localization.swift */; };
		375F904A1F0ECD1D00ECC0FD /* Localization.swift in Sources */ = {isa = PBXBuildFile; fileRef = 375F8FF71F0ECD1C00ECC0FD /* Localization.swift */; };
		375F904B1F0ECD1D00ECC0FD /* Localization.swift in Sources */ = {isa = PBXBuildFile; fileRef = 375F8FF71F0ECD1C00ECC0FD /* Localization.swift */; };
		375F904C1F0ECD1D00ECC0FD /* Region.swift in Sources */ = {isa = PBXBuildFile; fileRef = 375F8FF81F0ECD1C00ECC0FD /* Region.swift */; };
		375F904D1F0ECD1D00ECC0FD /* Region.swift in Sources */ = {isa = PBXBuildFile; fileRef = 375F8FF81F0ECD1C00ECC0FD /* Region.swift */; };
		375F904E1F0ECD1D00ECC0FD /* Region.swift in Sources */ = {isa = PBXBuildFile; fileRef = 375F8FF81F0ECD1C00ECC0FD /* Region.swift */; };
		375F904F1F0ECD1D00ECC0FD /* Region.swift in Sources */ = {isa = PBXBuildFile; fileRef = 375F8FF81F0ECD1C00ECC0FD /* Region.swift */; };
		375F90501F0ECD1D00ECC0FD /* SwiftDate.bundle in Resources */ = {isa = PBXBuildFile; fileRef = 375F8FF91F0ECD1C00ECC0FD /* SwiftDate.bundle */; };
		375F90511F0ECD1D00ECC0FD /* SwiftDate.bundle in Resources */ = {isa = PBXBuildFile; fileRef = 375F8FF91F0ECD1C00ECC0FD /* SwiftDate.bundle */; };
		375F90521F0ECD1D00ECC0FD /* SwiftDate.bundle in Resources */ = {isa = PBXBuildFile; fileRef = 375F8FF91F0ECD1C00ECC0FD /* SwiftDate.bundle */; };
		375F90531F0ECD1D00ECC0FD /* SwiftDate.bundle in Resources */ = {isa = PBXBuildFile; fileRef = 375F8FF91F0ECD1C00ECC0FD /* SwiftDate.bundle */; };
		375F90541F0ECD1D00ECC0FD /* TimeInterval+Extensions.swift in Sources */ = {isa = PBXBuildFile; fileRef = 375F8FFA1F0ECD1C00ECC0FD /* TimeInterval+Extensions.swift */; };
		375F90551F0ECD1D00ECC0FD /* TimeInterval+Extensions.swift in Sources */ = {isa = PBXBuildFile; fileRef = 375F8FFA1F0ECD1C00ECC0FD /* TimeInterval+Extensions.swift */; };
		375F90561F0ECD1D00ECC0FD /* TimeInterval+Extensions.swift in Sources */ = {isa = PBXBuildFile; fileRef = 375F8FFA1F0ECD1C00ECC0FD /* TimeInterval+Extensions.swift */; };
		375F90571F0ECD1D00ECC0FD /* TimeInterval+Extensions.swift in Sources */ = {isa = PBXBuildFile; fileRef = 375F8FFA1F0ECD1C00ECC0FD /* TimeInterval+Extensions.swift */; };
		375F90581F0ECD1D00ECC0FD /* TimeZoneName.swift in Sources */ = {isa = PBXBuildFile; fileRef = 375F8FFB1F0ECD1C00ECC0FD /* TimeZoneName.swift */; };
		375F90591F0ECD1D00ECC0FD /* TimeZoneName.swift in Sources */ = {isa = PBXBuildFile; fileRef = 375F8FFB1F0ECD1C00ECC0FD /* TimeZoneName.swift */; };
		375F905A1F0ECD1D00ECC0FD /* TimeZoneName.swift in Sources */ = {isa = PBXBuildFile; fileRef = 375F8FFB1F0ECD1C00ECC0FD /* TimeZoneName.swift */; };
		375F905B1F0ECD1D00ECC0FD /* TimeZoneName.swift in Sources */ = {isa = PBXBuildFile; fileRef = 375F8FFB1F0ECD1C00ECC0FD /* TimeZoneName.swift */; };
		376525771F074FB0006F919E /* TestDateInRegion.swift in Sources */ = {isa = PBXBuildFile; fileRef = 376525731F074FAB006F919E /* TestDateInRegion.swift */; };
		376525781F074FB0006F919E /* TestDateInRegion+Compare.swift in Sources */ = {isa = PBXBuildFile; fileRef = 376525751F074FAB006F919E /* TestDateInRegion+Compare.swift */; };
		376525791F074FB0006F919E /* TestDateInRegion+Components.swift in Sources */ = {isa = PBXBuildFile; fileRef = 376525761F074FAB006F919E /* TestDateInRegion+Components.swift */; };
		3765257A1F074FB0006F919E /* TestDateInRegion+Formatter.swift in Sources */ = {isa = PBXBuildFile; fileRef = 376525741F074FAB006F919E /* TestDateInRegion+Formatter.swift */; };
		3765257B1F074FB0006F919E /* TestDateInRegion.swift in Sources */ = {isa = PBXBuildFile; fileRef = 376525731F074FAB006F919E /* TestDateInRegion.swift */; };
		3765257C1F074FB0006F919E /* TestDateInRegion+Compare.swift in Sources */ = {isa = PBXBuildFile; fileRef = 376525751F074FAB006F919E /* TestDateInRegion+Compare.swift */; };
		3765257D1F074FB0006F919E /* TestDateInRegion+Components.swift in Sources */ = {isa = PBXBuildFile; fileRef = 376525761F074FAB006F919E /* TestDateInRegion+Components.swift */; };
		3765257E1F074FB0006F919E /* TestDateInRegion+Formatter.swift in Sources */ = {isa = PBXBuildFile; fileRef = 376525741F074FAB006F919E /* TestDateInRegion+Formatter.swift */; };
		3765257F1F074FB0006F919E /* TestDateInRegion.swift in Sources */ = {isa = PBXBuildFile; fileRef = 376525731F074FAB006F919E /* TestDateInRegion.swift */; };
		376525801F074FB0006F919E /* TestDateInRegion+Compare.swift in Sources */ = {isa = PBXBuildFile; fileRef = 376525751F074FAB006F919E /* TestDateInRegion+Compare.swift */; };
		376525811F074FB0006F919E /* TestDateInRegion+Components.swift in Sources */ = {isa = PBXBuildFile; fileRef = 376525761F074FAB006F919E /* TestDateInRegion+Components.swift */; };
		376525821F074FB0006F919E /* TestDateInRegion+Formatter.swift in Sources */ = {isa = PBXBuildFile; fileRef = 376525741F074FAB006F919E /* TestDateInRegion+Formatter.swift */; };
		52D6D9871BEFF229002C0205 /* SwiftDate.framework in Frameworks */ = {isa = PBXBuildFile; fileRef = 52D6D97C1BEFF229002C0205 /* SwiftDate.framework */; };
		643D15C01FC370430097A3BB /* OldDateInRegionFormatter.swift in Sources */ = {isa = PBXBuildFile; fileRef = 643D15BF1FC370430097A3BB /* OldDateInRegionFormatter.swift */; };
		643D15C11FC370430097A3BB /* OldDateInRegionFormatter.swift in Sources */ = {isa = PBXBuildFile; fileRef = 643D15BF1FC370430097A3BB /* OldDateInRegionFormatter.swift */; };
		643D15C21FC370430097A3BB /* OldDateInRegionFormatter.swift in Sources */ = {isa = PBXBuildFile; fileRef = 643D15BF1FC370430097A3BB /* OldDateInRegionFormatter.swift */; };
		643D15C31FC370430097A3BB /* OldDateInRegionFormatter.swift in Sources */ = {isa = PBXBuildFile; fileRef = 643D15BF1FC370430097A3BB /* OldDateInRegionFormatter.swift */; };
		646E53EF1FB6335600939895 /* ColloquialDateFormatter.swift in Sources */ = {isa = PBXBuildFile; fileRef = 646E53EE1FB6335600939895 /* ColloquialDateFormatter.swift */; };
		646E53F01FB6335600939895 /* ColloquialDateFormatter.swift in Sources */ = {isa = PBXBuildFile; fileRef = 646E53EE1FB6335600939895 /* ColloquialDateFormatter.swift */; };
		646E53F11FB6335600939895 /* ColloquialDateFormatter.swift in Sources */ = {isa = PBXBuildFile; fileRef = 646E53EE1FB6335600939895 /* ColloquialDateFormatter.swift */; };
		646E53F21FB6335600939895 /* ColloquialDateFormatter.swift in Sources */ = {isa = PBXBuildFile; fileRef = 646E53EE1FB6335600939895 /* ColloquialDateFormatter.swift */; };
		DD7502881C68FEDE006590AF /* SwiftDate.framework in Frameworks */ = {isa = PBXBuildFile; fileRef = 52D6DA0F1BF000BD002C0205 /* SwiftDate.framework */; };
		DD7502921C690C7A006590AF /* SwiftDate.framework in Frameworks */ = {isa = PBXBuildFile; fileRef = 52D6D9F01BEFFFBE002C0205 /* SwiftDate.framework */; };
/* End PBXBuildFile section */

/* Begin PBXContainerItemProxy section */
		375F8FDF1F0EC71400ECC0FD /* PBXContainerItemProxy */ = {
			isa = PBXContainerItemProxy;
			containerPortal = 52D6D9731BEFF229002C0205 /* Project object */;
			proxyType = 1;
			remoteGlobalIDString = 52D6D97B1BEFF229002C0205;
			remoteInfo = "SwiftDate-iOS";
		};
		52D6D9881BEFF229002C0205 /* PBXContainerItemProxy */ = {
			isa = PBXContainerItemProxy;
			containerPortal = 52D6D9731BEFF229002C0205 /* Project object */;
			proxyType = 1;
			remoteGlobalIDString = 52D6D97B1BEFF229002C0205;
			remoteInfo = SwiftDate;
		};
		DD7502801C68FCFC006590AF /* PBXContainerItemProxy */ = {
			isa = PBXContainerItemProxy;
			containerPortal = 52D6D9731BEFF229002C0205 /* Project object */;
			proxyType = 1;
			remoteGlobalIDString = 52D6DA0E1BF000BD002C0205;
			remoteInfo = "SwiftDate-macOS";
		};
		DD7502931C690C7A006590AF /* PBXContainerItemProxy */ = {
			isa = PBXContainerItemProxy;
			containerPortal = 52D6D9731BEFF229002C0205 /* Project object */;
			proxyType = 1;
			remoteGlobalIDString = 52D6D9EF1BEFFFBE002C0205;
			remoteInfo = "SwiftDate-tvOS";
		};
/* End PBXContainerItemProxy section */

/* Begin PBXCopyFilesBuildPhase section */
		375F8FE21F0EC71A00ECC0FD /* CopyFiles */ = {
			isa = PBXCopyFilesBuildPhase;
			buildActionMask = 2147483647;
			dstPath = "";
			dstSubfolderSpec = 10;
			files = (
				375F8FE31F0EC72300ECC0FD /* SwiftDate.framework in CopyFiles */,
			);
			runOnlyForDeploymentPostprocessing = 0;
		};
/* End PBXCopyFilesBuildPhase section */

/* Begin PBXFileReference section */
		375F8FCD1F0EC70C00ECC0FD /* TestApp.app */ = {isa = PBXFileReference; explicitFileType = wrapper.application; includeInIndex = 0; path = TestApp.app; sourceTree = BUILT_PRODUCTS_DIR; };
		375F8FCF1F0EC70C00ECC0FD /* AppDelegate.swift */ = {isa = PBXFileReference; lastKnownFileType = sourcecode.swift; path = AppDelegate.swift; sourceTree = "<group>"; };
		375F8FD11F0EC70C00ECC0FD /* ViewController.swift */ = {isa = PBXFileReference; lastKnownFileType = sourcecode.swift; path = ViewController.swift; sourceTree = "<group>"; };
		375F8FD41F0EC70C00ECC0FD /* Base */ = {isa = PBXFileReference; lastKnownFileType = file.storyboard; name = Base; path = Base.lproj/Main.storyboard; sourceTree = "<group>"; };
		375F8FD61F0EC70C00ECC0FD /* Assets.xcassets */ = {isa = PBXFileReference; lastKnownFileType = folder.assetcatalog; path = Assets.xcassets; sourceTree = "<group>"; };
		375F8FD91F0EC70C00ECC0FD /* Base */ = {isa = PBXFileReference; lastKnownFileType = file.storyboard; name = Base; path = Base.lproj/LaunchScreen.storyboard; sourceTree = "<group>"; };
		375F8FDB1F0EC70C00ECC0FD /* Info.plist */ = {isa = PBXFileReference; lastKnownFileType = text.plist.xml; path = Info.plist; sourceTree = "<group>"; };
		375F8FE41F0ECD1C00ECC0FD /* CalendarName.swift */ = {isa = PBXFileReference; fileEncoding = 4; lastKnownFileType = sourcecode.swift; name = CalendarName.swift; path = SwiftDate/CalendarName.swift; sourceTree = "<group>"; };
		375F8FE51F0ECD1C00ECC0FD /* Commons.swift */ = {isa = PBXFileReference; fileEncoding = 4; lastKnownFileType = sourcecode.swift; name = Commons.swift; path = SwiftDate/Commons.swift; sourceTree = "<group>"; };
		375F8FE61F0ECD1C00ECC0FD /* Date+Compare.swift */ = {isa = PBXFileReference; fileEncoding = 4; lastKnownFileType = sourcecode.swift; name = "Date+Compare.swift"; path = "SwiftDate/Date+Compare.swift"; sourceTree = "<group>"; };
		375F8FE71F0ECD1C00ECC0FD /* Date+Components.swift */ = {isa = PBXFileReference; fileEncoding = 4; lastKnownFileType = sourcecode.swift; name = "Date+Components.swift"; path = "SwiftDate/Date+Components.swift"; sourceTree = "<group>"; };
		375F8FE81F0ECD1C00ECC0FD /* Date+Formatter.swift */ = {isa = PBXFileReference; fileEncoding = 4; lastKnownFileType = sourcecode.swift; name = "Date+Formatter.swift"; path = "SwiftDate/Date+Formatter.swift"; sourceTree = "<group>"; };
		375F8FE91F0ECD1C00ECC0FD /* Date+Math.swift */ = {isa = PBXFileReference; fileEncoding = 4; lastKnownFileType = sourcecode.swift; name = "Date+Math.swift"; path = "SwiftDate/Date+Math.swift"; sourceTree = "<group>"; };
		375F8FEA1F0ECD1C00ECC0FD /* DateComponents+Extension.swift */ = {isa = PBXFileReference; fileEncoding = 4; lastKnownFileType = sourcecode.swift; name = "DateComponents+Extension.swift"; path = "SwiftDate/DateComponents+Extension.swift"; sourceTree = "<group>"; };
		375F8FEB1F0ECD1C00ECC0FD /* DateInRegion.swift */ = {isa = PBXFileReference; fileEncoding = 4; lastKnownFileType = sourcecode.swift; name = DateInRegion.swift; path = SwiftDate/DateInRegion.swift; sourceTree = "<group>"; };
		375F8FEC1F0ECD1C00ECC0FD /* DateInRegion+Compare.swift */ = {isa = PBXFileReference; fileEncoding = 4; lastKnownFileType = sourcecode.swift; name = "DateInRegion+Compare.swift"; path = "SwiftDate/DateInRegion+Compare.swift"; sourceTree = "<group>"; };
		375F8FED1F0ECD1C00ECC0FD /* DateInRegion+Components.swift */ = {isa = PBXFileReference; fileEncoding = 4; lastKnownFileType = sourcecode.swift; name = "DateInRegion+Components.swift"; path = "SwiftDate/DateInRegion+Components.swift"; sourceTree = "<group>"; };
		375F8FEE1F0ECD1C00ECC0FD /* DateInRegion+Formatter.swift */ = {isa = PBXFileReference; fileEncoding = 4; lastKnownFileType = sourcecode.swift; name = "DateInRegion+Formatter.swift"; path = "SwiftDate/DateInRegion+Formatter.swift"; sourceTree = "<group>"; };
		375F8FEF1F0ECD1C00ECC0FD /* DateInRegion+Math.swift */ = {isa = PBXFileReference; fileEncoding = 4; lastKnownFileType = sourcecode.swift; name = "DateInRegion+Math.swift"; path = "SwiftDate/DateInRegion+Math.swift"; sourceTree = "<group>"; };
		375F8FF11F0ECD1C00ECC0FD /* DateTimeInterval.swift */ = {isa = PBXFileReference; fileEncoding = 4; lastKnownFileType = sourcecode.swift; name = DateTimeInterval.swift; path = SwiftDate/DateTimeInterval.swift; sourceTree = "<group>"; };
		375F8FF21F0ECD1C00ECC0FD /* DOTNETDateTimeFormatter.swift */ = {isa = PBXFileReference; fileEncoding = 4; lastKnownFileType = sourcecode.swift; name = DOTNETDateTimeFormatter.swift; path = SwiftDate/DOTNETDateTimeFormatter.swift; sourceTree = "<group>"; };
		375F8FF31F0ECD1C00ECC0FD /* Extensions.swift */ = {isa = PBXFileReference; fileEncoding = 4; lastKnownFileType = sourcecode.swift; name = Extensions.swift; path = SwiftDate/Extensions.swift; sourceTree = "<group>"; };
		375F8FF41F0ECD1C00ECC0FD /* ISO8601DateTimeFormatter.swift */ = {isa = PBXFileReference; fileEncoding = 4; lastKnownFileType = sourcecode.swift; name = ISO8601DateTimeFormatter.swift; path = SwiftDate/ISO8601DateTimeFormatter.swift; sourceTree = "<group>"; };
		375F8FF51F0ECD1C00ECC0FD /* ISO8601Parser.swift */ = {isa = PBXFileReference; fileEncoding = 4; lastKnownFileType = sourcecode.swift; name = ISO8601Parser.swift; path = SwiftDate/ISO8601Parser.swift; sourceTree = "<group>"; };
		375F8FF61F0ECD1C00ECC0FD /* LocaleName.swift */ = {isa = PBXFileReference; fileEncoding = 4; lastKnownFileType = sourcecode.swift; name = LocaleName.swift; path = SwiftDate/LocaleName.swift; sourceTree = "<group>"; };
		375F8FF71F0ECD1C00ECC0FD /* Localization.swift */ = {isa = PBXFileReference; fileEncoding = 4; lastKnownFileType = sourcecode.swift; name = Localization.swift; path = SwiftDate/Localization.swift; sourceTree = "<group>"; };
		375F8FF81F0ECD1C00ECC0FD /* Region.swift */ = {isa = PBXFileReference; fileEncoding = 4; lastKnownFileType = sourcecode.swift; name = Region.swift; path = SwiftDate/Region.swift; sourceTree = "<group>"; };
		375F8FF91F0ECD1C00ECC0FD /* SwiftDate.bundle */ = {isa = PBXFileReference; lastKnownFileType = "wrapper.plug-in"; name = SwiftDate.bundle; path = SwiftDate/SwiftDate.bundle; sourceTree = "<group>"; };
		375F8FFA1F0ECD1C00ECC0FD /* TimeInterval+Extensions.swift */ = {isa = PBXFileReference; fileEncoding = 4; lastKnownFileType = sourcecode.swift; name = "TimeInterval+Extensions.swift"; path = "SwiftDate/TimeInterval+Extensions.swift"; sourceTree = "<group>"; };
		375F8FFB1F0ECD1C00ECC0FD /* TimeZoneName.swift */ = {isa = PBXFileReference; fileEncoding = 4; lastKnownFileType = sourcecode.swift; name = TimeZoneName.swift; path = SwiftDate/TimeZoneName.swift; sourceTree = "<group>"; };
		376525731F074FAB006F919E /* TestDateInRegion.swift */ = {isa = PBXFileReference; lastKnownFileType = sourcecode.swift; path = TestDateInRegion.swift; sourceTree = "<group>"; };
		376525741F074FAB006F919E /* TestDateInRegion+Formatter.swift */ = {isa = PBXFileReference; lastKnownFileType = sourcecode.swift; path = "TestDateInRegion+Formatter.swift"; sourceTree = "<group>"; };
		376525751F074FAB006F919E /* TestDateInRegion+Compare.swift */ = {isa = PBXFileReference; lastKnownFileType = sourcecode.swift; path = "TestDateInRegion+Compare.swift"; sourceTree = "<group>"; };
		376525761F074FAB006F919E /* TestDateInRegion+Components.swift */ = {isa = PBXFileReference; lastKnownFileType = sourcecode.swift; path = "TestDateInRegion+Components.swift"; sourceTree = "<group>"; };
		52D6D97C1BEFF229002C0205 /* SwiftDate.framework */ = {isa = PBXFileReference; explicitFileType = wrapper.framework; includeInIndex = 0; path = SwiftDate.framework; sourceTree = BUILT_PRODUCTS_DIR; };
		52D6D9861BEFF229002C0205 /* SwiftDate-iOS Tests.xctest */ = {isa = PBXFileReference; explicitFileType = wrapper.cfbundle; includeInIndex = 0; path = "SwiftDate-iOS Tests.xctest"; sourceTree = BUILT_PRODUCTS_DIR; };
		52D6D9E21BEFFF6E002C0205 /* SwiftDate.framework */ = {isa = PBXFileReference; explicitFileType = wrapper.framework; includeInIndex = 0; path = SwiftDate.framework; sourceTree = BUILT_PRODUCTS_DIR; };
		52D6D9F01BEFFFBE002C0205 /* SwiftDate.framework */ = {isa = PBXFileReference; explicitFileType = wrapper.framework; includeInIndex = 0; path = SwiftDate.framework; sourceTree = BUILT_PRODUCTS_DIR; };
		52D6DA0F1BF000BD002C0205 /* SwiftDate.framework */ = {isa = PBXFileReference; explicitFileType = wrapper.framework; includeInIndex = 0; path = SwiftDate.framework; sourceTree = BUILT_PRODUCTS_DIR; };
		643D15BF1FC370430097A3BB /* OldDateInRegionFormatter.swift */ = {isa = PBXFileReference; fileEncoding = 4; lastKnownFileType = sourcecode.swift; name = OldDateInRegionFormatter.swift; path = SwiftDate/OldDateInRegionFormatter.swift; sourceTree = "<group>"; };
		646E53EE1FB6335600939895 /* ColloquialDateFormatter.swift */ = {isa = PBXFileReference; lastKnownFileType = sourcecode.swift; name = ColloquialDateFormatter.swift; path = SwiftDate/ColloquialDateFormatter.swift; sourceTree = "<group>"; };
		AD2FAA261CD0B6D800659CF4 /* SwiftDate.plist */ = {isa = PBXFileReference; fileEncoding = 4; lastKnownFileType = text.plist.xml; path = SwiftDate.plist; sourceTree = "<group>"; };
		AD2FAA281CD0B6E100659CF4 /* SwiftDateTests.plist */ = {isa = PBXFileReference; fileEncoding = 4; lastKnownFileType = text.plist.xml; path = SwiftDateTests.plist; sourceTree = "<group>"; };
		DD75027A1C68FCFC006590AF /* SwiftDate-macOS Tests.xctest */ = {isa = PBXFileReference; explicitFileType = wrapper.cfbundle; includeInIndex = 0; path = "SwiftDate-macOS Tests.xctest"; sourceTree = BUILT_PRODUCTS_DIR; };
		DD75028D1C690C7A006590AF /* SwiftDate-tvOS Tests.xctest */ = {isa = PBXFileReference; explicitFileType = wrapper.cfbundle; includeInIndex = 0; path = "SwiftDate-tvOS Tests.xctest"; sourceTree = BUILT_PRODUCTS_DIR; };
/* End PBXFileReference section */

/* Begin PBXFrameworksBuildPhase section */
		375F8FCA1F0EC70C00ECC0FD /* Frameworks */ = {
			isa = PBXFrameworksBuildPhase;
			buildActionMask = 2147483647;
			files = (
				375F8FE11F0EC71800ECC0FD /* SwiftDate.framework in Frameworks */,
			);
			runOnlyForDeploymentPostprocessing = 0;
		};
		52D6D9781BEFF229002C0205 /* Frameworks */ = {
			isa = PBXFrameworksBuildPhase;
			buildActionMask = 2147483647;
			files = (
			);
			runOnlyForDeploymentPostprocessing = 0;
		};
		52D6D9831BEFF229002C0205 /* Frameworks */ = {
			isa = PBXFrameworksBuildPhase;
			buildActionMask = 2147483647;
			files = (
				52D6D9871BEFF229002C0205 /* SwiftDate.framework in Frameworks */,
			);
			runOnlyForDeploymentPostprocessing = 0;
		};
		52D6D9DE1BEFFF6E002C0205 /* Frameworks */ = {
			isa = PBXFrameworksBuildPhase;
			buildActionMask = 2147483647;
			files = (
			);
			runOnlyForDeploymentPostprocessing = 0;
		};
		52D6D9EC1BEFFFBE002C0205 /* Frameworks */ = {
			isa = PBXFrameworksBuildPhase;
			buildActionMask = 2147483647;
			files = (
			);
			runOnlyForDeploymentPostprocessing = 0;
		};
		52D6DA0B1BF000BD002C0205 /* Frameworks */ = {
			isa = PBXFrameworksBuildPhase;
			buildActionMask = 2147483647;
			files = (
			);
			runOnlyForDeploymentPostprocessing = 0;
		};
		DD7502771C68FCFC006590AF /* Frameworks */ = {
			isa = PBXFrameworksBuildPhase;
			buildActionMask = 2147483647;
			files = (
				DD7502881C68FEDE006590AF /* SwiftDate.framework in Frameworks */,
			);
			runOnlyForDeploymentPostprocessing = 0;
		};
		DD75028A1C690C7A006590AF /* Frameworks */ = {
			isa = PBXFrameworksBuildPhase;
			buildActionMask = 2147483647;
			files = (
				DD7502921C690C7A006590AF /* SwiftDate.framework in Frameworks */,
			);
			runOnlyForDeploymentPostprocessing = 0;
		};
/* End PBXFrameworksBuildPhase section */

/* Begin PBXGroup section */
		375F8FCE1F0EC70C00ECC0FD /* TestApp */ = {
			isa = PBXGroup;
			children = (
				375F8FCF1F0EC70C00ECC0FD /* AppDelegate.swift */,
				375F8FD11F0EC70C00ECC0FD /* ViewController.swift */,
				375F8FD31F0EC70C00ECC0FD /* Main.storyboard */,
				375F8FD61F0EC70C00ECC0FD /* Assets.xcassets */,
				375F8FD81F0EC70C00ECC0FD /* LaunchScreen.storyboard */,
				375F8FDB1F0EC70C00ECC0FD /* Info.plist */,
			);
			path = TestApp;
			sourceTree = "<group>";
		};
		52D6D9721BEFF229002C0205 = {
			isa = PBXGroup;
			children = (
				8933C7811EB5B7E0000D00A4 /* Sources */,
				8933C7831EB5B7EB000D00A4 /* Tests */,
				52D6D99C1BEFF38C002C0205 /* Configs */,
				375F8FCE1F0EC70C00ECC0FD /* TestApp */,
				52D6D97D1BEFF229002C0205 /* Products */,
			);
			sourceTree = "<group>";
		};
		52D6D97D1BEFF229002C0205 /* Products */ = {
			isa = PBXGroup;
			children = (
				52D6D97C1BEFF229002C0205 /* SwiftDate.framework */,
				52D6D9861BEFF229002C0205 /* SwiftDate-iOS Tests.xctest */,
				52D6D9E21BEFFF6E002C0205 /* SwiftDate.framework */,
				52D6D9F01BEFFFBE002C0205 /* SwiftDate.framework */,
				52D6DA0F1BF000BD002C0205 /* SwiftDate.framework */,
				DD75027A1C68FCFC006590AF /* SwiftDate-macOS Tests.xctest */,
				DD75028D1C690C7A006590AF /* SwiftDate-tvOS Tests.xctest */,
				375F8FCD1F0EC70C00ECC0FD /* TestApp.app */,
			);
			name = Products;
			sourceTree = "<group>";
		};
		52D6D99C1BEFF38C002C0205 /* Configs */ = {
			isa = PBXGroup;
			children = (
				DD7502721C68FC1B006590AF /* Frameworks */,
				DD7502731C68FC20006590AF /* Tests */,
			);
			path = Configs;
			sourceTree = "<group>";
		};
		8933C7811EB5B7E0000D00A4 /* Sources */ = {
			isa = PBXGroup;
			children = (
				375F8FE41F0ECD1C00ECC0FD /* CalendarName.swift */,
				375F8FE51F0ECD1C00ECC0FD /* Commons.swift */,
				375F8FE61F0ECD1C00ECC0FD /* Date+Compare.swift */,
				375F8FE71F0ECD1C00ECC0FD /* Date+Components.swift */,
				375F8FE81F0ECD1C00ECC0FD /* Date+Formatter.swift */,
				375F8FE91F0ECD1C00ECC0FD /* Date+Math.swift */,
				375F8FEA1F0ECD1C00ECC0FD /* DateComponents+Extension.swift */,
				375F8FEB1F0ECD1C00ECC0FD /* DateInRegion.swift */,
				375F8FEC1F0ECD1C00ECC0FD /* DateInRegion+Compare.swift */,
				375F8FED1F0ECD1C00ECC0FD /* DateInRegion+Components.swift */,
				375F8FEE1F0ECD1C00ECC0FD /* DateInRegion+Formatter.swift */,
				375F8FEF1F0ECD1C00ECC0FD /* DateInRegion+Math.swift */,
				375F8FF11F0ECD1C00ECC0FD /* DateTimeInterval.swift */,
				375F8FF21F0ECD1C00ECC0FD /* DOTNETDateTimeFormatter.swift */,
				375F8FF31F0ECD1C00ECC0FD /* Extensions.swift */,
				375F8FF41F0ECD1C00ECC0FD /* ISO8601DateTimeFormatter.swift */,
				375F8FF51F0ECD1C00ECC0FD /* ISO8601Parser.swift */,
				375F8FF61F0ECD1C00ECC0FD /* LocaleName.swift */,
				375F8FF71F0ECD1C00ECC0FD /* Localization.swift */,
				375F8FF81F0ECD1C00ECC0FD /* Region.swift */,
				375F8FFA1F0ECD1C00ECC0FD /* TimeInterval+Extensions.swift */,
				375F8FFB1F0ECD1C00ECC0FD /* TimeZoneName.swift */,
				646E53EE1FB6335600939895 /* ColloquialDateFormatter.swift */,
				643D15BF1FC370430097A3BB /* OldDateInRegionFormatter.swift */,
				375F8FF91F0ECD1C00ECC0FD /* SwiftDate.bundle */,
			);
			path = Sources;
			sourceTree = "<group>";
		};
		8933C7831EB5B7EB000D00A4 /* Tests */ = {
			isa = PBXGroup;
			children = (
				376525731F074FAB006F919E /* TestDateInRegion.swift */,
				376525751F074FAB006F919E /* TestDateInRegion+Compare.swift */,
				376525761F074FAB006F919E /* TestDateInRegion+Components.swift */,
				376525741F074FAB006F919E /* TestDateInRegion+Formatter.swift */,
			);
			name = Tests;
			path = Tests/SwiftDateTests;
			sourceTree = "<group>";
		};
		DD7502721C68FC1B006590AF /* Frameworks */ = {
			isa = PBXGroup;
			children = (
				AD2FAA261CD0B6D800659CF4 /* SwiftDate.plist */,
			);
			name = Frameworks;
			sourceTree = "<group>";
		};
		DD7502731C68FC20006590AF /* Tests */ = {
			isa = PBXGroup;
			children = (
				AD2FAA281CD0B6E100659CF4 /* SwiftDateTests.plist */,
			);
			name = Tests;
			sourceTree = "<group>";
		};
/* End PBXGroup section */

/* Begin PBXHeadersBuildPhase section */
		52D6D9791BEFF229002C0205 /* Headers */ = {
			isa = PBXHeadersBuildPhase;
			buildActionMask = 2147483647;
			files = (
			);
			runOnlyForDeploymentPostprocessing = 0;
		};
		52D6D9DF1BEFFF6E002C0205 /* Headers */ = {
			isa = PBXHeadersBuildPhase;
			buildActionMask = 2147483647;
			files = (
			);
			runOnlyForDeploymentPostprocessing = 0;
		};
		52D6D9ED1BEFFFBE002C0205 /* Headers */ = {
			isa = PBXHeadersBuildPhase;
			buildActionMask = 2147483647;
			files = (
			);
			runOnlyForDeploymentPostprocessing = 0;
		};
		52D6DA0C1BF000BD002C0205 /* Headers */ = {
			isa = PBXHeadersBuildPhase;
			buildActionMask = 2147483647;
			files = (
			);
			runOnlyForDeploymentPostprocessing = 0;
		};
/* End PBXHeadersBuildPhase section */

/* Begin PBXNativeTarget section */
		375F8FCC1F0EC70C00ECC0FD /* TestApp */ = {
			isa = PBXNativeTarget;
			buildConfigurationList = 375F8FDC1F0EC70C00ECC0FD /* Build configuration list for PBXNativeTarget "TestApp" */;
			buildPhases = (
				375F8FC91F0EC70C00ECC0FD /* Sources */,
				375F8FCA1F0EC70C00ECC0FD /* Frameworks */,
				375F8FCB1F0EC70C00ECC0FD /* Resources */,
				375F8FE21F0EC71A00ECC0FD /* CopyFiles */,
			);
			buildRules = (
			);
			dependencies = (
				375F8FE01F0EC71400ECC0FD /* PBXTargetDependency */,
			);
			name = TestApp;
			productName = TestApp;
			productReference = 375F8FCD1F0EC70C00ECC0FD /* TestApp.app */;
			productType = "com.apple.product-type.application";
		};
		52D6D97B1BEFF229002C0205 /* SwiftDate-iOS */ = {
			isa = PBXNativeTarget;
			buildConfigurationList = 52D6D9901BEFF229002C0205 /* Build configuration list for PBXNativeTarget "SwiftDate-iOS" */;
			buildPhases = (
				52D6D9771BEFF229002C0205 /* Sources */,
				52D6D9781BEFF229002C0205 /* Frameworks */,
				52D6D9791BEFF229002C0205 /* Headers */,
				52D6D97A1BEFF229002C0205 /* Resources */,
			);
			buildRules = (
			);
			dependencies = (
			);
			name = "SwiftDate-iOS";
			productName = SwiftDate;
			productReference = 52D6D97C1BEFF229002C0205 /* SwiftDate.framework */;
			productType = "com.apple.product-type.framework";
		};
		52D6D9851BEFF229002C0205 /* SwiftDate-iOS Tests */ = {
			isa = PBXNativeTarget;
			buildConfigurationList = 52D6D9931BEFF229002C0205 /* Build configuration list for PBXNativeTarget "SwiftDate-iOS Tests" */;
			buildPhases = (
				52D6D9821BEFF229002C0205 /* Sources */,
				52D6D9831BEFF229002C0205 /* Frameworks */,
				52D6D9841BEFF229002C0205 /* Resources */,
			);
			buildRules = (
			);
			dependencies = (
				52D6D9891BEFF229002C0205 /* PBXTargetDependency */,
			);
			name = "SwiftDate-iOS Tests";
			productName = SwiftDateTests;
			productReference = 52D6D9861BEFF229002C0205 /* SwiftDate-iOS Tests.xctest */;
			productType = "com.apple.product-type.bundle.unit-test";
		};
		52D6D9E11BEFFF6E002C0205 /* SwiftDate-watchOS */ = {
			isa = PBXNativeTarget;
			buildConfigurationList = 52D6D9E71BEFFF6E002C0205 /* Build configuration list for PBXNativeTarget "SwiftDate-watchOS" */;
			buildPhases = (
				52D6D9DD1BEFFF6E002C0205 /* Sources */,
				52D6D9DE1BEFFF6E002C0205 /* Frameworks */,
				52D6D9DF1BEFFF6E002C0205 /* Headers */,
				52D6D9E01BEFFF6E002C0205 /* Resources */,
			);
			buildRules = (
			);
			dependencies = (
			);
			name = "SwiftDate-watchOS";
			productName = "SwiftDate-watchOS";
			productReference = 52D6D9E21BEFFF6E002C0205 /* SwiftDate.framework */;
			productType = "com.apple.product-type.framework";
		};
		52D6D9EF1BEFFFBE002C0205 /* SwiftDate-tvOS */ = {
			isa = PBXNativeTarget;
			buildConfigurationList = 52D6DA011BEFFFBE002C0205 /* Build configuration list for PBXNativeTarget "SwiftDate-tvOS" */;
			buildPhases = (
				52D6D9EB1BEFFFBE002C0205 /* Sources */,
				52D6D9EC1BEFFFBE002C0205 /* Frameworks */,
				52D6D9ED1BEFFFBE002C0205 /* Headers */,
				52D6D9EE1BEFFFBE002C0205 /* Resources */,
			);
			buildRules = (
			);
			dependencies = (
			);
			name = "SwiftDate-tvOS";
			productName = "SwiftDate-tvOS";
			productReference = 52D6D9F01BEFFFBE002C0205 /* SwiftDate.framework */;
			productType = "com.apple.product-type.framework";
		};
		52D6DA0E1BF000BD002C0205 /* SwiftDate-macOS */ = {
			isa = PBXNativeTarget;
			buildConfigurationList = 52D6DA201BF000BD002C0205 /* Build configuration list for PBXNativeTarget "SwiftDate-macOS" */;
			buildPhases = (
				52D6DA0A1BF000BD002C0205 /* Sources */,
				52D6DA0B1BF000BD002C0205 /* Frameworks */,
				52D6DA0C1BF000BD002C0205 /* Headers */,
				52D6DA0D1BF000BD002C0205 /* Resources */,
			);
			buildRules = (
			);
			dependencies = (
			);
			name = "SwiftDate-macOS";
			productName = "SwiftDate-macOS";
			productReference = 52D6DA0F1BF000BD002C0205 /* SwiftDate.framework */;
			productType = "com.apple.product-type.framework";
		};
		DD7502791C68FCFC006590AF /* SwiftDate-macOS Tests */ = {
			isa = PBXNativeTarget;
			buildConfigurationList = DD7502821C68FCFC006590AF /* Build configuration list for PBXNativeTarget "SwiftDate-macOS Tests" */;
			buildPhases = (
				DD7502761C68FCFC006590AF /* Sources */,
				DD7502771C68FCFC006590AF /* Frameworks */,
				DD7502781C68FCFC006590AF /* Resources */,
			);
			buildRules = (
			);
			dependencies = (
				DD7502811C68FCFC006590AF /* PBXTargetDependency */,
			);
			name = "SwiftDate-macOS Tests";
			productName = "SwiftDate-OS Tests";
			productReference = DD75027A1C68FCFC006590AF /* SwiftDate-macOS Tests.xctest */;
			productType = "com.apple.product-type.bundle.unit-test";
		};
		DD75028C1C690C7A006590AF /* SwiftDate-tvOS Tests */ = {
			isa = PBXNativeTarget;
			buildConfigurationList = DD7502951C690C7A006590AF /* Build configuration list for PBXNativeTarget "SwiftDate-tvOS Tests" */;
			buildPhases = (
				DD7502891C690C7A006590AF /* Sources */,
				DD75028A1C690C7A006590AF /* Frameworks */,
				DD75028B1C690C7A006590AF /* Resources */,
			);
			buildRules = (
			);
			dependencies = (
				DD7502941C690C7A006590AF /* PBXTargetDependency */,
			);
			name = "SwiftDate-tvOS Tests";
			productName = "SwiftDate-tvOS Tests";
			productReference = DD75028D1C690C7A006590AF /* SwiftDate-tvOS Tests.xctest */;
			productType = "com.apple.product-type.bundle.unit-test";
		};
/* End PBXNativeTarget section */

/* Begin PBXProject section */
		52D6D9731BEFF229002C0205 /* Project object */ = {
			isa = PBXProject;
			attributes = {
				LastSwiftUpdateCheck = 0830;
				LastUpgradeCheck = 0900;
				ORGANIZATIONNAME = SwiftDate;
				TargetAttributes = {
					375F8FCC1F0EC70C00ECC0FD = {
						CreatedOnToolsVersion = 8.3.3;
						DevelopmentTeam = E5DU3FA699;
						ProvisioningStyle = Automatic;
					};
					52D6D97B1BEFF229002C0205 = {
						CreatedOnToolsVersion = 7.1;
						LastSwiftMigration = 0830;
					};
					52D6D9851BEFF229002C0205 = {
						CreatedOnToolsVersion = 7.1;
						LastSwiftMigration = 0800;
					};
					52D6D9E11BEFFF6E002C0205 = {
						CreatedOnToolsVersion = 7.1;
						LastSwiftMigration = 0830;
					};
					52D6D9EF1BEFFFBE002C0205 = {
						CreatedOnToolsVersion = 7.1;
						LastSwiftMigration = 0830;
					};
					52D6DA0E1BF000BD002C0205 = {
						CreatedOnToolsVersion = 7.1;
						LastSwiftMigration = 0830;
					};
					DD7502791C68FCFC006590AF = {
						CreatedOnToolsVersion = 7.2.1;
						LastSwiftMigration = 0800;
					};
					DD75028C1C690C7A006590AF = {
						CreatedOnToolsVersion = 7.2.1;
						LastSwiftMigration = 0800;
					};
				};
			};
			buildConfigurationList = 52D6D9761BEFF229002C0205 /* Build configuration list for PBXProject "SwiftDate" */;
			compatibilityVersion = "Xcode 6.3";
			developmentRegion = English;
			hasScannedForEncodings = 0;
			knownRegions = (
				en,
				Base,
			);
			mainGroup = 52D6D9721BEFF229002C0205;
			productRefGroup = 52D6D97D1BEFF229002C0205 /* Products */;
			projectDirPath = "";
			projectRoot = "";
			targets = (
				52D6D97B1BEFF229002C0205 /* SwiftDate-iOS */,
				52D6DA0E1BF000BD002C0205 /* SwiftDate-macOS */,
				52D6D9E11BEFFF6E002C0205 /* SwiftDate-watchOS */,
				52D6D9EF1BEFFFBE002C0205 /* SwiftDate-tvOS */,
				52D6D9851BEFF229002C0205 /* SwiftDate-iOS Tests */,
				DD7502791C68FCFC006590AF /* SwiftDate-macOS Tests */,
				DD75028C1C690C7A006590AF /* SwiftDate-tvOS Tests */,
				375F8FCC1F0EC70C00ECC0FD /* TestApp */,
			);
		};
/* End PBXProject section */

/* Begin PBXResourcesBuildPhase section */
		375F8FCB1F0EC70C00ECC0FD /* Resources */ = {
			isa = PBXResourcesBuildPhase;
			buildActionMask = 2147483647;
			files = (
				375F8FDA1F0EC70C00ECC0FD /* LaunchScreen.storyboard in Resources */,
				375F8FD71F0EC70C00ECC0FD /* Assets.xcassets in Resources */,
				375F8FD51F0EC70C00ECC0FD /* Main.storyboard in Resources */,
			);
			runOnlyForDeploymentPostprocessing = 0;
		};
		52D6D97A1BEFF229002C0205 /* Resources */ = {
			isa = PBXResourcesBuildPhase;
			buildActionMask = 2147483647;
			files = (
				375F90501F0ECD1D00ECC0FD /* SwiftDate.bundle in Resources */,
			);
			runOnlyForDeploymentPostprocessing = 0;
		};
		52D6D9841BEFF229002C0205 /* Resources */ = {
			isa = PBXResourcesBuildPhase;
			buildActionMask = 2147483647;
			files = (
			);
			runOnlyForDeploymentPostprocessing = 0;
		};
		52D6D9E01BEFFF6E002C0205 /* Resources */ = {
			isa = PBXResourcesBuildPhase;
			buildActionMask = 2147483647;
			files = (
				375F90521F0ECD1D00ECC0FD /* SwiftDate.bundle in Resources */,
			);
			runOnlyForDeploymentPostprocessing = 0;
		};
		52D6D9EE1BEFFFBE002C0205 /* Resources */ = {
			isa = PBXResourcesBuildPhase;
			buildActionMask = 2147483647;
			files = (
				375F90531F0ECD1D00ECC0FD /* SwiftDate.bundle in Resources */,
			);
			runOnlyForDeploymentPostprocessing = 0;
		};
		52D6DA0D1BF000BD002C0205 /* Resources */ = {
			isa = PBXResourcesBuildPhase;
			buildActionMask = 2147483647;
			files = (
				375F90511F0ECD1D00ECC0FD /* SwiftDate.bundle in Resources */,
			);
			runOnlyForDeploymentPostprocessing = 0;
		};
		DD7502781C68FCFC006590AF /* Resources */ = {
			isa = PBXResourcesBuildPhase;
			buildActionMask = 2147483647;
			files = (
			);
			runOnlyForDeploymentPostprocessing = 0;
		};
		DD75028B1C690C7A006590AF /* Resources */ = {
			isa = PBXResourcesBuildPhase;
			buildActionMask = 2147483647;
			files = (
			);
			runOnlyForDeploymentPostprocessing = 0;
		};
/* End PBXResourcesBuildPhase section */

/* Begin PBXSourcesBuildPhase section */
		375F8FC91F0EC70C00ECC0FD /* Sources */ = {
			isa = PBXSourcesBuildPhase;
			buildActionMask = 2147483647;
			files = (
				375F8FD21F0EC70C00ECC0FD /* ViewController.swift in Sources */,
				375F8FD01F0EC70C00ECC0FD /* AppDelegate.swift in Sources */,
			);
			runOnlyForDeploymentPostprocessing = 0;
		};
		52D6D9771BEFF229002C0205 /* Sources */ = {
			isa = PBXSourcesBuildPhase;
			buildActionMask = 2147483647;
			files = (
				375F90281F0ECD1C00ECC0FD /* DateInRegion+Math.swift in Sources */,
				375F90241F0ECD1C00ECC0FD /* DateInRegion+Formatter.swift in Sources */,
				375F900C1F0ECD1C00ECC0FD /* Date+Formatter.swift in Sources */,
				375F90341F0ECD1C00ECC0FD /* DOTNETDateTimeFormatter.swift in Sources */,
				375F90001F0ECD1C00ECC0FD /* Commons.swift in Sources */,
				643D15C01FC370430097A3BB /* OldDateInRegionFormatter.swift in Sources */,
				375F8FFC1F0ECD1C00ECC0FD /* CalendarName.swift in Sources */,
				375F90481F0ECD1D00ECC0FD /* Localization.swift in Sources */,
				375F90541F0ECD1D00ECC0FD /* TimeInterval+Extensions.swift in Sources */,
				375F90041F0ECD1C00ECC0FD /* Date+Compare.swift in Sources */,
				375F901C1F0ECD1C00ECC0FD /* DateInRegion+Compare.swift in Sources */,
				375F90081F0ECD1C00ECC0FD /* Date+Components.swift in Sources */,
				375F90201F0ECD1C00ECC0FD /* DateInRegion+Components.swift in Sources */,
				375F90381F0ECD1D00ECC0FD /* Extensions.swift in Sources */,
				375F90101F0ECD1C00ECC0FD /* Date+Math.swift in Sources */,
				375F90581F0ECD1D00ECC0FD /* TimeZoneName.swift in Sources */,
				375F90401F0ECD1D00ECC0FD /* ISO8601Parser.swift in Sources */,
				375F90441F0ECD1D00ECC0FD /* LocaleName.swift in Sources */,
				646E53EF1FB6335600939895 /* ColloquialDateFormatter.swift in Sources */,
				375F903C1F0ECD1D00ECC0FD /* ISO8601DateTimeFormatter.swift in Sources */,
				375F90301F0ECD1C00ECC0FD /* DateTimeInterval.swift in Sources */,
				375F904C1F0ECD1D00ECC0FD /* Region.swift in Sources */,
				375F90181F0ECD1C00ECC0FD /* DateInRegion.swift in Sources */,
				375F90141F0ECD1C00ECC0FD /* DateComponents+Extension.swift in Sources */,
			);
			runOnlyForDeploymentPostprocessing = 0;
		};
		52D6D9821BEFF229002C0205 /* Sources */ = {
			isa = PBXSourcesBuildPhase;
			buildActionMask = 2147483647;
			files = (
				376525801F074FB0006F919E /* TestDateInRegion+Compare.swift in Sources */,
				3765257F1F074FB0006F919E /* TestDateInRegion.swift in Sources */,
				376525821F074FB0006F919E /* TestDateInRegion+Formatter.swift in Sources */,
				376525811F074FB0006F919E /* TestDateInRegion+Components.swift in Sources */,
			);
			runOnlyForDeploymentPostprocessing = 0;
		};
		52D6D9DD1BEFFF6E002C0205 /* Sources */ = {
			isa = PBXSourcesBuildPhase;
			buildActionMask = 2147483647;
			files = (
				375F902A1F0ECD1C00ECC0FD /* DateInRegion+Math.swift in Sources */,
				375F90261F0ECD1C00ECC0FD /* DateInRegion+Formatter.swift in Sources */,
				375F900E1F0ECD1C00ECC0FD /* Date+Formatter.swift in Sources */,
				375F90361F0ECD1D00ECC0FD /* DOTNETDateTimeFormatter.swift in Sources */,
				375F90021F0ECD1C00ECC0FD /* Commons.swift in Sources */,
				643D15C21FC370430097A3BB /* OldDateInRegionFormatter.swift in Sources */,
				375F8FFE1F0ECD1C00ECC0FD /* CalendarName.swift in Sources */,
				375F904A1F0ECD1D00ECC0FD /* Localization.swift in Sources */,
				375F90561F0ECD1D00ECC0FD /* TimeInterval+Extensions.swift in Sources */,
				375F90061F0ECD1C00ECC0FD /* Date+Compare.swift in Sources */,
				375F901E1F0ECD1C00ECC0FD /* DateInRegion+Compare.swift in Sources */,
				375F900A1F0ECD1C00ECC0FD /* Date+Components.swift in Sources */,
				375F90221F0ECD1C00ECC0FD /* DateInRegion+Components.swift in Sources */,
				375F903A1F0ECD1D00ECC0FD /* Extensions.swift in Sources */,
				375F90121F0ECD1C00ECC0FD /* Date+Math.swift in Sources */,
				375F905A1F0ECD1D00ECC0FD /* TimeZoneName.swift in Sources */,
				375F90421F0ECD1D00ECC0FD /* ISO8601Parser.swift in Sources */,
				375F90461F0ECD1D00ECC0FD /* LocaleName.swift in Sources */,
				646E53F11FB6335600939895 /* ColloquialDateFormatter.swift in Sources */,
				375F903E1F0ECD1D00ECC0FD /* ISO8601DateTimeFormatter.swift in Sources */,
				375F90321F0ECD1C00ECC0FD /* DateTimeInterval.swift in Sources */,
				375F904E1F0ECD1D00ECC0FD /* Region.swift in Sources */,
				375F901A1F0ECD1C00ECC0FD /* DateInRegion.swift in Sources */,
				375F90161F0ECD1C00ECC0FD /* DateComponents+Extension.swift in Sources */,
			);
			runOnlyForDeploymentPostprocessing = 0;
		};
		52D6D9EB1BEFFFBE002C0205 /* Sources */ = {
			isa = PBXSourcesBuildPhase;
			buildActionMask = 2147483647;
			files = (
				375F902B1F0ECD1C00ECC0FD /* DateInRegion+Math.swift in Sources */,
				375F90271F0ECD1C00ECC0FD /* DateInRegion+Formatter.swift in Sources */,
				375F900F1F0ECD1C00ECC0FD /* Date+Formatter.swift in Sources */,
				375F90371F0ECD1D00ECC0FD /* DOTNETDateTimeFormatter.swift in Sources */,
				375F90031F0ECD1C00ECC0FD /* Commons.swift in Sources */,
				643D15C31FC370430097A3BB /* OldDateInRegionFormatter.swift in Sources */,
				375F8FFF1F0ECD1C00ECC0FD /* CalendarName.swift in Sources */,
				375F904B1F0ECD1D00ECC0FD /* Localization.swift in Sources */,
				375F90571F0ECD1D00ECC0FD /* TimeInterval+Extensions.swift in Sources */,
				375F90071F0ECD1C00ECC0FD /* Date+Compare.swift in Sources */,
				375F901F1F0ECD1C00ECC0FD /* DateInRegion+Compare.swift in Sources */,
				375F900B1F0ECD1C00ECC0FD /* Date+Components.swift in Sources */,
				375F90231F0ECD1C00ECC0FD /* DateInRegion+Components.swift in Sources */,
				375F903B1F0ECD1D00ECC0FD /* Extensions.swift in Sources */,
				375F90131F0ECD1C00ECC0FD /* Date+Math.swift in Sources */,
				375F905B1F0ECD1D00ECC0FD /* TimeZoneName.swift in Sources */,
				375F90431F0ECD1D00ECC0FD /* ISO8601Parser.swift in Sources */,
				375F90471F0ECD1D00ECC0FD /* LocaleName.swift in Sources */,
				646E53F21FB6335600939895 /* ColloquialDateFormatter.swift in Sources */,
				375F903F1F0ECD1D00ECC0FD /* ISO8601DateTimeFormatter.swift in Sources */,
				375F90331F0ECD1C00ECC0FD /* DateTimeInterval.swift in Sources */,
				375F904F1F0ECD1D00ECC0FD /* Region.swift in Sources */,
				375F901B1F0ECD1C00ECC0FD /* DateInRegion.swift in Sources */,
				375F90171F0ECD1C00ECC0FD /* DateComponents+Extension.swift in Sources */,
			);
			runOnlyForDeploymentPostprocessing = 0;
		};
		52D6DA0A1BF000BD002C0205 /* Sources */ = {
			isa = PBXSourcesBuildPhase;
			buildActionMask = 2147483647;
			files = (
				375F90291F0ECD1C00ECC0FD /* DateInRegion+Math.swift in Sources */,
				375F90251F0ECD1C00ECC0FD /* DateInRegion+Formatter.swift in Sources */,
				375F900D1F0ECD1C00ECC0FD /* Date+Formatter.swift in Sources */,
				375F90351F0ECD1C00ECC0FD /* DOTNETDateTimeFormatter.swift in Sources */,
				375F90011F0ECD1C00ECC0FD /* Commons.swift in Sources */,
				643D15C11FC370430097A3BB /* OldDateInRegionFormatter.swift in Sources */,
				375F8FFD1F0ECD1C00ECC0FD /* CalendarName.swift in Sources */,
				375F90491F0ECD1D00ECC0FD /* Localization.swift in Sources */,
				375F90551F0ECD1D00ECC0FD /* TimeInterval+Extensions.swift in Sources */,
				375F90051F0ECD1C00ECC0FD /* Date+Compare.swift in Sources */,
				375F901D1F0ECD1C00ECC0FD /* DateInRegion+Compare.swift in Sources */,
				375F90091F0ECD1C00ECC0FD /* Date+Components.swift in Sources */,
				375F90211F0ECD1C00ECC0FD /* DateInRegion+Components.swift in Sources */,
				375F90391F0ECD1D00ECC0FD /* Extensions.swift in Sources */,
				375F90111F0ECD1C00ECC0FD /* Date+Math.swift in Sources */,
				375F90591F0ECD1D00ECC0FD /* TimeZoneName.swift in Sources */,
				375F90411F0ECD1D00ECC0FD /* ISO8601Parser.swift in Sources */,
				375F90451F0ECD1D00ECC0FD /* LocaleName.swift in Sources */,
				646E53F01FB6335600939895 /* ColloquialDateFormatter.swift in Sources */,
				375F903D1F0ECD1D00ECC0FD /* ISO8601DateTimeFormatter.swift in Sources */,
				375F90311F0ECD1C00ECC0FD /* DateTimeInterval.swift in Sources */,
				375F904D1F0ECD1D00ECC0FD /* Region.swift in Sources */,
				375F90191F0ECD1C00ECC0FD /* DateInRegion.swift in Sources */,
				375F90151F0ECD1C00ECC0FD /* DateComponents+Extension.swift in Sources */,
			);
			runOnlyForDeploymentPostprocessing = 0;
		};
		DD7502761C68FCFC006590AF /* Sources */ = {
			isa = PBXSourcesBuildPhase;
			buildActionMask = 2147483647;
			files = (
				3765257C1F074FB0006F919E /* TestDateInRegion+Compare.swift in Sources */,
				3765257B1F074FB0006F919E /* TestDateInRegion.swift in Sources */,
				3765257E1F074FB0006F919E /* TestDateInRegion+Formatter.swift in Sources */,
				3765257D1F074FB0006F919E /* TestDateInRegion+Components.swift in Sources */,
			);
			runOnlyForDeploymentPostprocessing = 0;
		};
		DD7502891C690C7A006590AF /* Sources */ = {
			isa = PBXSourcesBuildPhase;
			buildActionMask = 2147483647;
			files = (
				376525781F074FB0006F919E /* TestDateInRegion+Compare.swift in Sources */,
				376525771F074FB0006F919E /* TestDateInRegion.swift in Sources */,
				3765257A1F074FB0006F919E /* TestDateInRegion+Formatter.swift in Sources */,
				376525791F074FB0006F919E /* TestDateInRegion+Components.swift in Sources */,
			);
			runOnlyForDeploymentPostprocessing = 0;
		};
/* End PBXSourcesBuildPhase section */

/* Begin PBXTargetDependency section */
		375F8FE01F0EC71400ECC0FD /* PBXTargetDependency */ = {
			isa = PBXTargetDependency;
			target = 52D6D97B1BEFF229002C0205 /* SwiftDate-iOS */;
			targetProxy = 375F8FDF1F0EC71400ECC0FD /* PBXContainerItemProxy */;
		};
		52D6D9891BEFF229002C0205 /* PBXTargetDependency */ = {
			isa = PBXTargetDependency;
			target = 52D6D97B1BEFF229002C0205 /* SwiftDate-iOS */;
			targetProxy = 52D6D9881BEFF229002C0205 /* PBXContainerItemProxy */;
		};
		DD7502811C68FCFC006590AF /* PBXTargetDependency */ = {
			isa = PBXTargetDependency;
			target = 52D6DA0E1BF000BD002C0205 /* SwiftDate-macOS */;
			targetProxy = DD7502801C68FCFC006590AF /* PBXContainerItemProxy */;
		};
		DD7502941C690C7A006590AF /* PBXTargetDependency */ = {
			isa = PBXTargetDependency;
			target = 52D6D9EF1BEFFFBE002C0205 /* SwiftDate-tvOS */;
			targetProxy = DD7502931C690C7A006590AF /* PBXContainerItemProxy */;
		};
/* End PBXTargetDependency section */

/* Begin PBXVariantGroup section */
		375F8FD31F0EC70C00ECC0FD /* Main.storyboard */ = {
			isa = PBXVariantGroup;
			children = (
				375F8FD41F0EC70C00ECC0FD /* Base */,
			);
			name = Main.storyboard;
			sourceTree = "<group>";
		};
		375F8FD81F0EC70C00ECC0FD /* LaunchScreen.storyboard */ = {
			isa = PBXVariantGroup;
			children = (
				375F8FD91F0EC70C00ECC0FD /* Base */,
			);
			name = LaunchScreen.storyboard;
			sourceTree = "<group>";
		};
/* End PBXVariantGroup section */

/* Begin XCBuildConfiguration section */
		375F8FDD1F0EC70C00ECC0FD /* Debug */ = {
			isa = XCBuildConfiguration;
			buildSettings = {
				ALWAYS_EMBED_SWIFT_STANDARD_LIBRARIES = YES;
				ASSETCATALOG_COMPILER_APPICON_NAME = AppIcon;
				CLANG_ANALYZER_NONNULL = YES;
				CLANG_ANALYZER_NUMBER_OBJECT_CONVERSION = YES_AGGRESSIVE;
				CLANG_WARN_DOCUMENTATION_COMMENTS = YES;
				DEVELOPMENT_TEAM = E5DU3FA699;
				INFOPLIST_FILE = TestApp/Info.plist;
				IPHONEOS_DEPLOYMENT_TARGET = 10.3;
				LD_RUNPATH_SEARCH_PATHS = "$(inherited) @executable_path/Frameworks";
				PRODUCT_BUNDLE_IDENTIFIER = com.danielemargutti.TestApp;
				PRODUCT_NAME = "$(TARGET_NAME)";
				SWIFT_ACTIVE_COMPILATION_CONDITIONS = DEBUG;
				SWIFT_VERSION = 4.0;
			};
			name = Debug;
		};
		375F8FDE1F0EC70C00ECC0FD /* Release */ = {
			isa = XCBuildConfiguration;
			buildSettings = {
				ALWAYS_EMBED_SWIFT_STANDARD_LIBRARIES = YES;
				ASSETCATALOG_COMPILER_APPICON_NAME = AppIcon;
				CLANG_ANALYZER_NONNULL = YES;
				CLANG_ANALYZER_NUMBER_OBJECT_CONVERSION = YES_AGGRESSIVE;
				CLANG_WARN_DOCUMENTATION_COMMENTS = YES;
				DEVELOPMENT_TEAM = E5DU3FA699;
				INFOPLIST_FILE = TestApp/Info.plist;
				IPHONEOS_DEPLOYMENT_TARGET = 10.3;
				LD_RUNPATH_SEARCH_PATHS = "$(inherited) @executable_path/Frameworks";
				PRODUCT_BUNDLE_IDENTIFIER = com.danielemargutti.TestApp;
				PRODUCT_NAME = "$(TARGET_NAME)";
				SWIFT_OPTIMIZATION_LEVEL = "-Owholemodule";
				SWIFT_VERSION = 4.0;
			};
			name = Release;
		};
		52D6D98E1BEFF229002C0205 /* Debug */ = {
			isa = XCBuildConfiguration;
			buildSettings = {
				ALWAYS_SEARCH_USER_PATHS = NO;
				CLANG_CXX_LANGUAGE_STANDARD = "gnu++0x";
				CLANG_CXX_LIBRARY = "libc++";
				CLANG_ENABLE_CODE_COVERAGE = NO;
				CLANG_ENABLE_MODULES = YES;
				CLANG_ENABLE_OBJC_ARC = YES;
				CLANG_WARN_BLOCK_CAPTURE_AUTORELEASING = YES;
				CLANG_WARN_BOOL_CONVERSION = YES;
				CLANG_WARN_COMMA = YES;
				CLANG_WARN_CONSTANT_CONVERSION = YES;
				CLANG_WARN_DIRECT_OBJC_ISA_USAGE = YES_ERROR;
				CLANG_WARN_EMPTY_BODY = YES;
				CLANG_WARN_ENUM_CONVERSION = YES;
				CLANG_WARN_INFINITE_RECURSION = YES;
				CLANG_WARN_INT_CONVERSION = YES;
				CLANG_WARN_NON_LITERAL_NULL_CONVERSION = YES;
				CLANG_WARN_OBJC_LITERAL_CONVERSION = YES;
				CLANG_WARN_OBJC_ROOT_CLASS = YES_ERROR;
				CLANG_WARN_RANGE_LOOP_ANALYSIS = YES;
				CLANG_WARN_STRICT_PROTOTYPES = YES;
				CLANG_WARN_SUSPICIOUS_MOVE = YES;
				CLANG_WARN_UNREACHABLE_CODE = YES;
				CLANG_WARN__DUPLICATE_METHOD_MATCH = YES;
				"CODE_SIGN_IDENTITY[sdk=iphoneos*]" = "iPhone Developer";
				COPY_PHASE_STRIP = NO;
				CURRENT_PROJECT_VERSION = 7;
				DEBUG_INFORMATION_FORMAT = dwarf;
				ENABLE_STRICT_OBJC_MSGSEND = YES;
				ENABLE_TESTABILITY = YES;
				GCC_C_LANGUAGE_STANDARD = gnu99;
				GCC_DYNAMIC_NO_PIC = NO;
				GCC_NO_COMMON_BLOCKS = YES;
				GCC_OPTIMIZATION_LEVEL = 0;
				GCC_PREPROCESSOR_DEFINITIONS = (
					"DEBUG=1",
					"$(inherited)",
				);
				GCC_WARN_64_TO_32_BIT_CONVERSION = YES;
				GCC_WARN_ABOUT_RETURN_TYPE = YES_ERROR;
				GCC_WARN_UNDECLARED_SELECTOR = YES;
				GCC_WARN_UNINITIALIZED_AUTOS = YES_AGGRESSIVE;
				GCC_WARN_UNUSED_FUNCTION = YES;
				GCC_WARN_UNUSED_VARIABLE = YES;
				IPHONEOS_DEPLOYMENT_TARGET = 8.0;
				MTL_ENABLE_DEBUG_INFO = YES;
				ONLY_ACTIVE_ARCH = YES;
				SDKROOT = iphoneos;
				SWIFT_OPTIMIZATION_LEVEL = "-Onone";
				SWIFT_VERSION = 4.0;
				TARGETED_DEVICE_FAMILY = "1,2";
				VERSIONING_SYSTEM = "apple-generic";
				VERSION_INFO_PREFIX = "";
			};
			name = Debug;
		};
		52D6D98F1BEFF229002C0205 /* Release */ = {
			isa = XCBuildConfiguration;
			buildSettings = {
				ALWAYS_SEARCH_USER_PATHS = NO;
				CLANG_CXX_LANGUAGE_STANDARD = "gnu++0x";
				CLANG_CXX_LIBRARY = "libc++";
				CLANG_ENABLE_CODE_COVERAGE = NO;
				CLANG_ENABLE_MODULES = YES;
				CLANG_ENABLE_OBJC_ARC = YES;
				CLANG_WARN_BLOCK_CAPTURE_AUTORELEASING = YES;
				CLANG_WARN_BOOL_CONVERSION = YES;
				CLANG_WARN_COMMA = YES;
				CLANG_WARN_CONSTANT_CONVERSION = YES;
				CLANG_WARN_DIRECT_OBJC_ISA_USAGE = YES_ERROR;
				CLANG_WARN_EMPTY_BODY = YES;
				CLANG_WARN_ENUM_CONVERSION = YES;
				CLANG_WARN_INFINITE_RECURSION = YES;
				CLANG_WARN_INT_CONVERSION = YES;
				CLANG_WARN_NON_LITERAL_NULL_CONVERSION = YES;
				CLANG_WARN_OBJC_LITERAL_CONVERSION = YES;
				CLANG_WARN_OBJC_ROOT_CLASS = YES_ERROR;
				CLANG_WARN_RANGE_LOOP_ANALYSIS = YES;
				CLANG_WARN_STRICT_PROTOTYPES = YES;
				CLANG_WARN_SUSPICIOUS_MOVE = YES;
				CLANG_WARN_UNREACHABLE_CODE = YES;
				CLANG_WARN__DUPLICATE_METHOD_MATCH = YES;
				"CODE_SIGN_IDENTITY[sdk=iphoneos*]" = "iPhone Developer";
				COPY_PHASE_STRIP = NO;
				CURRENT_PROJECT_VERSION = 7;
				DEBUG_INFORMATION_FORMAT = "dwarf-with-dsym";
				ENABLE_NS_ASSERTIONS = NO;
				ENABLE_STRICT_OBJC_MSGSEND = YES;
				GCC_C_LANGUAGE_STANDARD = gnu99;
				GCC_NO_COMMON_BLOCKS = YES;
				GCC_WARN_64_TO_32_BIT_CONVERSION = YES;
				GCC_WARN_ABOUT_RETURN_TYPE = YES_ERROR;
				GCC_WARN_UNDECLARED_SELECTOR = YES;
				GCC_WARN_UNINITIALIZED_AUTOS = YES_AGGRESSIVE;
				GCC_WARN_UNUSED_FUNCTION = YES;
				GCC_WARN_UNUSED_VARIABLE = YES;
				IPHONEOS_DEPLOYMENT_TARGET = 8.0;
				MTL_ENABLE_DEBUG_INFO = NO;
				SDKROOT = iphoneos;
				SWIFT_VERSION = 4.0;
				TARGETED_DEVICE_FAMILY = "1,2";
				VALIDATE_PRODUCT = YES;
				VERSIONING_SYSTEM = "apple-generic";
				VERSION_INFO_PREFIX = "";
			};
			name = Release;
		};
		52D6D9911BEFF229002C0205 /* Debug */ = {
			isa = XCBuildConfiguration;
			buildSettings = {
				APPLICATION_EXTENSION_API_ONLY = YES;
				CLANG_ENABLE_MODULES = YES;
				"CODE_SIGN_IDENTITY[sdk=iphoneos*]" = "";
				DEFINES_MODULE = YES;
				DYLIB_COMPATIBILITY_VERSION = 1;
				DYLIB_CURRENT_VERSION = 11;
				DYLIB_INSTALL_NAME_BASE = "@rpath";
				INFOPLIST_FILE = Configs/SwiftDate.plist;
				INSTALL_PATH = "$(LOCAL_LIBRARY_DIR)/Frameworks";
				IPHONEOS_DEPLOYMENT_TARGET = 8.0;
				LD_RUNPATH_SEARCH_PATHS = "$(inherited) @executable_path/Frameworks @loader_path/Frameworks";
				ONLY_ACTIVE_ARCH = NO;
				PRODUCT_BUNDLE_IDENTIFIER = "com.SwiftDate.SwiftDate-iOS";
				PRODUCT_NAME = SwiftDate;
				SKIP_INSTALL = YES;
				SWIFT_OPTIMIZATION_LEVEL = "-Onone";
				SWIFT_VERSION = 4.0;
			};
			name = Debug;
		};
		52D6D9921BEFF229002C0205 /* Release */ = {
			isa = XCBuildConfiguration;
			buildSettings = {
				APPLICATION_EXTENSION_API_ONLY = YES;
				CLANG_ENABLE_MODULES = YES;
				"CODE_SIGN_IDENTITY[sdk=iphoneos*]" = "";
				DEFINES_MODULE = YES;
				DYLIB_COMPATIBILITY_VERSION = 1;
				DYLIB_CURRENT_VERSION = 11;
				DYLIB_INSTALL_NAME_BASE = "@rpath";
				INFOPLIST_FILE = Configs/SwiftDate.plist;
				INSTALL_PATH = "$(LOCAL_LIBRARY_DIR)/Frameworks";
				IPHONEOS_DEPLOYMENT_TARGET = 8.0;
				LD_RUNPATH_SEARCH_PATHS = "$(inherited) @executable_path/Frameworks @loader_path/Frameworks";
				PRODUCT_BUNDLE_IDENTIFIER = "com.SwiftDate.SwiftDate-iOS";
				PRODUCT_NAME = SwiftDate;
				SKIP_INSTALL = YES;
				SWIFT_OPTIMIZATION_LEVEL = "-Owholemodule";
				SWIFT_VERSION = 4.0;
			};
			name = Release;
		};
		52D6D9941BEFF229002C0205 /* Debug */ = {
			isa = XCBuildConfiguration;
			buildSettings = {
				ALWAYS_EMBED_SWIFT_STANDARD_LIBRARIES = YES;
				CLANG_ENABLE_MODULES = YES;
				INFOPLIST_FILE = Configs/SwiftDateTests.plist;
				LD_RUNPATH_SEARCH_PATHS = "$(inherited) @executable_path/Frameworks @loader_path/Frameworks";
				PRODUCT_BUNDLE_IDENTIFIER = "com.SwiftDate.SwiftDate-iOS-Tests";
				PRODUCT_NAME = "$(TARGET_NAME)";
				SWIFT_OPTIMIZATION_LEVEL = "-Onone";
				SWIFT_VERSION = 4.0;
			};
			name = Debug;
		};
		52D6D9951BEFF229002C0205 /* Release */ = {
			isa = XCBuildConfiguration;
			buildSettings = {
				ALWAYS_EMBED_SWIFT_STANDARD_LIBRARIES = YES;
				CLANG_ENABLE_MODULES = YES;
				INFOPLIST_FILE = Configs/SwiftDateTests.plist;
				LD_RUNPATH_SEARCH_PATHS = "$(inherited) @executable_path/Frameworks @loader_path/Frameworks";
				PRODUCT_BUNDLE_IDENTIFIER = "com.SwiftDate.SwiftDate-iOS-Tests";
				PRODUCT_NAME = "$(TARGET_NAME)";
				SWIFT_OPTIMIZATION_LEVEL = "-Owholemodule";
				SWIFT_VERSION = 4.0;
			};
			name = Release;
		};
		52D6D9E81BEFFF6E002C0205 /* Debug */ = {
			isa = XCBuildConfiguration;
			buildSettings = {
				APPLICATION_EXTENSION_API_ONLY = YES;
				CLANG_ENABLE_MODULES = YES;
				"CODE_SIGN_IDENTITY[sdk=watchos*]" = "";
				DEFINES_MODULE = YES;
				DYLIB_COMPATIBILITY_VERSION = 1;
				DYLIB_CURRENT_VERSION = 11;
				DYLIB_INSTALL_NAME_BASE = "@rpath";
				INFOPLIST_FILE = Configs/SwiftDate.plist;
				INSTALL_PATH = "$(LOCAL_LIBRARY_DIR)/Frameworks";
				LD_RUNPATH_SEARCH_PATHS = "$(inherited) @executable_path/Frameworks @loader_path/Frameworks";
				PRODUCT_BUNDLE_IDENTIFIER = "com.SwiftDate.SwiftDate-watchOS";
				PRODUCT_NAME = SwiftDate;
				SDKROOT = watchos;
				SKIP_INSTALL = YES;
				SWIFT_OPTIMIZATION_LEVEL = "-Onone";
				SWIFT_VERSION = 4.0;
				TARGETED_DEVICE_FAMILY = 4;
				WATCHOS_DEPLOYMENT_TARGET = 2.0;
			};
			name = Debug;
		};
		52D6D9E91BEFFF6E002C0205 /* Release */ = {
			isa = XCBuildConfiguration;
			buildSettings = {
				APPLICATION_EXTENSION_API_ONLY = YES;
				CLANG_ENABLE_MODULES = YES;
				"CODE_SIGN_IDENTITY[sdk=watchos*]" = "";
				DEFINES_MODULE = YES;
				DYLIB_COMPATIBILITY_VERSION = 1;
				DYLIB_CURRENT_VERSION = 11;
				DYLIB_INSTALL_NAME_BASE = "@rpath";
				INFOPLIST_FILE = Configs/SwiftDate.plist;
				INSTALL_PATH = "$(LOCAL_LIBRARY_DIR)/Frameworks";
				LD_RUNPATH_SEARCH_PATHS = "$(inherited) @executable_path/Frameworks @loader_path/Frameworks";
				PRODUCT_BUNDLE_IDENTIFIER = "com.SwiftDate.SwiftDate-watchOS";
				PRODUCT_NAME = SwiftDate;
				SDKROOT = watchos;
				SKIP_INSTALL = YES;
				SWIFT_OPTIMIZATION_LEVEL = "-Owholemodule";
				SWIFT_VERSION = 4.0;
				TARGETED_DEVICE_FAMILY = 4;
				WATCHOS_DEPLOYMENT_TARGET = 2.0;
			};
			name = Release;
		};
		52D6DA021BEFFFBE002C0205 /* Debug */ = {
			isa = XCBuildConfiguration;
			buildSettings = {
				APPLICATION_EXTENSION_API_ONLY = YES;
				CLANG_ENABLE_MODULES = YES;
				"CODE_SIGN_IDENTITY[sdk=appletvos*]" = "";
				DEFINES_MODULE = YES;
				DYLIB_COMPATIBILITY_VERSION = 1;
				DYLIB_CURRENT_VERSION = 11;
				DYLIB_INSTALL_NAME_BASE = "@rpath";
				INFOPLIST_FILE = Configs/SwiftDate.plist;
				INSTALL_PATH = "$(LOCAL_LIBRARY_DIR)/Frameworks";
				LD_RUNPATH_SEARCH_PATHS = "$(inherited) @executable_path/Frameworks @loader_path/Frameworks";
				PRODUCT_BUNDLE_IDENTIFIER = "com.SwiftDate.SwiftDate-tvOS";
				PRODUCT_NAME = SwiftDate;
				SDKROOT = appletvos;
				SKIP_INSTALL = YES;
				SWIFT_OPTIMIZATION_LEVEL = "-Onone";
				SWIFT_VERSION = 4.0;
				TARGETED_DEVICE_FAMILY = 3;
				TVOS_DEPLOYMENT_TARGET = 9.0;
			};
			name = Debug;
		};
		52D6DA031BEFFFBE002C0205 /* Release */ = {
			isa = XCBuildConfiguration;
			buildSettings = {
				APPLICATION_EXTENSION_API_ONLY = YES;
				CLANG_ENABLE_MODULES = YES;
				"CODE_SIGN_IDENTITY[sdk=appletvos*]" = "";
				DEFINES_MODULE = YES;
				DYLIB_COMPATIBILITY_VERSION = 1;
				DYLIB_CURRENT_VERSION = 11;
				DYLIB_INSTALL_NAME_BASE = "@rpath";
				INFOPLIST_FILE = Configs/SwiftDate.plist;
				INSTALL_PATH = "$(LOCAL_LIBRARY_DIR)/Frameworks";
				LD_RUNPATH_SEARCH_PATHS = "$(inherited) @executable_path/Frameworks @loader_path/Frameworks";
				PRODUCT_BUNDLE_IDENTIFIER = "com.SwiftDate.SwiftDate-tvOS";
				PRODUCT_NAME = SwiftDate;
				SDKROOT = appletvos;
				SKIP_INSTALL = YES;
				SWIFT_OPTIMIZATION_LEVEL = "-Owholemodule";
				SWIFT_VERSION = 4.0;
				TARGETED_DEVICE_FAMILY = 3;
				TVOS_DEPLOYMENT_TARGET = 9.0;
			};
			name = Release;
		};
		52D6DA211BF000BD002C0205 /* Debug */ = {
			isa = XCBuildConfiguration;
			buildSettings = {
				APPLICATION_EXTENSION_API_ONLY = YES;
				CLANG_ENABLE_MODULES = YES;
				CODE_SIGN_IDENTITY = "-";
				COMBINE_HIDPI_IMAGES = YES;
				DEFINES_MODULE = YES;
				DYLIB_COMPATIBILITY_VERSION = 1;
				DYLIB_CURRENT_VERSION = 11;
				DYLIB_INSTALL_NAME_BASE = "@rpath";
				FRAMEWORK_VERSION = A;
				INFOPLIST_FILE = Configs/SwiftDate.plist;
				INSTALL_PATH = "$(LOCAL_LIBRARY_DIR)/Frameworks";
				LD_RUNPATH_SEARCH_PATHS = "$(inherited) @executable_path/../Frameworks @loader_path/Frameworks";
				MACOSX_DEPLOYMENT_TARGET = 10.10;
				PRODUCT_BUNDLE_IDENTIFIER = "com.SwiftDate.SwiftDate-macOS";
				PRODUCT_NAME = SwiftDate;
				SDKROOT = macosx;
				SKIP_INSTALL = YES;
				SWIFT_OPTIMIZATION_LEVEL = "-Onone";
				SWIFT_VERSION = 4.0;
			};
			name = Debug;
		};
		52D6DA221BF000BD002C0205 /* Release */ = {
			isa = XCBuildConfiguration;
			buildSettings = {
				APPLICATION_EXTENSION_API_ONLY = YES;
				CLANG_ENABLE_MODULES = YES;
				CODE_SIGN_IDENTITY = "-";
				COMBINE_HIDPI_IMAGES = YES;
				DEFINES_MODULE = YES;
				DYLIB_COMPATIBILITY_VERSION = 1;
				DYLIB_CURRENT_VERSION = 11;
				DYLIB_INSTALL_NAME_BASE = "@rpath";
				FRAMEWORK_VERSION = A;
				INFOPLIST_FILE = Configs/SwiftDate.plist;
				INSTALL_PATH = "$(LOCAL_LIBRARY_DIR)/Frameworks";
				LD_RUNPATH_SEARCH_PATHS = "$(inherited) @executable_path/../Frameworks @loader_path/Frameworks";
				MACOSX_DEPLOYMENT_TARGET = 10.10;
				PRODUCT_BUNDLE_IDENTIFIER = "com.SwiftDate.SwiftDate-macOS";
				PRODUCT_NAME = SwiftDate;
				SDKROOT = macosx;
				SKIP_INSTALL = YES;
				SWIFT_OPTIMIZATION_LEVEL = "-Owholemodule";
				SWIFT_VERSION = 4.0;
			};
			name = Release;
		};
		DD7502831C68FCFC006590AF /* Debug */ = {
			isa = XCBuildConfiguration;
			buildSettings = {
				ALWAYS_EMBED_SWIFT_STANDARD_LIBRARIES = YES;
				CODE_SIGN_IDENTITY = "-";
				COMBINE_HIDPI_IMAGES = YES;
				INFOPLIST_FILE = Configs/SwiftDateTests.plist;
				LD_RUNPATH_SEARCH_PATHS = "$(inherited) @executable_path/../Frameworks @loader_path/../Frameworks";
				MACOSX_DEPLOYMENT_TARGET = 10.11;
				PRODUCT_BUNDLE_IDENTIFIER = "com.SwiftDate.SwiftDate-macOS-Tests";
				PRODUCT_NAME = "$(TARGET_NAME)";
				SDKROOT = macosx;
				SWIFT_VERSION = 4.0;
			};
			name = Debug;
		};
		DD7502841C68FCFC006590AF /* Release */ = {
			isa = XCBuildConfiguration;
			buildSettings = {
				ALWAYS_EMBED_SWIFT_STANDARD_LIBRARIES = YES;
				CODE_SIGN_IDENTITY = "-";
				COMBINE_HIDPI_IMAGES = YES;
				INFOPLIST_FILE = Configs/SwiftDateTests.plist;
				LD_RUNPATH_SEARCH_PATHS = "$(inherited) @executable_path/../Frameworks @loader_path/../Frameworks";
				MACOSX_DEPLOYMENT_TARGET = 10.11;
				PRODUCT_BUNDLE_IDENTIFIER = "com.SwiftDate.SwiftDate-macOS-Tests";
				PRODUCT_NAME = "$(TARGET_NAME)";
				SDKROOT = macosx;
				SWIFT_OPTIMIZATION_LEVEL = "-Owholemodule";
				SWIFT_VERSION = 4.0;
			};
			name = Release;
		};
		DD7502961C690C7A006590AF /* Debug */ = {
			isa = XCBuildConfiguration;
			buildSettings = {
				ALWAYS_EMBED_SWIFT_STANDARD_LIBRARIES = YES;
				INFOPLIST_FILE = Configs/SwiftDateTests.plist;
				LD_RUNPATH_SEARCH_PATHS = "$(inherited) @executable_path/Frameworks @loader_path/Frameworks";
				PRODUCT_BUNDLE_IDENTIFIER = "com.SwiftDate.SwiftDate-tvOS-Tests";
				PRODUCT_NAME = "$(TARGET_NAME)";
				SDKROOT = appletvos;
				SWIFT_VERSION = 4.0;
				TVOS_DEPLOYMENT_TARGET = 9.1;
			};
			name = Debug;
		};
		DD7502971C690C7A006590AF /* Release */ = {
			isa = XCBuildConfiguration;
			buildSettings = {
				ALWAYS_EMBED_SWIFT_STANDARD_LIBRARIES = YES;
				INFOPLIST_FILE = Configs/SwiftDateTests.plist;
				LD_RUNPATH_SEARCH_PATHS = "$(inherited) @executable_path/Frameworks @loader_path/Frameworks";
				PRODUCT_BUNDLE_IDENTIFIER = "com.SwiftDate.SwiftDate-tvOS-Tests";
				PRODUCT_NAME = "$(TARGET_NAME)";
				SDKROOT = appletvos;
				SWIFT_OPTIMIZATION_LEVEL = "-Owholemodule";
				SWIFT_VERSION = 4.0;
				TVOS_DEPLOYMENT_TARGET = 9.1;
			};
			name = Release;
		};
/* End XCBuildConfiguration section */

/* Begin XCConfigurationList section */
		375F8FDC1F0EC70C00ECC0FD /* Build configuration list for PBXNativeTarget "TestApp" */ = {
			isa = XCConfigurationList;
			buildConfigurations = (
				375F8FDD1F0EC70C00ECC0FD /* Debug */,
				375F8FDE1F0EC70C00ECC0FD /* Release */,
			);
			defaultConfigurationIsVisible = 0;
			defaultConfigurationName = Release;
		};
		52D6D9761BEFF229002C0205 /* Build configuration list for PBXProject "SwiftDate" */ = {
			isa = XCConfigurationList;
			buildConfigurations = (
				52D6D98E1BEFF229002C0205 /* Debug */,
				52D6D98F1BEFF229002C0205 /* Release */,
			);
			defaultConfigurationIsVisible = 0;
			defaultConfigurationName = Release;
		};
		52D6D9901BEFF229002C0205 /* Build configuration list for PBXNativeTarget "SwiftDate-iOS" */ = {
			isa = XCConfigurationList;
			buildConfigurations = (
				52D6D9911BEFF229002C0205 /* Debug */,
				52D6D9921BEFF229002C0205 /* Release */,
			);
			defaultConfigurationIsVisible = 0;
			defaultConfigurationName = Release;
		};
		52D6D9931BEFF229002C0205 /* Build configuration list for PBXNativeTarget "SwiftDate-iOS Tests" */ = {
			isa = XCConfigurationList;
			buildConfigurations = (
				52D6D9941BEFF229002C0205 /* Debug */,
				52D6D9951BEFF229002C0205 /* Release */,
			);
			defaultConfigurationIsVisible = 0;
			defaultConfigurationName = Release;
		};
		52D6D9E71BEFFF6E002C0205 /* Build configuration list for PBXNativeTarget "SwiftDate-watchOS" */ = {
			isa = XCConfigurationList;
			buildConfigurations = (
				52D6D9E81BEFFF6E002C0205 /* Debug */,
				52D6D9E91BEFFF6E002C0205 /* Release */,
			);
			defaultConfigurationIsVisible = 0;
			defaultConfigurationName = Release;
		};
		52D6DA011BEFFFBE002C0205 /* Build configuration list for PBXNativeTarget "SwiftDate-tvOS" */ = {
			isa = XCConfigurationList;
			buildConfigurations = (
				52D6DA021BEFFFBE002C0205 /* Debug */,
				52D6DA031BEFFFBE002C0205 /* Release */,
			);
			defaultConfigurationIsVisible = 0;
			defaultConfigurationName = Release;
		};
		52D6DA201BF000BD002C0205 /* Build configuration list for PBXNativeTarget "SwiftDate-macOS" */ = {
			isa = XCConfigurationList;
			buildConfigurations = (
				52D6DA211BF000BD002C0205 /* Debug */,
				52D6DA221BF000BD002C0205 /* Release */,
			);
			defaultConfigurationIsVisible = 0;
			defaultConfigurationName = Release;
		};
		DD7502821C68FCFC006590AF /* Build configuration list for PBXNativeTarget "SwiftDate-macOS Tests" */ = {
			isa = XCConfigurationList;
			buildConfigurations = (
				DD7502831C68FCFC006590AF /* Debug */,
				DD7502841C68FCFC006590AF /* Release */,
			);
			defaultConfigurationIsVisible = 0;
			defaultConfigurationName = Release;
		};
		DD7502951C690C7A006590AF /* Build configuration list for PBXNativeTarget "SwiftDate-tvOS Tests" */ = {
			isa = XCConfigurationList;
			buildConfigurations = (
				DD7502961C690C7A006590AF /* Debug */,
				DD7502971C690C7A006590AF /* Release */,
			);
			defaultConfigurationIsVisible = 0;
			defaultConfigurationName = Release;
		};
/* End XCConfigurationList section */
	};
	rootObject = 52D6D9731BEFF229002C0205 /* Project object */;
}
