// !$*UTF8*$!
{
	archiveVersion = 1;
	classes = {
	};
	objectVersion = 46;
	objects = {

/* Begin PBXBuildFile section */
		1FF867191BD5333F006B0E02 /* Nimble.framework in Frameworks */ = {isa = PBXBuildFile; fileRef = 1FF867171BD5333F006B0E02 /* Nimble.framework */; };
		1FF8671A1BD5333F006B0E02 /* Quick.framework in Frameworks */ = {isa = PBXBuildFile; fileRef = 1FF867181BD5333F006B0E02 /* Quick.framework */; };
		1FF8671D1BD5334B006B0E02 /* Nimble.framework in Frameworks */ = {isa = PBXBuildFile; fileRef = 1FF8671B1BD5334B006B0E02 /* Nimble.framework */; };
		1FF8671E1BD5334B006B0E02 /* Quick.framework in Frameworks */ = {isa = PBXBuildFile; fileRef = 1FF8671C1BD5334B006B0E02 /* Quick.framework */; };
		1FF867201BD537EE006B0E02 /* SwiftDateSpecs.swift in Sources */ = {isa = PBXBuildFile; fileRef = 1FF8671F1BD537EE006B0E02 /* SwiftDateSpecs.swift */; };
		1FF867211BD537EE006B0E02 /* SwiftDateSpecs.swift in Sources */ = {isa = PBXBuildFile; fileRef = 1FF8671F1BD537EE006B0E02 /* SwiftDateSpecs.swift */; };
		A7E762961C230E5B00D09CA8 /* SwiftDate.swift in Sources */ = {isa = PBXBuildFile; fileRef = CCCADC921BB8937700B905DD /* SwiftDate.swift */; };
		A7FB29F61C230C0000AA35B1 /* SwiftDate.h in Headers */ = {isa = PBXBuildFile; fileRef = A7FB29F51C230C0000AA35B1 /* SwiftDate.h */; settings = {ATTRIBUTES = (Public, ); }; };
		CCCADC7C1BB8909B00B905DD /* SwiftDate.h in Headers */ = {isa = PBXBuildFile; fileRef = CCCADC7B1BB8909B00B905DD /* SwiftDate.h */; settings = {ATTRIBUTES = (Public, ); }; };
		CCCADC831BB8909B00B905DD /* SwiftDate.framework in Frameworks */ = {isa = PBXBuildFile; fileRef = CCCADC781BB8909B00B905DD /* SwiftDate.framework */; };
		CCCADC931BB8937700B905DD /* SwiftDate.swift in Sources */ = {isa = PBXBuildFile; fileRef = CCCADC921BB8937700B905DD /* SwiftDate.swift */; };
		CCCADCC81BB89C7600B905DD /* SwiftDate.framework in Frameworks */ = {isa = PBXBuildFile; fileRef = CCCADCB71BB89C1C00B905DD /* SwiftDate.framework */; };
		CCCADCCE1BB89D8D00B905DD /* SwiftDate.swift in Sources */ = {isa = PBXBuildFile; fileRef = CCCADC921BB8937700B905DD /* SwiftDate.swift */; };
		CCCADCD01BB89E1800B905DD /* SwiftDate.h in Headers */ = {isa = PBXBuildFile; fileRef = CCCADC7B1BB8909B00B905DD /* SwiftDate.h */; settings = {ATTRIBUTES = (Public, ); }; };
/* End PBXBuildFile section */

/* Begin PBXContainerItemProxy section */
		CCCADC841BB8909B00B905DD /* PBXContainerItemProxy */ = {
			isa = PBXContainerItemProxy;
			containerPortal = CCCADC6F1BB8909B00B905DD /* Project object */;
			proxyType = 1;
			remoteGlobalIDString = CCCADC771BB8909B00B905DD;
			remoteInfo = SwiftDate;
		};
		CCCADCC91BB89C7600B905DD /* PBXContainerItemProxy */ = {
			isa = PBXContainerItemProxy;
			containerPortal = CCCADC6F1BB8909B00B905DD /* Project object */;
			proxyType = 1;
			remoteGlobalIDString = CCCADCB61BB89C1C00B905DD;
			remoteInfo = SwiftDate;
		};
/* End PBXContainerItemProxy section */

/* Begin PBXFileReference section */
		1FF867131BD5332E006B0E02 /* Nimble.framework */ = {isa = PBXFileReference; lastKnownFileType = wrapper.framework; name = Nimble.framework; path = "../Nimble/build/Debug-iphoneos/Nimble.framework"; sourceTree = "<group>"; };
		1FF867141BD5332E006B0E02 /* Quick.framework */ = {isa = PBXFileReference; lastKnownFileType = wrapper.framework; name = Quick.framework; path = ../Quick/build/Debug/Quick.framework; sourceTree = "<group>"; };
		1FF867171BD5333F006B0E02 /* Nimble.framework */ = {isa = PBXFileReference; lastKnownFileType = wrapper.framework; name = Nimble.framework; path = "../Nimble/build/Debug-iphoneos/Nimble.framework"; sourceTree = "<group>"; };
		1FF867181BD5333F006B0E02 /* Quick.framework */ = {isa = PBXFileReference; lastKnownFileType = wrapper.framework; name = Quick.framework; path = "../Quick/build/Debug-iphoneos/Quick.framework"; sourceTree = "<group>"; };
		1FF8671B1BD5334B006B0E02 /* Nimble.framework */ = {isa = PBXFileReference; lastKnownFileType = wrapper.framework; name = Nimble.framework; path = ../Nimble/build/Debug/Nimble.framework; sourceTree = "<group>"; };
		1FF8671C1BD5334B006B0E02 /* Quick.framework */ = {isa = PBXFileReference; lastKnownFileType = wrapper.framework; name = Quick.framework; path = ../Quick/build/Debug/Quick.framework; sourceTree = "<group>"; };
		1FF8671F1BD537EE006B0E02 /* SwiftDateSpecs.swift */ = {isa = PBXFileReference; fileEncoding = 4; lastKnownFileType = sourcecode.swift; path = SwiftDateSpecs.swift; sourceTree = "<group>"; };
		A7FB29F31C230C0000AA35B1 /* SwiftDate.framework */ = {isa = PBXFileReference; explicitFileType = wrapper.framework; includeInIndex = 0; path = SwiftDate.framework; sourceTree = BUILT_PRODUCTS_DIR; };
		A7FB29F51C230C0000AA35B1 /* SwiftDate.h */ = {isa = PBXFileReference; lastKnownFileType = sourcecode.c.h; path = SwiftDate.h; sourceTree = "<group>"; };
		A7FB29F71C230C0000AA35B1 /* Info.plist */ = {isa = PBXFileReference; lastKnownFileType = text.plist.xml; path = Info.plist; sourceTree = "<group>"; };
		CCCADC781BB8909B00B905DD /* SwiftDate.framework */ = {isa = PBXFileReference; explicitFileType = wrapper.framework; includeInIndex = 0; path = SwiftDate.framework; sourceTree = BUILT_PRODUCTS_DIR; };
		CCCADC7B1BB8909B00B905DD /* SwiftDate.h */ = {isa = PBXFileReference; lastKnownFileType = sourcecode.c.h; path = SwiftDate.h; sourceTree = "<group>"; };
		CCCADC7D1BB8909B00B905DD /* Info.plist */ = {isa = PBXFileReference; lastKnownFileType = text.plist.xml; path = Info.plist; sourceTree = "<group>"; };
		CCCADC821BB8909B00B905DD /* SwiftDateTests iOS.xctest */ = {isa = PBXFileReference; explicitFileType = wrapper.cfbundle; includeInIndex = 0; path = "SwiftDateTests iOS.xctest"; sourceTree = BUILT_PRODUCTS_DIR; };
		CCCADC891BB8909B00B905DD /* Info.plist */ = {isa = PBXFileReference; lastKnownFileType = text.plist.xml; path = Info.plist; sourceTree = "<group>"; };
		CCCADC921BB8937700B905DD /* SwiftDate.swift */ = {isa = PBXFileReference; fileEncoding = 4; lastKnownFileType = sourcecode.swift; path = SwiftDate.swift; sourceTree = "<group>"; };
		CCCADCB71BB89C1C00B905DD /* SwiftDate.framework */ = {isa = PBXFileReference; explicitFileType = wrapper.framework; includeInIndex = 0; path = SwiftDate.framework; sourceTree = BUILT_PRODUCTS_DIR; };
		CCCADCC31BB89C7600B905DD /* SwiftDateTests Mac.xctest */ = {isa = PBXFileReference; explicitFileType = wrapper.cfbundle; includeInIndex = 0; path = "SwiftDateTests Mac.xctest"; sourceTree = BUILT_PRODUCTS_DIR; };
/* End PBXFileReference section */

/* Begin PBXFrameworksBuildPhase section */
		A7FB29EF1C230C0000AA35B1 /* Frameworks */ = {
			isa = PBXFrameworksBuildPhase;
			buildActionMask = 2147483647;
			files = (
			);
			runOnlyForDeploymentPostprocessing = 0;
		};
		CCCADC741BB8909B00B905DD /* Frameworks */ = {
			isa = PBXFrameworksBuildPhase;
			buildActionMask = 2147483647;
			files = (
			);
			runOnlyForDeploymentPostprocessing = 0;
		};
		CCCADC7F1BB8909B00B905DD /* Frameworks */ = {
			isa = PBXFrameworksBuildPhase;
			buildActionMask = 2147483647;
			files = (
				1FF867191BD5333F006B0E02 /* Nimble.framework in Frameworks */,
				1FF8671A1BD5333F006B0E02 /* Quick.framework in Frameworks */,
				CCCADC831BB8909B00B905DD /* SwiftDate.framework in Frameworks */,
			);
			runOnlyForDeploymentPostprocessing = 0;
		};
		CCCADCB31BB89C1C00B905DD /* Frameworks */ = {
			isa = PBXFrameworksBuildPhase;
			buildActionMask = 2147483647;
			files = (
			);
			runOnlyForDeploymentPostprocessing = 0;
		};
		CCCADCC01BB89C7600B905DD /* Frameworks */ = {
			isa = PBXFrameworksBuildPhase;
			buildActionMask = 2147483647;
			files = (
				1FF8671D1BD5334B006B0E02 /* Nimble.framework in Frameworks */,
				1FF8671E1BD5334B006B0E02 /* Quick.framework in Frameworks */,
				CCCADCC81BB89C7600B905DD /* SwiftDate.framework in Frameworks */,
			);
			runOnlyForDeploymentPostprocessing = 0;
		};
/* End PBXFrameworksBuildPhase section */

/* Begin PBXGroup section */
		1FF867221BD5389F006B0E02 /* Frameworks */ = {
			isa = PBXGroup;
			children = (
				1FF8671B1BD5334B006B0E02 /* Nimble.framework */,
				1FF8671C1BD5334B006B0E02 /* Quick.framework */,
				1FF867171BD5333F006B0E02 /* Nimble.framework */,
				1FF867181BD5333F006B0E02 /* Quick.framework */,
				1FF867131BD5332E006B0E02 /* Nimble.framework */,
				1FF867141BD5332E006B0E02 /* Quick.framework */,
			);
			name = Frameworks;
			sourceTree = "<group>";
		};
		A7FB29F41C230C0000AA35B1 /* SwiftDate */ = {
			isa = PBXGroup;
			children = (
				A7FB29F51C230C0000AA35B1 /* SwiftDate.h */,
				A7FB29F71C230C0000AA35B1 /* Info.plist */,
			);
			path = SwiftDate;
			sourceTree = "<group>";
		};
		CCCADC6E1BB8909B00B905DD = {
			isa = PBXGroup;
			children = (
				A7FB29F41C230C0000AA35B1 /* SwiftDate */,
				1FF867221BD5389F006B0E02 /* Frameworks */,
				CCCADC7A1BB8909B00B905DD /* SwiftDate */,
				CCCADC861BB8909B00B905DD /* SwiftDateTests */,
				CCCADC791BB8909B00B905DD /* Products */,
			);
			sourceTree = "<group>";
		};
		CCCADC791BB8909B00B905DD /* Products */ = {
			isa = PBXGroup;
			children = (
				CCCADC781BB8909B00B905DD /* SwiftDate.framework */,
				CCCADC821BB8909B00B905DD /* SwiftDateTests iOS.xctest */,
				CCCADCB71BB89C1C00B905DD /* SwiftDate.framework */,
				CCCADCC31BB89C7600B905DD /* SwiftDateTests Mac.xctest */,
				A7FB29F31C230C0000AA35B1 /* SwiftDate.framework */,
			);
			name = Products;
			sourceTree = "<group>";
		};
		CCCADC7A1BB8909B00B905DD /* SwiftDate */ = {
			isa = PBXGroup;
			children = (
				CCCADC921BB8937700B905DD /* SwiftDate.swift */,
				CCCADC7B1BB8909B00B905DD /* SwiftDate.h */,
				CCCADC7D1BB8909B00B905DD /* Info.plist */,
			);
			path = SwiftDate;
			sourceTree = "<group>";
		};
		CCCADC861BB8909B00B905DD /* SwiftDateTests */ = {
			isa = PBXGroup;
			children = (
				1FF8671F1BD537EE006B0E02 /* SwiftDateSpecs.swift */,
				CCCADC891BB8909B00B905DD /* Info.plist */,
			);
			path = SwiftDateTests;
			sourceTree = "<group>";
		};
/* End PBXGroup section */

/* Begin PBXHeadersBuildPhase section */
		A7FB29F01C230C0000AA35B1 /* Headers */ = {
			isa = PBXHeadersBuildPhase;
			buildActionMask = 2147483647;
			files = (
				A7FB29F61C230C0000AA35B1 /* SwiftDate.h in Headers */,
			);
			runOnlyForDeploymentPostprocessing = 0;
		};
		CCCADC751BB8909B00B905DD /* Headers */ = {
			isa = PBXHeadersBuildPhase;
			buildActionMask = 2147483647;
			files = (
				CCCADC7C1BB8909B00B905DD /* SwiftDate.h in Headers */,
			);
			runOnlyForDeploymentPostprocessing = 0;
		};
		CCCADCB41BB89C1C00B905DD /* Headers */ = {
			isa = PBXHeadersBuildPhase;
			buildActionMask = 2147483647;
			files = (
				CCCADCD01BB89E1800B905DD /* SwiftDate.h in Headers */,
			);
			runOnlyForDeploymentPostprocessing = 0;
		};
/* End PBXHeadersBuildPhase section */

/* Begin PBXNativeTarget section */
		A7FB29F21C230C0000AA35B1 /* SwiftDate watchOS */ = {
			isa = PBXNativeTarget;
			buildConfigurationList = A7FB29FA1C230C0000AA35B1 /* Build configuration list for PBXNativeTarget "SwiftDate watchOS" */;
			buildPhases = (
				A7FB29EE1C230C0000AA35B1 /* Sources */,
				A7FB29EF1C230C0000AA35B1 /* Frameworks */,
				A7FB29F01C230C0000AA35B1 /* Headers */,
				A7FB29F11C230C0000AA35B1 /* Resources */,
			);
			buildRules = (
			);
			dependencies = (
			);
			name = "SwiftDate watchOS";
			productName = SwiftDate;
			productReference = A7FB29F31C230C0000AA35B1 /* SwiftDate.framework */;
			productType = "com.apple.product-type.framework";
		};
		CCCADC771BB8909B00B905DD /* SwiftDate iOS */ = {
			isa = PBXNativeTarget;
			buildConfigurationList = CCCADC8C1BB8909B00B905DD /* Build configuration list for PBXNativeTarget "SwiftDate iOS" */;
			buildPhases = (
				CCCADC731BB8909B00B905DD /* Sources */,
				CCCADC741BB8909B00B905DD /* Frameworks */,
				CCCADC751BB8909B00B905DD /* Headers */,
				CCCADC761BB8909B00B905DD /* Resources */,
			);
			buildRules = (
			);
			dependencies = (
			);
			name = "SwiftDate iOS";
			productName = SwiftDate;
			productReference = CCCADC781BB8909B00B905DD /* SwiftDate.framework */;
			productType = "com.apple.product-type.framework";
		};
		CCCADC811BB8909B00B905DD /* SwiftDateTests iOS */ = {
			isa = PBXNativeTarget;
			buildConfigurationList = CCCADC8F1BB8909B00B905DD /* Build configuration list for PBXNativeTarget "SwiftDateTests iOS" */;
			buildPhases = (
				CCCADC7E1BB8909B00B905DD /* Sources */,
				CCCADC7F1BB8909B00B905DD /* Frameworks */,
				CCCADC801BB8909B00B905DD /* Resources */,
			);
			buildRules = (
			);
			dependencies = (
				CCCADC851BB8909B00B905DD /* PBXTargetDependency */,
			);
			name = "SwiftDateTests iOS";
			productName = SwiftDateTests;
			productReference = CCCADC821BB8909B00B905DD /* SwiftDateTests iOS.xctest */;
			productType = "com.apple.product-type.bundle.unit-test";
		};
		CCCADCB61BB89C1C00B905DD /* SwiftDate Mac */ = {
			isa = PBXNativeTarget;
			buildConfigurationList = CCCADCBE1BB89C1C00B905DD /* Build configuration list for PBXNativeTarget "SwiftDate Mac" */;
			buildPhases = (
				CCCADCB21BB89C1C00B905DD /* Sources */,
				CCCADCB31BB89C1C00B905DD /* Frameworks */,
				CCCADCB41BB89C1C00B905DD /* Headers */,
				CCCADCB51BB89C1C00B905DD /* Resources */,
			);
			buildRules = (
			);
			dependencies = (
			);
			name = "SwiftDate Mac";
			productName = SwiftDate;
			productReference = CCCADCB71BB89C1C00B905DD /* SwiftDate.framework */;
			productType = "com.apple.product-type.framework";
		};
		CCCADCC21BB89C7600B905DD /* SwiftDateTests Mac */ = {
			isa = PBXNativeTarget;
			buildConfigurationList = CCCADCCB1BB89C7600B905DD /* Build configuration list for PBXNativeTarget "SwiftDateTests Mac" */;
			buildPhases = (
				CCCADCBF1BB89C7600B905DD /* Sources */,
				CCCADCC01BB89C7600B905DD /* Frameworks */,
				CCCADCC11BB89C7600B905DD /* Resources */,
			);
			buildRules = (
			);
			dependencies = (
				CCCADCCA1BB89C7600B905DD /* PBXTargetDependency */,
			);
			name = "SwiftDateTests Mac";
			productName = SwiftDateTests;
			productReference = CCCADCC31BB89C7600B905DD /* SwiftDateTests Mac.xctest */;
			productType = "com.apple.product-type.bundle.unit-test";
		};
/* End PBXNativeTarget section */

/* Begin PBXProject section */
		CCCADC6F1BB8909B00B905DD /* Project object */ = {
			isa = PBXProject;
			attributes = {
				LastSwiftUpdateCheck = 0700;
				LastUpgradeCheck = 0700;
				ORGANIZATIONNAME = SwiftDate;
				TargetAttributes = {
					A7FB29F21C230C0000AA35B1 = {
						CreatedOnToolsVersion = 7.2;
					};
					CCCADC771BB8909B00B905DD = {
						CreatedOnToolsVersion = 7.0;
					};
					CCCADC811BB8909B00B905DD = {
						CreatedOnToolsVersion = 7.0;
					};
					CCCADCB61BB89C1C00B905DD = {
						CreatedOnToolsVersion = 7.0;
					};
					CCCADCC21BB89C7600B905DD = {
						CreatedOnToolsVersion = 7.0;
					};
				};
			};
			buildConfigurationList = CCCADC721BB8909B00B905DD /* Build configuration list for PBXProject "SwiftDate" */;
			compatibilityVersion = "Xcode 3.2";
			developmentRegion = English;
			hasScannedForEncodings = 0;
			knownRegions = (
				en,
			);
			mainGroup = CCCADC6E1BB8909B00B905DD;
			productRefGroup = CCCADC791BB8909B00B905DD /* Products */;
			projectDirPath = "";
			projectRoot = "";
			targets = (
				CCCADC771BB8909B00B905DD /* SwiftDate iOS */,
				CCCADC811BB8909B00B905DD /* SwiftDateTests iOS */,
				CCCADCB61BB89C1C00B905DD /* SwiftDate Mac */,
				CCCADCC21BB89C7600B905DD /* SwiftDateTests Mac */,
				A7FB29F21C230C0000AA35B1 /* SwiftDate watchOS */,
			);
		};
/* End PBXProject section */

/* Begin PBXResourcesBuildPhase section */
		A7FB29F11C230C0000AA35B1 /* Resources */ = {
			isa = PBXResourcesBuildPhase;
			buildActionMask = 2147483647;
			files = (
			);
			runOnlyForDeploymentPostprocessing = 0;
		};
		CCCADC761BB8909B00B905DD /* Resources */ = {
			isa = PBXResourcesBuildPhase;
			buildActionMask = 2147483647;
			files = (
			);
			runOnlyForDeploymentPostprocessing = 0;
		};
		CCCADC801BB8909B00B905DD /* Resources */ = {
			isa = PBXResourcesBuildPhase;
			buildActionMask = 2147483647;
			files = (
			);
			runOnlyForDeploymentPostprocessing = 0;
		};
		CCCADCB51BB89C1C00B905DD /* Resources */ = {
			isa = PBXResourcesBuildPhase;
			buildActionMask = 2147483647;
			files = (
			);
			runOnlyForDeploymentPostprocessing = 0;
		};
		CCCADCC11BB89C7600B905DD /* Resources */ = {
			isa = PBXResourcesBuildPhase;
			buildActionMask = 2147483647;
			files = (
			);
			runOnlyForDeploymentPostprocessing = 0;
		};
/* End PBXResourcesBuildPhase section */

/* Begin PBXSourcesBuildPhase section */
		A7FB29EE1C230C0000AA35B1 /* Sources */ = {
			isa = PBXSourcesBuildPhase;
			buildActionMask = 2147483647;
			files = (
				A7E762961C230E5B00D09CA8 /* SwiftDate.swift in Sources */,
			);
			runOnlyForDeploymentPostprocessing = 0;
		};
		CCCADC731BB8909B00B905DD /* Sources */ = {
			isa = PBXSourcesBuildPhase;
			buildActionMask = 2147483647;
			files = (
				CCCADC931BB8937700B905DD /* SwiftDate.swift in Sources */,
			);
			runOnlyForDeploymentPostprocessing = 0;
		};
		CCCADC7E1BB8909B00B905DD /* Sources */ = {
			isa = PBXSourcesBuildPhase;
			buildActionMask = 2147483647;
			files = (
				1FF867201BD537EE006B0E02 /* SwiftDateSpecs.swift in Sources */,
			);
			runOnlyForDeploymentPostprocessing = 0;
		};
		CCCADCB21BB89C1C00B905DD /* Sources */ = {
			isa = PBXSourcesBuildPhase;
			buildActionMask = 2147483647;
			files = (
				CCCADCCE1BB89D8D00B905DD /* SwiftDate.swift in Sources */,
			);
			runOnlyForDeploymentPostprocessing = 0;
		};
		CCCADCBF1BB89C7600B905DD /* Sources */ = {
			isa = PBXSourcesBuildPhase;
			buildActionMask = 2147483647;
			files = (
				1FF867211BD537EE006B0E02 /* SwiftDateSpecs.swift in Sources */,
			);
			runOnlyForDeploymentPostprocessing = 0;
		};
/* End PBXSourcesBuildPhase section */

/* Begin PBXTargetDependency section */
		CCCADC851BB8909B00B905DD /* PBXTargetDependency */ = {
			isa = PBXTargetDependency;
			target = CCCADC771BB8909B00B905DD /* SwiftDate iOS */;
			targetProxy = CCCADC841BB8909B00B905DD /* PBXContainerItemProxy */;
		};
		CCCADCCA1BB89C7600B905DD /* PBXTargetDependency */ = {
			isa = PBXTargetDependency;
			target = CCCADCB61BB89C1C00B905DD /* SwiftDate Mac */;
			targetProxy = CCCADCC91BB89C7600B905DD /* PBXContainerItemProxy */;
		};
/* End PBXTargetDependency section */

/* Begin XCBuildConfiguration section */
		A7FB29F81C230C0000AA35B1 /* Debug */ = {
			isa = XCBuildConfiguration;
			buildSettings = {
				APPLICATION_EXTENSION_API_ONLY = YES;
				DEFINES_MODULE = YES;
				DYLIB_COMPATIBILITY_VERSION = 1;
				DYLIB_CURRENT_VERSION = 1;
				DYLIB_INSTALL_NAME_BASE = "@rpath";
				INFOPLIST_FILE = SwiftDate/Info.plist;
				INSTALL_PATH = "$(LOCAL_LIBRARY_DIR)/Frameworks";
				LD_RUNPATH_SEARCH_PATHS = "$(inherited) @executable_path/Frameworks @loader_path/Frameworks";
				PRODUCT_BUNDLE_IDENTIFIER = com.swiftdate.SwiftDate.SwiftDate;
				PRODUCT_NAME = SwiftDate;
				SDKROOT = watchos;
				SKIP_INSTALL = YES;
				STRINGS_FILE_OUTPUT_ENCODING = binary;
				TARGETED_DEVICE_FAMILY = 4;
				WATCHOS_DEPLOYMENT_TARGET = 2.0;
			};
			name = Debug;
		};
		A7FB29F91C230C0000AA35B1 /* Release */ = {
			isa = XCBuildConfiguration;
			buildSettings = {
				APPLICATION_EXTENSION_API_ONLY = YES;
				DEFINES_MODULE = YES;
				DYLIB_COMPATIBILITY_VERSION = 1;
				DYLIB_CURRENT_VERSION = 1;
				DYLIB_INSTALL_NAME_BASE = "@rpath";
				INFOPLIST_FILE = SwiftDate/Info.plist;
				INSTALL_PATH = "$(LOCAL_LIBRARY_DIR)/Frameworks";
				LD_RUNPATH_SEARCH_PATHS = "$(inherited) @executable_path/Frameworks @loader_path/Frameworks";
				PRODUCT_BUNDLE_IDENTIFIER = com.swiftdate.SwiftDate.SwiftDate;
				PRODUCT_NAME = SwiftDate;
				SDKROOT = watchos;
				SKIP_INSTALL = YES;
				STRINGS_FILE_OUTPUT_ENCODING = binary;
				TARGETED_DEVICE_FAMILY = 4;
				WATCHOS_DEPLOYMENT_TARGET = 2.0;
			};
			name = Release;
		};
		CCCADC8A1BB8909B00B905DD /* Debug */ = {
			isa = XCBuildConfiguration;
			buildSettings = {
				ALWAYS_SEARCH_USER_PATHS = NO;
				CLANG_CXX_LANGUAGE_STANDARD = "gnu++0x";
				CLANG_CXX_LIBRARY = "libc++";
				CLANG_ENABLE_MODULES = YES;
				CLANG_ENABLE_OBJC_ARC = YES;
				CLANG_WARN_BOOL_CONVERSION = YES;
				CLANG_WARN_CONSTANT_CONVERSION = YES;
				CLANG_WARN_DIRECT_OBJC_ISA_USAGE = YES_ERROR;
				CLANG_WARN_EMPTY_BODY = YES;
				CLANG_WARN_ENUM_CONVERSION = YES;
				CLANG_WARN_INT_CONVERSION = YES;
				CLANG_WARN_OBJC_ROOT_CLASS = YES_ERROR;
				CLANG_WARN_UNREACHABLE_CODE = YES;
				CLANG_WARN__DUPLICATE_METHOD_MATCH = YES;
				"CODE_SIGN_IDENTITY[sdk=iphoneos*]" = "iPhone Developer";
				COPY_PHASE_STRIP = NO;
				CURRENT_PROJECT_VERSION = 1;
				DEBUG_INFORMATION_FORMAT = dwarf;
				ENABLE_STRICT_OBJC_MSGSEND = YES;
				ENABLE_TESTABILITY = YES;
				GCC_C_LANGUAGE_STANDARD = gnu99;
				GCC_DYNAMIC_NO_PIC = NO;
				GCC_NO_COMMON_BLOCKS = YES;
				GCC_OPTIMIZATION_LEVEL = 0;
				GCC_PREPROCESSOR_DEFINITIONS = (
					"DEBUG=1",
					"$(inherited)",
				);
				GCC_WARN_64_TO_32_BIT_CONVERSION = YES;
				GCC_WARN_ABOUT_RETURN_TYPE = YES_ERROR;
				GCC_WARN_UNDECLARED_SELECTOR = YES;
				GCC_WARN_UNINITIALIZED_AUTOS = YES_AGGRESSIVE;
				GCC_WARN_UNUSED_FUNCTION = YES;
				GCC_WARN_UNUSED_VARIABLE = YES;
				IPHONEOS_DEPLOYMENT_TARGET = 8.0;
				MACOSX_DEPLOYMENT_TARGET = 10.10;
				MTL_ENABLE_DEBUG_INFO = YES;
				ONLY_ACTIVE_ARCH = YES;
				SDKROOT = iphoneos;
				SWIFT_OPTIMIZATION_LEVEL = "-Onone";
				TARGETED_DEVICE_FAMILY = "1,2";
				VERSIONING_SYSTEM = "apple-generic";
				VERSION_INFO_PREFIX = "";
			};
			name = Debug;
		};
		CCCADC8B1BB8909B00B905DD /* Release */ = {
			isa = XCBuildConfiguration;
			buildSettings = {
				ALWAYS_SEARCH_USER_PATHS = NO;
				CLANG_CXX_LANGUAGE_STANDARD = "gnu++0x";
				CLANG_CXX_LIBRARY = "libc++";
				CLANG_ENABLE_MODULES = YES;
				CLANG_ENABLE_OBJC_ARC = YES;
				CLANG_WARN_BOOL_CONVERSION = YES;
				CLANG_WARN_CONSTANT_CONVERSION = YES;
				CLANG_WARN_DIRECT_OBJC_ISA_USAGE = YES_ERROR;
				CLANG_WARN_EMPTY_BODY = YES;
				CLANG_WARN_ENUM_CONVERSION = YES;
				CLANG_WARN_INT_CONVERSION = YES;
				CLANG_WARN_OBJC_ROOT_CLASS = YES_ERROR;
				CLANG_WARN_UNREACHABLE_CODE = YES;
				CLANG_WARN__DUPLICATE_METHOD_MATCH = YES;
				"CODE_SIGN_IDENTITY[sdk=iphoneos*]" = "iPhone Developer";
				COPY_PHASE_STRIP = NO;
				CURRENT_PROJECT_VERSION = 1;
				DEBUG_INFORMATION_FORMAT = "dwarf-with-dsym";
				ENABLE_NS_ASSERTIONS = NO;
				ENABLE_STRICT_OBJC_MSGSEND = YES;
				GCC_C_LANGUAGE_STANDARD = gnu99;
				GCC_NO_COMMON_BLOCKS = YES;
				GCC_WARN_64_TO_32_BIT_CONVERSION = YES;
				GCC_WARN_ABOUT_RETURN_TYPE = YES_ERROR;
				GCC_WARN_UNDECLARED_SELECTOR = YES;
				GCC_WARN_UNINITIALIZED_AUTOS = YES_AGGRESSIVE;
				GCC_WARN_UNUSED_FUNCTION = YES;
				GCC_WARN_UNUSED_VARIABLE = YES;
				IPHONEOS_DEPLOYMENT_TARGET = 8.0;
				MACOSX_DEPLOYMENT_TARGET = 10.10;
				MTL_ENABLE_DEBUG_INFO = NO;
				SDKROOT = iphoneos;
				TARGETED_DEVICE_FAMILY = "1,2";
				VALIDATE_PRODUCT = YES;
				VERSIONING_SYSTEM = "apple-generic";
				VERSION_INFO_PREFIX = "";
			};
			name = Release;
		};
		CCCADC8D1BB8909B00B905DD /* Debug */ = {
			isa = XCBuildConfiguration;
			buildSettings = {
				CLANG_ENABLE_MODULES = YES;
				DEFINES_MODULE = YES;
				DYLIB_COMPATIBILITY_VERSION = 1;
				DYLIB_CURRENT_VERSION = 1;
				DYLIB_INSTALL_NAME_BASE = "@rpath";
				INFOPLIST_FILE = SwiftDate/Info.plist;
				INSTALL_PATH = "$(LOCAL_LIBRARY_DIR)/Frameworks";
				LD_RUNPATH_SEARCH_PATHS = "$(inherited) @executable_path/Frameworks @loader_path/Frameworks";
				PRODUCT_BUNDLE_IDENTIFIER = com.swiftdate.SwiftDate;
				PRODUCT_NAME = SwiftDate;
				SKIP_INSTALL = YES;
				SWIFT_OPTIMIZATION_LEVEL = "-Onone";
			};
			name = Debug;
		};
		CCCADC8E1BB8909B00B905DD /* Release */ = {
			isa = XCBuildConfiguration;
			buildSettings = {
				CLANG_ENABLE_MODULES = YES;
				DEFINES_MODULE = YES;
				DYLIB_COMPATIBILITY_VERSION = 1;
				DYLIB_CURRENT_VERSION = 1;
				DYLIB_INSTALL_NAME_BASE = "@rpath";
				INFOPLIST_FILE = SwiftDate/Info.plist;
				INSTALL_PATH = "$(LOCAL_LIBRARY_DIR)/Frameworks";
				LD_RUNPATH_SEARCH_PATHS = "$(inherited) @executable_path/Frameworks @loader_path/Frameworks";
				PRODUCT_BUNDLE_IDENTIFIER = com.swiftdate.SwiftDate;
				PRODUCT_NAME = SwiftDate;
				SKIP_INSTALL = YES;
			};
			name = Release;
		};
		CCCADC901BB8909B00B905DD /* Debug */ = {
			isa = XCBuildConfiguration;
			buildSettings = {
				INFOPLIST_FILE = SwiftDateTests/Info.plist;
				LD_RUNPATH_SEARCH_PATHS = "$(inherited) @executable_path/Frameworks @loader_path/Frameworks";
				PRODUCT_BUNDLE_IDENTIFIER = com.swiftdate.SwiftDateTests;
				PRODUCT_NAME = "$(TARGET_NAME)";
			};
			name = Debug;
		};
		CCCADC911BB8909B00B905DD /* Release */ = {
			isa = XCBuildConfiguration;
			buildSettings = {
				INFOPLIST_FILE = SwiftDateTests/Info.plist;
				LD_RUNPATH_SEARCH_PATHS = "$(inherited) @executable_path/Frameworks @loader_path/Frameworks";
				PRODUCT_BUNDLE_IDENTIFIER = com.swiftdate.SwiftDateTests;
				PRODUCT_NAME = "$(TARGET_NAME)";
			};
			name = Release;
		};
		CCCADCBC1BB89C1C00B905DD /* Debug */ = {
			isa = XCBuildConfiguration;
			buildSettings = {
				COMBINE_HIDPI_IMAGES = YES;
				DEFINES_MODULE = YES;
				DYLIB_COMPATIBILITY_VERSION = 1;
				DYLIB_CURRENT_VERSION = 1;
				DYLIB_INSTALL_NAME_BASE = "@rpath";
				FRAMEWORK_VERSION = A;
				INFOPLIST_FILE = SwiftDate/Info.plist;
				INSTALL_PATH = "$(LOCAL_LIBRARY_DIR)/Frameworks";
				LD_RUNPATH_SEARCH_PATHS = "$(inherited) @executable_path/../Frameworks @loader_path/Frameworks";
				MACOSX_DEPLOYMENT_TARGET = 10.10;
				PRODUCT_BUNDLE_IDENTIFIER = com.swiftdate.SwiftDate;
				PRODUCT_NAME = SwiftDate;
				SDKROOT = macosx;
				SKIP_INSTALL = YES;
			};
			name = Debug;
		};
		CCCADCBD1BB89C1C00B905DD /* Release */ = {
			isa = XCBuildConfiguration;
			buildSettings = {
				COMBINE_HIDPI_IMAGES = YES;
				DEFINES_MODULE = YES;
				DYLIB_COMPATIBILITY_VERSION = 1;
				DYLIB_CURRENT_VERSION = 1;
				DYLIB_INSTALL_NAME_BASE = "@rpath";
				FRAMEWORK_VERSION = A;
				INFOPLIST_FILE = SwiftDate/Info.plist;
				INSTALL_PATH = "$(LOCAL_LIBRARY_DIR)/Frameworks";
				LD_RUNPATH_SEARCH_PATHS = "$(inherited) @executable_path/../Frameworks @loader_path/Frameworks";
				MACOSX_DEPLOYMENT_TARGET = 10.10;
				PRODUCT_BUNDLE_IDENTIFIER = com.swiftdate.SwiftDate;
				PRODUCT_NAME = SwiftDate;
				SDKROOT = macosx;
				SKIP_INSTALL = YES;
			};
			name = Release;
		};
		CCCADCCC1BB89C7600B905DD /* Debug */ = {
			isa = XCBuildConfiguration;
			buildSettings = {
				COMBINE_HIDPI_IMAGES = YES;
				INFOPLIST_FILE = SwiftDateTests/Info.plist;
				LD_RUNPATH_SEARCH_PATHS = "$(inherited) @executable_path/../Frameworks @loader_path/../Frameworks";
				MACOSX_DEPLOYMENT_TARGET = 10.10;
				PRODUCT_BUNDLE_IDENTIFIER = com.swiftdate.SwiftDateTests;
				PRODUCT_NAME = "$(TARGET_NAME)";
				SDKROOT = macosx;
			};
			name = Debug;
		};
		CCCADCCD1BB89C7600B905DD /* Release */ = {
			isa = XCBuildConfiguration;
			buildSettings = {
				COMBINE_HIDPI_IMAGES = YES;
				INFOPLIST_FILE = SwiftDateTests/Info.plist;
				LD_RUNPATH_SEARCH_PATHS = "$(inherited) @executable_path/../Frameworks @loader_path/../Frameworks";
				MACOSX_DEPLOYMENT_TARGET = 10.10;
				PRODUCT_BUNDLE_IDENTIFIER = com.swiftdate.SwiftDateTests;
				PRODUCT_NAME = "$(TARGET_NAME)";
				SDKROOT = macosx;
			};
			name = Release;
		};
/* End XCBuildConfiguration section */

/* Begin XCConfigurationList section */
		A7FB29FA1C230C0000AA35B1 /* Build configuration list for PBXNativeTarget "SwiftDate watchOS" */ = {
			isa = XCConfigurationList;
			buildConfigurations = (
				A7FB29F81C230C0000AA35B1 /* Debug */,
				A7FB29F91C230C0000AA35B1 /* Release */,
			);
			defaultConfigurationIsVisible = 0;
			defaultConfigurationName = Release;
		};
		CCCADC721BB8909B00B905DD /* Build configuration list for PBXProject "SwiftDate" */ = {
			isa = XCConfigurationList;
			buildConfigurations = (
				CCCADC8A1BB8909B00B905DD /* Debug */,
				CCCADC8B1BB8909B00B905DD /* Release */,
			);
			defaultConfigurationIsVisible = 0;
			defaultConfigurationName = Release;
		};
		CCCADC8C1BB8909B00B905DD /* Build configuration list for PBXNativeTarget "SwiftDate iOS" */ = {
			isa = XCConfigurationList;
			buildConfigurations = (
				CCCADC8D1BB8909B00B905DD /* Debug */,
				CCCADC8E1BB8909B00B905DD /* Release */,
			);
			defaultConfigurationIsVisible = 0;
			defaultConfigurationName = Release;
		};
		CCCADC8F1BB8909B00B905DD /* Build configuration list for PBXNativeTarget "SwiftDateTests iOS" */ = {
			isa = XCConfigurationList;
			buildConfigurations = (
				CCCADC901BB8909B00B905DD /* Debug */,
				CCCADC911BB8909B00B905DD /* Release */,
			);
			defaultConfigurationIsVisible = 0;
			defaultConfigurationName = Release;
		};
		CCCADCBE1BB89C1C00B905DD /* Build configuration list for PBXNativeTarget "SwiftDate Mac" */ = {
			isa = XCConfigurationList;
			buildConfigurations = (
				CCCADCBC1BB89C1C00B905DD /* Debug */,
				CCCADCBD1BB89C1C00B905DD /* Release */,
			);
			defaultConfigurationIsVisible = 0;
			defaultConfigurationName = Release;
		};
		CCCADCCB1BB89C7600B905DD /* Build configuration list for PBXNativeTarget "SwiftDateTests Mac" */ = {
			isa = XCConfigurationList;
			buildConfigurations = (
				CCCADCCC1BB89C7600B905DD /* Debug */,
				CCCADCCD1BB89C7600B905DD /* Release */,
			);
			defaultConfigurationIsVisible = 0;
			defaultConfigurationName = Release;
		};
/* End XCConfigurationList section */
	};
	rootObject = CCCADC6F1BB8909B00B905DD /* Project object */;
}
