// !$*UTF8*$!
{
	archiveVersion = 1;
	classes = {
	};
	objectVersion = 46;
	objects = {

/* Begin PBXBuildFile section */
		AA3AF21F1B6F322800A39D1E /* SwiftDate.h in Headers */ = {isa = PBXBuildFile; fileRef = AA3AF21E1B6F322800A39D1E /* SwiftDate.h */; settings = {ATTRIBUTES = (Public, ); }; };
		AA3AF2361B6F39AD00A39D1E /* SwiftDate.swift in Sources */ = {isa = PBXBuildFile; fileRef = AA3AF2351B6F39AD00A39D1E /* SwiftDate.swift */; };
		AA3AF25E1B6F3BD700A39D1E /* AppDelegate.swift in Sources */ = {isa = PBXBuildFile; fileRef = AA3AF25D1B6F3BD700A39D1E /* AppDelegate.swift */; };
		AA3AF2601B6F3BDF00A39D1E /* ViewController.swift in Sources */ = {isa = PBXBuildFile; fileRef = AA3AF25F1B6F3BDF00A39D1E /* ViewController.swift */; };
		AA3AF2631B6F3BF000A39D1E /* Main.storyboard in Resources */ = {isa = PBXBuildFile; fileRef = AA3AF2611B6F3BF000A39D1E /* Main.storyboard */; };
		AA3AF2661B6F3BFF00A39D1E /* LaunchScreen.xib in Resources */ = {isa = PBXBuildFile; fileRef = AA3AF2641B6F3BFF00A39D1E /* LaunchScreen.xib */; };
		AA3AF2681B6F3C0600A39D1E /* Images.xcassets in Resources */ = {isa = PBXBuildFile; fileRef = AA3AF2671B6F3C0600A39D1E /* Images.xcassets */; };
		AA3AF2691B6F3D5F00A39D1E /* SwiftDate.framework in Frameworks */ = {isa = PBXBuildFile; fileRef = AA3AF2191B6F322800A39D1E /* SwiftDate.framework */; };
		AAAF245E1B6F423C00B4444C /* Info.plist in Resources */ = {isa = PBXBuildFile; fileRef = AAAF245D1B6F423C00B4444C /* Info.plist */; };
/* End PBXBuildFile section */

/* Begin PBXFileReference section */
		AA3AF2191B6F322800A39D1E /* SwiftDate.framework */ = {isa = PBXFileReference; explicitFileType = wrapper.framework; includeInIndex = 0; path = SwiftDate.framework; sourceTree = BUILT_PRODUCTS_DIR; };
		AA3AF21D1B6F322800A39D1E /* Info.plist */ = {isa = PBXFileReference; lastKnownFileType = text.plist.xml; path = Info.plist; sourceTree = "<group>"; };
		AA3AF21E1B6F322800A39D1E /* SwiftDate.h */ = {isa = PBXFileReference; lastKnownFileType = sourcecode.c.h; path = SwiftDate.h; sourceTree = "<group>"; };
		AA3AF2351B6F39AD00A39D1E /* SwiftDate.swift */ = {isa = PBXFileReference; fileEncoding = 4; lastKnownFileType = sourcecode.swift; path = SwiftDate.swift; sourceTree = "<group>"; };
		AA3AF23B1B6F3B3E00A39D1E /* ExampleProject.app */ = {isa = PBXFileReference; explicitFileType = wrapper.application; includeInIndex = 0; path = ExampleProject.app; sourceTree = BUILT_PRODUCTS_DIR; };
		AA3AF25D1B6F3BD700A39D1E /* AppDelegate.swift */ = {isa = PBXFileReference; fileEncoding = 4; lastKnownFileType = sourcecode.swift; name = AppDelegate.swift; path = ExampleProject/AppDelegate.swift; sourceTree = "<group>"; };
		AA3AF25F1B6F3BDF00A39D1E /* ViewController.swift */ = {isa = PBXFileReference; fileEncoding = 4; lastKnownFileType = sourcecode.swift; name = ViewController.swift; path = ExampleProject/ViewController.swift; sourceTree = "<group>"; };
		AA3AF2621B6F3BF000A39D1E /* Base */ = {isa = PBXFileReference; lastKnownFileType = file.storyboard; name = Base; path = ExampleProject/Base.lproj/Main.storyboard; sourceTree = "<group>"; };
		AA3AF2651B6F3BFF00A39D1E /* Base */ = {isa = PBXFileReference; lastKnownFileType = file.xib; name = Base; path = ExampleProject/Base.lproj/LaunchScreen.xib; sourceTree = "<group>"; };
		AA3AF2671B6F3C0600A39D1E /* Images.xcassets */ = {isa = PBXFileReference; lastKnownFileType = folder.assetcatalog; name = Images.xcassets; path = ExampleProject/Images.xcassets; sourceTree = "<group>"; };
		AAAF245D1B6F423C00B4444C /* Info.plist */ = {isa = PBXFileReference; fileEncoding = 4; lastKnownFileType = text.plist.xml; path = Info.plist; sourceTree = "<group>"; };
/* End PBXFileReference section */

/* Begin PBXFrameworksBuildPhase section */
		AA3AF2151B6F322800A39D1E /* Frameworks */ = {
			isa = PBXFrameworksBuildPhase;
			buildActionMask = 2147483647;
			files = (
			);
			runOnlyForDeploymentPostprocessing = 0;
		};
		AA3AF2381B6F3B3E00A39D1E /* Frameworks */ = {
			isa = PBXFrameworksBuildPhase;
			buildActionMask = 2147483647;
			files = (
				AA3AF2691B6F3D5F00A39D1E /* SwiftDate.framework in Frameworks */,
			);
			runOnlyForDeploymentPostprocessing = 0;
		};
/* End PBXFrameworksBuildPhase section */

/* Begin PBXGroup section */
		AA3AF20F1B6F322800A39D1E = {
			isa = PBXGroup;
			children = (
				AA3AF21B1B6F322800A39D1E /* SwiftDate */,
				AA3AF23C1B6F3B3E00A39D1E /* ExampleProject */,
				AA3AF21A1B6F322800A39D1E /* Products */,
			);
			sourceTree = "<group>";
		};
		AA3AF21A1B6F322800A39D1E /* Products */ = {
			isa = PBXGroup;
			children = (
				AA3AF2191B6F322800A39D1E /* SwiftDate.framework */,
				AA3AF23B1B6F3B3E00A39D1E /* ExampleProject.app */,
			);
			name = Products;
			sourceTree = "<group>";
		};
		AA3AF21B1B6F322800A39D1E /* SwiftDate */ = {
			isa = PBXGroup;
			children = (
				AA3AF21E1B6F322800A39D1E /* SwiftDate.h */,
				AA3AF2351B6F39AD00A39D1E /* SwiftDate.swift */,
				AA3AF21C1B6F322800A39D1E /* Supporting Files */,
			);
			path = SwiftDate;
			sourceTree = "<group>";
		};
		AA3AF21C1B6F322800A39D1E /* Supporting Files */ = {
			isa = PBXGroup;
			children = (
				AA3AF21D1B6F322800A39D1E /* Info.plist */,
			);
			name = "Supporting Files";
			sourceTree = "<group>";
		};
		AA3AF23C1B6F3B3E00A39D1E /* ExampleProject */ = {
			isa = PBXGroup;
			children = (
				AA3AF25D1B6F3BD700A39D1E /* AppDelegate.swift */,
				AA3AF25F1B6F3BDF00A39D1E /* ViewController.swift */,
				AA3AF2611B6F3BF000A39D1E /* Main.storyboard */,
				AA3AF2671B6F3C0600A39D1E /* Images.xcassets */,
				AA3AF2641B6F3BFF00A39D1E /* LaunchScreen.xib */,
				AA3AF23D1B6F3B3E00A39D1E /* Supporting Files */,
			);
			path = ExampleProject;
			sourceTree = "<group>";
		};
		AA3AF23D1B6F3B3E00A39D1E /* Supporting Files */ = {
			isa = PBXGroup;
			children = (
				AAAF245D1B6F423C00B4444C /* Info.plist */,
			);
			name = "Supporting Files";
			sourceTree = "<group>";
		};
/* End PBXGroup section */

/* Begin PBXHeadersBuildPhase section */
		AA3AF2161B6F322800A39D1E /* Headers */ = {
			isa = PBXHeadersBuildPhase;
			buildActionMask = 2147483647;
			files = (
				AA3AF21F1B6F322800A39D1E /* SwiftDate.h in Headers */,
			);
			runOnlyForDeploymentPostprocessing = 0;
		};
/* End PBXHeadersBuildPhase section */

/* Begin PBXNativeTarget section */
		AA3AF2181B6F322800A39D1E /* SwiftDate */ = {
			isa = PBXNativeTarget;
			buildConfigurationList = AA3AF22F1B6F322800A39D1E /* Build configuration list for PBXNativeTarget "SwiftDate" */;
			buildPhases = (
				AA3AF2141B6F322800A39D1E /* Sources */,
				AA3AF2151B6F322800A39D1E /* Frameworks */,
				AA3AF2161B6F322800A39D1E /* Headers */,
				AA3AF2171B6F322800A39D1E /* Resources */,
			);
			buildRules = (
			);
			dependencies = (
			);
			name = SwiftDate;
			productName = SwiftDate;
			productReference = AA3AF2191B6F322800A39D1E /* SwiftDate.framework */;
			productType = "com.apple.product-type.framework";
		};
		AA3AF23A1B6F3B3E00A39D1E /* ExampleProject */ = {
			isa = PBXNativeTarget;
			buildConfigurationList = AA3AF2571B6F3B3F00A39D1E /* Build configuration list for PBXNativeTarget "ExampleProject" */;
			buildPhases = (
				AA3AF2371B6F3B3E00A39D1E /* Sources */,
				AA3AF2381B6F3B3E00A39D1E /* Frameworks */,
				AA3AF2391B6F3B3E00A39D1E /* Resources */,
			);
			buildRules = (
			);
			dependencies = (
			);
			name = ExampleProject;
			productName = ExampleProject;
			productReference = AA3AF23B1B6F3B3E00A39D1E /* ExampleProject.app */;
			productType = "com.apple.product-type.application";
		};
/* End PBXNativeTarget section */

/* Begin PBXProject section */
		AA3AF2101B6F322800A39D1E /* Project object */ = {
			isa = PBXProject;
			attributes = {
				LastSwiftUpdateCheck = 0700;
				LastUpgradeCheck = 0640;
				ORGANIZATIONNAME = "Recruit Lifestyle Co., Ltd.";
				TargetAttributes = {
					AA3AF2181B6F322800A39D1E = {
						CreatedOnToolsVersion = 6.4;
					};
					AA3AF23A1B6F3B3E00A39D1E = {
						CreatedOnToolsVersion = 6.4;
					};
				};
			};
			buildConfigurationList = AA3AF2131B6F322800A39D1E /* Build configuration list for PBXProject "SwiftDate" */;
			compatibilityVersion = "Xcode 3.2";
			developmentRegion = English;
			hasScannedForEncodings = 0;
			knownRegions = (
				en,
				Base,
			);
			mainGroup = AA3AF20F1B6F322800A39D1E;
			productRefGroup = AA3AF21A1B6F322800A39D1E /* Products */;
			projectDirPath = "";
			projectRoot = "";
			targets = (
				AA3AF2181B6F322800A39D1E /* SwiftDate */,
				AA3AF23A1B6F3B3E00A39D1E /* ExampleProject */,
			);
		};
/* End PBXProject section */

/* Begin PBXResourcesBuildPhase section */
		AA3AF2171B6F322800A39D1E /* Resources */ = {
			isa = PBXResourcesBuildPhase;
			buildActionMask = 2147483647;
			files = (
			);
			runOnlyForDeploymentPostprocessing = 0;
		};
		AA3AF2391B6F3B3E00A39D1E /* Resources */ = {
			isa = PBXResourcesBuildPhase;
			buildActionMask = 2147483647;
			files = (
				AAAF245E1B6F423C00B4444C /* Info.plist in Resources */,
				AA3AF2681B6F3C0600A39D1E /* Images.xcassets in Resources */,
				AA3AF2631B6F3BF000A39D1E /* Main.storyboard in Resources */,
				AA3AF2661B6F3BFF00A39D1E /* LaunchScreen.xib in Resources */,
			);
			runOnlyForDeploymentPostprocessing = 0;
		};
/* End PBXResourcesBuildPhase section */

/* Begin PBXSourcesBuildPhase section */
		AA3AF2141B6F322800A39D1E /* Sources */ = {
			isa = PBXSourcesBuildPhase;
			buildActionMask = 2147483647;
			files = (
				AA3AF2361B6F39AD00A39D1E /* SwiftDate.swift in Sources */,
			);
			runOnlyForDeploymentPostprocessing = 0;
		};
		AA3AF2371B6F3B3E00A39D1E /* Sources */ = {
			isa = PBXSourcesBuildPhase;
			buildActionMask = 2147483647;
			files = (
				AA3AF2601B6F3BDF00A39D1E /* ViewController.swift in Sources */,
				AA3AF25E1B6F3BD700A39D1E /* AppDelegate.swift in Sources */,
			);
			runOnlyForDeploymentPostprocessing = 0;
		};
/* End PBXSourcesBuildPhase section */

/* Begin PBXVariantGroup section */
		AA3AF2611B6F3BF000A39D1E /* Main.storyboard */ = {
			isa = PBXVariantGroup;
			children = (
				AA3AF2621B6F3BF000A39D1E /* Base */,
			);
			name = Main.storyboard;
			sourceTree = "<group>";
		};
		AA3AF2641B6F3BFF00A39D1E /* LaunchScreen.xib */ = {
			isa = PBXVariantGroup;
			children = (
				AA3AF2651B6F3BFF00A39D1E /* Base */,
			);
			name = LaunchScreen.xib;
			sourceTree = "<group>";
		};
/* End PBXVariantGroup section */

/* Begin XCBuildConfiguration section */
		AA3AF22D1B6F322800A39D1E /* Debug */ = {
			isa = XCBuildConfiguration;
			buildSettings = {
				ALWAYS_SEARCH_USER_PATHS = NO;
				CLANG_CXX_LANGUAGE_STANDARD = "gnu++0x";
				CLANG_CXX_LIBRARY = "libc++";
				CLANG_ENABLE_MODULES = YES;
				CLANG_ENABLE_OBJC_ARC = YES;
				CLANG_WARN_BOOL_CONVERSION = YES;
				CLANG_WARN_CONSTANT_CONVERSION = YES;
				CLANG_WARN_DIRECT_OBJC_ISA_USAGE = YES_ERROR;
				CLANG_WARN_EMPTY_BODY = YES;
				CLANG_WARN_ENUM_CONVERSION = YES;
				CLANG_WARN_INT_CONVERSION = YES;
				CLANG_WARN_OBJC_ROOT_CLASS = YES_ERROR;
				CLANG_WARN_UNREACHABLE_CODE = YES;
				CLANG_WARN__DUPLICATE_METHOD_MATCH = YES;
				"CODE_SIGN_IDENTITY[sdk=iphoneos*]" = "iPhone Developer";
				COPY_PHASE_STRIP = NO;
				CURRENT_PROJECT_VERSION = 1;
				DEBUG_INFORMATION_FORMAT = "dwarf-with-dsym";
				ENABLE_STRICT_OBJC_MSGSEND = YES;
				GCC_C_LANGUAGE_STANDARD = gnu99;
				GCC_DYNAMIC_NO_PIC = NO;
				GCC_NO_COMMON_BLOCKS = YES;
				GCC_OPTIMIZATION_LEVEL = 0;
				GCC_PREPROCESSOR_DEFINITIONS = (
					"DEBUG=1",
					"$(inherited)",
				);
				GCC_SYMBOLS_PRIVATE_EXTERN = NO;
				GCC_WARN_64_TO_32_BIT_CONVERSION = YES;
				GCC_WARN_ABOUT_RETURN_TYPE = YES_ERROR;
				GCC_WARN_UNDECLARED_SELECTOR = YES;
				GCC_WARN_UNINITIALIZED_AUTOS = YES_AGGRESSIVE;
				GCC_WARN_UNUSED_FUNCTION = YES;
				GCC_WARN_UNUSED_VARIABLE = YES;
				IPHONEOS_DEPLOYMENT_TARGET = 8.4;
				MTL_ENABLE_DEBUG_INFO = YES;
				ONLY_ACTIVE_ARCH = YES;
				SDKROOT = iphoneos;
				SWIFT_OPTIMIZATION_LEVEL = "-Onone";
				TARGETED_DEVICE_FAMILY = "1,2";
				VERSIONING_SYSTEM = "apple-generic";
				VERSION_INFO_PREFIX = "";
			};
			name = Debug;
		};
		AA3AF22E1B6F322800A39D1E /* Release */ = {
			isa = XCBuildConfiguration;
			buildSettings = {
				ALWAYS_SEARCH_USER_PATHS = NO;
				CLANG_CXX_LANGUAGE_STANDARD = "gnu++0x";
				CLANG_CXX_LIBRARY = "libc++";
				CLANG_ENABLE_MODULES = YES;
				CLANG_ENABLE_OBJC_ARC = YES;
				CLANG_WARN_BOOL_CONVERSION = YES;
				CLANG_WARN_CONSTANT_CONVERSION = YES;
				CLANG_WARN_DIRECT_OBJC_ISA_USAGE = YES_ERROR;
				CLANG_WARN_EMPTY_BODY = YES;
				CLANG_WARN_ENUM_CONVERSION = YES;
				CLANG_WARN_INT_CONVERSION = YES;
				CLANG_WARN_OBJC_ROOT_CLASS = YES_ERROR;
				CLANG_WARN_UNREACHABLE_CODE = YES;
				CLANG_WARN__DUPLICATE_METHOD_MATCH = YES;
				"CODE_SIGN_IDENTITY[sdk=iphoneos*]" = "iPhone Developer";
				COPY_PHASE_STRIP = NO;
				CURRENT_PROJECT_VERSION = 1;
				DEBUG_INFORMATION_FORMAT = "dwarf-with-dsym";
				ENABLE_NS_ASSERTIONS = NO;
				ENABLE_STRICT_OBJC_MSGSEND = YES;
				GCC_C_LANGUAGE_STANDARD = gnu99;
				GCC_NO_COMMON_BLOCKS = YES;
				GCC_WARN_64_TO_32_BIT_CONVERSION = YES;
				GCC_WARN_ABOUT_RETURN_TYPE = YES_ERROR;
				GCC_WARN_UNDECLARED_SELECTOR = YES;
				GCC_WARN_UNINITIALIZED_AUTOS = YES_AGGRESSIVE;
				GCC_WARN_UNUSED_FUNCTION = YES;
				GCC_WARN_UNUSED_VARIABLE = YES;
				IPHONEOS_DEPLOYMENT_TARGET = 8.4;
				MTL_ENABLE_DEBUG_INFO = NO;
				SDKROOT = iphoneos;
				TARGETED_DEVICE_FAMILY = "1,2";
				VALIDATE_PRODUCT = YES;
				VERSIONING_SYSTEM = "apple-generic";
				VERSION_INFO_PREFIX = "";
			};
			name = Release;
		};
		AA3AF2301B6F322800A39D1E /* Debug */ = {
			isa = XCBuildConfiguration;
			buildSettings = {
				CLANG_ENABLE_MODULES = YES;
				DEFINES_MODULE = YES;
				DYLIB_COMPATIBILITY_VERSION = 1;
				DYLIB_CURRENT_VERSION = 1;
				DYLIB_INSTALL_NAME_BASE = "@rpath";
				INFOPLIST_FILE = SwiftDate/Info.plist;
				INSTALL_PATH = "$(LOCAL_LIBRARY_DIR)/Frameworks";
				LD_RUNPATH_SEARCH_PATHS = "$(inherited) @executable_path/Frameworks @loader_path/Frameworks";
				PRODUCT_NAME = "$(TARGET_NAME)";
				SKIP_INSTALL = YES;
				SWIFT_OPTIMIZATION_LEVEL = "-Onone";
			};
			name = Debug;
		};
		AA3AF2311B6F322800A39D1E /* Release */ = {
			isa = XCBuildConfiguration;
			buildSettings = {
				CLANG_ENABLE_MODULES = YES;
				DEFINES_MODULE = YES;
				DYLIB_COMPATIBILITY_VERSION = 1;
				DYLIB_CURRENT_VERSION = 1;
				DYLIB_INSTALL_NAME_BASE = "@rpath";
				INFOPLIST_FILE = SwiftDate/Info.plist;
				INSTALL_PATH = "$(LOCAL_LIBRARY_DIR)/Frameworks";
				LD_RUNPATH_SEARCH_PATHS = "$(inherited) @executable_path/Frameworks @loader_path/Frameworks";
				PRODUCT_NAME = "$(TARGET_NAME)";
				SKIP_INSTALL = YES;
			};
			name = Release;
		};
		AA3AF2581B6F3B3F00A39D1E /* Debug */ = {
			isa = XCBuildConfiguration;
			buildSettings = {
				ASSETCATALOG_COMPILER_APPICON_NAME = AppIcon;
				GCC_PREPROCESSOR_DEFINITIONS = (
					"DEBUG=1",
					"$(inherited)",
				);
				INFOPLIST_FILE = ExampleProject/Info.plist;
				LD_RUNPATH_SEARCH_PATHS = "$(inherited) @executable_path/Frameworks";
				PRODUCT_NAME = "$(TARGET_NAME)";
			};
			name = Debug;
		};
		AA3AF2591B6F3B3F00A39D1E /* Release */ = {
			isa = XCBuildConfiguration;
			buildSettings = {
				ASSETCATALOG_COMPILER_APPICON_NAME = AppIcon;
				INFOPLIST_FILE = ExampleProject/Info.plist;
				LD_RUNPATH_SEARCH_PATHS = "$(inherited) @executable_path/Frameworks";
				PRODUCT_NAME = "$(TARGET_NAME)";
			};
			name = Release;
		};
/* End XCBuildConfiguration section */

/* Begin XCConfigurationList section */
		AA3AF2131B6F322800A39D1E /* Build configuration list for PBXProject "SwiftDate" */ = {
			isa = XCConfigurationList;
			buildConfigurations = (
				AA3AF22D1B6F322800A39D1E /* Debug */,
				AA3AF22E1B6F322800A39D1E /* Release */,
			);
			defaultConfigurationIsVisible = 0;
			defaultConfigurationName = Release;
		};
		AA3AF22F1B6F322800A39D1E /* Build configuration list for PBXNativeTarget "SwiftDate" */ = {
			isa = XCConfigurationList;
			buildConfigurations = (
				AA3AF2301B6F322800A39D1E /* Debug */,
				AA3AF2311B6F322800A39D1E /* Release */,
			);
			defaultConfigurationIsVisible = 0;
			defaultConfigurationName = Release;
		};
		AA3AF2571B6F3B3F00A39D1E /* Build configuration list for PBXNativeTarget "ExampleProject" */ = {
			isa = XCConfigurationList;
			buildConfigurations = (
				AA3AF2581B6F3B3F00A39D1E /* Debug */,
				AA3AF2591B6F3B3F00A39D1E /* Release */,
			);
			defaultConfigurationIsVisible = 0;
			defaultConfigurationName = Release;
		};
/* End XCConfigurationList section */
	};
	rootObject = AA3AF2101B6F322800A39D1E /* Project object */;
}
