// !$*UTF8*$!
{
	archiveVersion = 1;
	classes = {
	};
	objectVersion = 46;
	objects = {

/* Begin PBXBuildFile section */
		1F198DF41C79C3DB00C8EA14 /* main.swift in Sources */ = {isa = PBXBuildFile; fileRef = 1F198DF31C79C3DB00C8EA14 /* main.swift */; };
/* End PBXBuildFile section */

/* Begin PBXCopyFilesBuildPhase section */
		1F198DEE1C79C3DB00C8EA14 /* CopyFiles */ = {
			isa = PBXCopyFilesBuildPhase;
			buildActionMask = 2147483647;
			dstPath = /usr/share/man/man1/;
			dstSubfolderSpec = 0;
			files = (
			);
			runOnlyForDeploymentPostprocessing = 1;
		};
/* End PBXCopyFilesBuildPhase section */

/* Begin PBXFileReference section */
		1F198DF01C79C3DB00C8EA14 /* SwiftDateTimeZoneGen */ = {isa = PBXFileReference; explicitFileType = "compiled.mach-o.executable"; includeInIndex = 0; path = SwiftDateTimeZoneGen; sourceTree = BUILT_PRODUCTS_DIR; };
		1F198DF31C79C3DB00C8EA14 /* main.swift */ = {isa = PBXFileReference; lastKnownFileType = sourcecode.swift; path = main.swift; sourceTree = "<group>"; };
/* End PBXFileReference section */

/* Begin PBXFrameworksBuildPhase section */
		1F198DED1C79C3DB00C8EA14 /* Frameworks */ = {
			isa = PBXFrameworksBuildPhase;
			buildActionMask = 2147483647;
			files = (
			);
			runOnlyForDeploymentPostprocessing = 0;
		};
/* End PBXFrameworksBuildPhase section */

/* Begin PBXGroup section */
		1F198DE71C79C3DB00C8EA14 = {
			isa = PBXGroup;
			children = (
				1F198DF21C79C3DB00C8EA14 /* SwiftDateTimeZoneGen */,
				1F198DF11C79C3DB00C8EA14 /* Products */,
			);
			sourceTree = "<group>";
		};
		1F198DF11C79C3DB00C8EA14 /* Products */ = {
			isa = PBXGroup;
			children = (
				1F198DF01C79C3DB00C8EA14 /* SwiftDateTimeZoneGen */,
			);
			name = Products;
			sourceTree = "<group>";
		};
		1F198DF21C79C3DB00C8EA14 /* SwiftDateTimeZoneGen */ = {
			isa = PBXGroup;
			children = (
				1F198DF31C79C3DB00C8EA14 /* main.swift */,
			);
			path = SwiftDateTimeZoneGen;
			sourceTree = "<group>";
		};
/* End PBXGroup section */

/* Begin PBXNativeTarget section */
		1F198DEF1C79C3DB00C8EA14 /* SwiftDateTimeZoneGen */ = {
			isa = PBXNativeTarget;
			buildConfigurationList = 1F198DF71C79C3DB00C8EA14 /* Build configuration list for PBXNativeTarget "SwiftDateTimeZoneGen" */;
			buildPhases = (
				1F198DEC1C79C3DB00C8EA14 /* Sources */,
				1F198DED1C79C3DB00C8EA14 /* Frameworks */,
				1F198DEE1C79C3DB00C8EA14 /* CopyFiles */,
			);
			buildRules = (
			);
			dependencies = (
			);
			name = SwiftDateTimeZoneGen;
			productName = SwiftDateTimeZoneGen;
			productReference = 1F198DF01C79C3DB00C8EA14 /* SwiftDateTimeZoneGen */;
			productType = "com.apple.product-type.tool";
		};
/* End PBXNativeTarget section */

/* Begin PBXProject section */
		1F198DE81C79C3DB00C8EA14 /* Project object */ = {
			isa = PBXProject;
			attributes = {
				LastSwiftUpdateCheck = 0720;
				LastUpgradeCheck = 0720;
				ORGANIZATIONNAME = "Jeroen Houtzager";
				TargetAttributes = {
					1F198DEF1C79C3DB00C8EA14 = {
						CreatedOnToolsVersion = 7.2.1;
					};
				};
			};
			buildConfigurationList = 1F198DEB1C79C3DB00C8EA14 /* Build configuration list for PBXProject "SwiftDateTimeZoneGen" */;
			compatibilityVersion = "Xcode 3.2";
			developmentRegion = English;
			hasScannedForEncodings = 0;
			knownRegions = (
				en,
			);
			mainGroup = 1F198DE71C79C3DB00C8EA14;
			productRefGroup = 1F198DF11C79C3DB00C8EA14 /* Products */;
			projectDirPath = "";
			projectRoot = "";
			targets = (
				1F198DEF1C79C3DB00C8EA14 /* SwiftDateTimeZoneGen */,
			);
		};
/* End PBXProject section */

/* Begin PBXSourcesBuildPhase section */
		1F198DEC1C79C3DB00C8EA14 /* Sources */ = {
			isa = PBXSourcesBuildPhase;
			buildActionMask = 2147483647;
			files = (
				1F198DF41C79C3DB00C8EA14 /* main.swift in Sources */,
			);
			runOnlyForDeploymentPostprocessing = 0;
		};
/* End PBXSourcesBuildPhase section */

/* Begin XCBuildConfiguration section */
		1F198DF51C79C3DB00C8EA14 /* Debug */ = {
			isa = XCBuildConfiguration;
			buildSettings = {
				ALWAYS_SEARCH_USER_PATHS = NO;
				CLANG_CXX_LANGUAGE_STANDARD = "gnu++0x";
				CLANG_CXX_LIBRARY = "libc++";
				CLANG_ENABLE_MODULES = YES;
				CLANG_ENABLE_OBJC_ARC = YES;
				CLANG_WARN_BOOL_CONVERSION = YES;
				CLANG_WARN_CONSTANT_CONVERSION = YES;
				CLANG_WARN_DIRECT_OBJC_ISA_USAGE = YES_ERROR;
				CLANG_WARN_EMPTY_BODY = YES;
				CLANG_WARN_ENUM_CONVERSION = YES;
				CLANG_WARN_INT_CONVERSION = YES;
				CLANG_WARN_OBJC_ROOT_CLASS = YES_ERROR;
				CLANG_WARN_UNREACHABLE_CODE = YES;
				CLANG_WARN__DUPLICATE_METHOD_MATCH = YES;
				CODE_SIGN_IDENTITY = "-";
				COPY_PHASE_STRIP = NO;
				DEBUG_INFORMATION_FORMAT = dwarf;
				ENABLE_STRICT_OBJC_MSGSEND = YES;
				ENABLE_TESTABILITY = YES;
				GCC_C_LANGUAGE_STANDARD = gnu99;
				GCC_DYNAMIC_NO_PIC = NO;
				GCC_NO_COMMON_BLOCKS = YES;
				GCC_OPTIMIZATION_LEVEL = 0;
				GCC_PREPROCESSOR_DEFINITIONS = (
					"DEBUG=1",
					"$(inherited)",
				);
				GCC_WARN_64_TO_32_BIT_CONVERSION = YES;
				GCC_WARN_ABOUT_RETURN_TYPE = YES_ERROR;
				GCC_WARN_UNDECLARED_SELECTOR = YES;
				GCC_WARN_UNINITIALIZED_AUTOS = YES_AGGRESSIVE;
				GCC_WARN_UNUSED_FUNCTION = YES;
				GCC_WARN_UNUSED_VARIABLE = YES;
				MACOSX_DEPLOYMENT_TARGET = 10.11;
				MTL_ENABLE_DEBUG_INFO = YES;
				ONLY_ACTIVE_ARCH = YES;
				SDKROOT = macosx;
				SWIFT_OPTIMIZATION_LEVEL = "-Onone";
			};
			name = Debug;
		};
		1F198DF61C79C3DB00C8EA14 /* Release */ = {
			isa = XCBuildConfiguration;
			buildSettings = {
				ALWAYS_SEARCH_USER_PATHS = NO;
				CLANG_CXX_LANGUAGE_STANDARD = "gnu++0x";
				CLANG_CXX_LIBRARY = "libc++";
				CLANG_ENABLE_MODULES = YES;
				CLANG_ENABLE_OBJC_ARC = YES;
				CLANG_WARN_BOOL_CONVERSION = YES;
				CLANG_WARN_CONSTANT_CONVERSION = YES;
				CLANG_WARN_DIRECT_OBJC_ISA_USAGE = YES_ERROR;
				CLANG_WARN_EMPTY_BODY = YES;
				CLANG_WARN_ENUM_CONVERSION = YES;
				CLANG_WARN_INT_CONVERSION = YES;
				CLANG_WARN_OBJC_ROOT_CLASS = YES_ERROR;
				CLANG_WARN_UNREACHABLE_CODE = YES;
				CLANG_WARN__DUPLICATE_METHOD_MATCH = YES;
				CODE_SIGN_IDENTITY = "-";
				COPY_PHASE_STRIP = NO;
				DEBUG_INFORMATION_FORMAT = "dwarf-with-dsym";
				ENABLE_NS_ASSERTIONS = NO;
				ENABLE_STRICT_OBJC_MSGSEND = YES;
				GCC_C_LANGUAGE_STANDARD = gnu99;
				GCC_NO_COMMON_BLOCKS = YES;
				GCC_WARN_64_TO_32_BIT_CONVERSION = YES;
				GCC_WARN_ABOUT_RETURN_TYPE = YES_ERROR;
				GCC_WARN_UNDECLARED_SELECTOR = YES;
				GCC_WARN_UNINITIALIZED_AUTOS = YES_AGGRESSIVE;
				GCC_WARN_UNUSED_FUNCTION = YES;
				GCC_WARN_UNUSED_VARIABLE = YES;
				MACOSX_DEPLOYMENT_TARGET = 10.11;
				MTL_ENABLE_DEBUG_INFO = NO;
				SDKROOT = macosx;
			};
			name = Release;
		};
		1F198DF81C79C3DB00C8EA14 /* Debug */ = {
			isa = XCBuildConfiguration;
			buildSettings = {
				PRODUCT_NAME = "$(TARGET_NAME)";
			};
			name = Debug;
		};
		1F198DF91C79C3DB00C8EA14 /* Release */ = {
			isa = XCBuildConfiguration;
			buildSettings = {
				PRODUCT_NAME = "$(TARGET_NAME)";
			};
			name = Release;
		};
/* End XCBuildConfiguration section */

/* Begin XCConfigurationList section */
		1F198DEB1C79C3DB00C8EA14 /* Build configuration list for PBXProject "SwiftDateTimeZoneGen" */ = {
			isa = XCConfigurationList;
			buildConfigurations = (
				1F198DF51C79C3DB00C8EA14 /* Debug */,
				1F198DF61C79C3DB00C8EA14 /* Release */,
			);
			defaultConfigurationIsVisible = 0;
			defaultConfigurationName = Release;
		};
		1F198DF71C79C3DB00C8EA14 /* Build configuration list for PBXNativeTarget "SwiftDateTimeZoneGen" */ = {
			isa = XCConfigurationList;
			buildConfigurations = (
				1F198DF81C79C3DB00C8EA14 /* Debug */,
				1F198DF91C79C3DB00C8EA14 /* Release */,
			);
			defaultConfigurationIsVisible = 0;
		};
/* End XCConfigurationList section */
	};
	rootObject = 1F198DE81C79C3DB00C8EA14 /* Project object */;
}
