// !$*UTF8*$!
{
	archiveVersion = 1;
	classes = {
	};
	objectVersion = 46;
	objects = {

/* Begin PBXBuildFile section */
		0808C26D1CAB30500068C0F2 /* DateFormatterTests.swift in Sources */ = {isa = PBXBuildFile; fileRef = 0808C26C1CAB30500068C0F2 /* DateFormatterTests.swift */; };
		1F458FB81C7B23AC00FCFD97 /* NSCalendarTests.swift in Sources */ = {isa = PBXBuildFile; fileRef = 1F458FB71C7B23AC00FCFD97 /* NSCalendarTests.swift */; };
		1F458FBA1C7B29AD00FCFD97 /* NSTimeIntervalTests.swift in Sources */ = {isa = PBXBuildFile; fileRef = 1F458FB91C7B29AD00FCFD97 /* NSTimeIntervalTests.swift */; };
		1F458FBC1C7B2CC300FCFD97 /* NSTimeZoneTests.swift in Sources */ = {isa = PBXBuildFile; fileRef = 1F458FBB1C7B2CC300FCFD97 /* NSTimeZoneTests.swift */; };
		1F458FBE1C7B2EEA00FCFD97 /* NSDateComponentsTests.swift in Sources */ = {isa = PBXBuildFile; fileRef = 1F458FBD1C7B2EEA00FCFD97 /* NSDateComponentsTests.swift */; };
		1FAA839C1C79C6DA0084BAB6 /* SwiftDate.framework in Frameworks */ = {isa = PBXBuildFile; fileRef = 1FAA83921C79C6DA0084BAB6 /* SwiftDate.framework */; };
		1FAA83CF1C79C75A0084BAB6 /* DateInRegionComparisonTests.swift in Sources */ = {isa = PBXBuildFile; fileRef = 1FAA83511C79C67D0084BAB6 /* DateInRegionComparisonTests.swift */; };
		1FAA83D01C79C75A0084BAB6 /* DateInRegionComponentPortTests.swift in Sources */ = {isa = PBXBuildFile; fileRef = 1FAA83521C79C67D0084BAB6 /* DateInRegionComponentPortTests.swift */; };
		1FAA83D11C79C75A0084BAB6 /* DateInRegionEquationsTests.swift in Sources */ = {isa = PBXBuildFile; fileRef = 1FAA83531C79C67D0084BAB6 /* DateInRegionEquationsTests.swift */; };
		1FAA83D21C79C75A0084BAB6 /* DateInRegionHashableTests.swift in Sources */ = {isa = PBXBuildFile; fileRef = 1FAA83541C79C67D0084BAB6 /* DateInRegionHashableTests.swift */; };
		1FAA83D31C79C75A0084BAB6 /* DateInRegionOperationsTests.swift in Sources */ = {isa = PBXBuildFile; fileRef = 1FAA83551C79C67D0084BAB6 /* DateInRegionOperationsTests.swift */; };
		1FAA83D41C79C75A0084BAB6 /* DateInRegionTests.swift in Sources */ = {isa = PBXBuildFile; fileRef = 1FAA83561C79C67D0084BAB6 /* DateInRegionTests.swift */; };
		1FAA83D51C79C75A0084BAB6 /* NSDateComponentPortTests.swift in Sources */ = {isa = PBXBuildFile; fileRef = 1FAA83571C79C67D0084BAB6 /* NSDateComponentPortTests.swift */; };
		1FAA83D61C79C75A0084BAB6 /* NSDateEquationsTests.swift in Sources */ = {isa = PBXBuildFile; fileRef = 1FAA83581C79C67D0084BAB6 /* NSDateEquationsTests.swift */; };
		1FAA83D71C79C75A0084BAB6 /* NSDateTests.swift in Sources */ = {isa = PBXBuildFile; fileRef = 1FAA83591C79C67D0084BAB6 /* NSDateTests.swift */; };
		1FAA83D81C79C75A0084BAB6 /* RegionStringTests.swift in Sources */ = {isa = PBXBuildFile; fileRef = 1FAA835A1C79C67D0084BAB6 /* RegionStringTests.swift */; };
		1FAA83D91C79C75A0084BAB6 /* RegionTests.swift in Sources */ = {isa = PBXBuildFile; fileRef = 1FAA835B1C79C67D0084BAB6 /* RegionTests.swift */; };
		1FAA83E41C7A3EE50084BAB6 /* NSDateIntervalTests.swift in Sources */ = {isa = PBXBuildFile; fileRef = 1FAA83E31C7A3EE50084BAB6 /* NSDateIntervalTests.swift */; };
		902D9E1C1C7E2D3F0081652B /* Nimble.framework in CopyFiles */ = {isa = PBXBuildFile; fileRef = 905EAD0A1C7E16F800302F49 /* Nimble.framework */; settings = {ATTRIBUTES = (CodeSignOnCopy, RemoveHeadersOnCopy, ); }; };
		902D9E1D1C7E2D3F0081652B /* Quick.framework in CopyFiles */ = {isa = PBXBuildFile; fileRef = 905EAD0B1C7E16F800302F49 /* Quick.framework */; settings = {ATTRIBUTES = (CodeSignOnCopy, RemoveHeadersOnCopy, ); }; };
		904CFE5B1C80734800427EB1 /* Additions.swift in Sources */ = {isa = PBXBuildFile; fileRef = 904CFE5A1C80734800427EB1 /* Additions.swift */; };
		904CFE5C1C80735200427EB1 /* Additions.swift in Sources */ = {isa = PBXBuildFile; fileRef = 904CFE5A1C80734800427EB1 /* Additions.swift */; };
		904CFE5D1C80735300427EB1 /* Additions.swift in Sources */ = {isa = PBXBuildFile; fileRef = 904CFE5A1C80734800427EB1 /* Additions.swift */; };
		904CFE5E1C80735400427EB1 /* Additions.swift in Sources */ = {isa = PBXBuildFile; fileRef = 904CFE5A1C80734800427EB1 /* Additions.swift */; };
		904CFE741C80739300427EB1 /* DateFormatter.swift in Sources */ = {isa = PBXBuildFile; fileRef = 904CFE5F1C80739300427EB1 /* DateFormatter.swift */; };
		904CFE751C80739300427EB1 /* DateFormatter.swift in Sources */ = {isa = PBXBuildFile; fileRef = 904CFE5F1C80739300427EB1 /* DateFormatter.swift */; };
		904CFE761C80739300427EB1 /* DateFormatter.swift in Sources */ = {isa = PBXBuildFile; fileRef = 904CFE5F1C80739300427EB1 /* DateFormatter.swift */; };
		904CFE771C80739300427EB1 /* DateFormatter.swift in Sources */ = {isa = PBXBuildFile; fileRef = 904CFE5F1C80739300427EB1 /* DateFormatter.swift */; };
		904CFE781C80739300427EB1 /* DateInRegion.swift in Sources */ = {isa = PBXBuildFile; fileRef = 904CFE601C80739300427EB1 /* DateInRegion.swift */; };
		904CFE791C80739300427EB1 /* DateInRegion.swift in Sources */ = {isa = PBXBuildFile; fileRef = 904CFE601C80739300427EB1 /* DateInRegion.swift */; };
		904CFE7A1C80739300427EB1 /* DateInRegion.swift in Sources */ = {isa = PBXBuildFile; fileRef = 904CFE601C80739300427EB1 /* DateInRegion.swift */; };
		904CFE7B1C80739300427EB1 /* DateInRegion.swift in Sources */ = {isa = PBXBuildFile; fileRef = 904CFE601C80739300427EB1 /* DateInRegion.swift */; };
		904CFE7C1C80739300427EB1 /* DateInRegion+Comparisons.swift in Sources */ = {isa = PBXBuildFile; fileRef = 904CFE611C80739300427EB1 /* DateInRegion+Comparisons.swift */; };
		904CFE7D1C80739300427EB1 /* DateInRegion+Comparisons.swift in Sources */ = {isa = PBXBuildFile; fileRef = 904CFE611C80739300427EB1 /* DateInRegion+Comparisons.swift */; };
		904CFE7E1C80739300427EB1 /* DateInRegion+Comparisons.swift in Sources */ = {isa = PBXBuildFile; fileRef = 904CFE611C80739300427EB1 /* DateInRegion+Comparisons.swift */; };
		904CFE7F1C80739300427EB1 /* DateInRegion+Comparisons.swift in Sources */ = {isa = PBXBuildFile; fileRef = 904CFE611C80739300427EB1 /* DateInRegion+Comparisons.swift */; };
		904CFE801C80739300427EB1 /* DateInRegion+Components.swift in Sources */ = {isa = PBXBuildFile; fileRef = 904CFE621C80739300427EB1 /* DateInRegion+Components.swift */; };
		904CFE811C80739300427EB1 /* DateInRegion+Components.swift in Sources */ = {isa = PBXBuildFile; fileRef = 904CFE621C80739300427EB1 /* DateInRegion+Components.swift */; };
		904CFE821C80739300427EB1 /* DateInRegion+Components.swift in Sources */ = {isa = PBXBuildFile; fileRef = 904CFE621C80739300427EB1 /* DateInRegion+Components.swift */; };
		904CFE831C80739300427EB1 /* DateInRegion+Components.swift in Sources */ = {isa = PBXBuildFile; fileRef = 904CFE621C80739300427EB1 /* DateInRegion+Components.swift */; };
		904CFE841C80739300427EB1 /* DateInRegion+Equations.swift in Sources */ = {isa = PBXBuildFile; fileRef = 904CFE631C80739300427EB1 /* DateInRegion+Equations.swift */; };
		904CFE851C80739300427EB1 /* DateInRegion+Equations.swift in Sources */ = {isa = PBXBuildFile; fileRef = 904CFE631C80739300427EB1 /* DateInRegion+Equations.swift */; };
		904CFE861C80739300427EB1 /* DateInRegion+Equations.swift in Sources */ = {isa = PBXBuildFile; fileRef = 904CFE631C80739300427EB1 /* DateInRegion+Equations.swift */; };
		904CFE871C80739300427EB1 /* DateInRegion+Equations.swift in Sources */ = {isa = PBXBuildFile; fileRef = 904CFE631C80739300427EB1 /* DateInRegion+Equations.swift */; };
		904CFE881C80739300427EB1 /* DateInRegion+Formatter.swift in Sources */ = {isa = PBXBuildFile; fileRef = 904CFE641C80739300427EB1 /* DateInRegion+Formatter.swift */; };
		904CFE891C80739300427EB1 /* DateInRegion+Formatter.swift in Sources */ = {isa = PBXBuildFile; fileRef = 904CFE641C80739300427EB1 /* DateInRegion+Formatter.swift */; };
		904CFE8A1C80739300427EB1 /* DateInRegion+Formatter.swift in Sources */ = {isa = PBXBuildFile; fileRef = 904CFE641C80739300427EB1 /* DateInRegion+Formatter.swift */; };
		904CFE8B1C80739300427EB1 /* DateInRegion+Formatter.swift in Sources */ = {isa = PBXBuildFile; fileRef = 904CFE641C80739300427EB1 /* DateInRegion+Formatter.swift */; };
		904CFE8C1C80739300427EB1 /* DateInRegion+NSDatePort.swift in Sources */ = {isa = PBXBuildFile; fileRef = 904CFE651C80739300427EB1 /* DateInRegion+NSDatePort.swift */; };
		904CFE8D1C80739300427EB1 /* DateInRegion+NSDatePort.swift in Sources */ = {isa = PBXBuildFile; fileRef = 904CFE651C80739300427EB1 /* DateInRegion+NSDatePort.swift */; };
		904CFE8E1C80739300427EB1 /* DateInRegion+NSDatePort.swift in Sources */ = {isa = PBXBuildFile; fileRef = 904CFE651C80739300427EB1 /* DateInRegion+NSDatePort.swift */; };
		904CFE8F1C80739300427EB1 /* DateInRegion+NSDatePort.swift in Sources */ = {isa = PBXBuildFile; fileRef = 904CFE651C80739300427EB1 /* DateInRegion+NSDatePort.swift */; };
		904CFE901C80739300427EB1 /* DateInRegion+Operations.swift in Sources */ = {isa = PBXBuildFile; fileRef = 904CFE661C80739300427EB1 /* DateInRegion+Operations.swift */; };
		904CFE911C80739300427EB1 /* DateInRegion+Operations.swift in Sources */ = {isa = PBXBuildFile; fileRef = 904CFE661C80739300427EB1 /* DateInRegion+Operations.swift */; };
		904CFE921C80739300427EB1 /* DateInRegion+Operations.swift in Sources */ = {isa = PBXBuildFile; fileRef = 904CFE661C80739300427EB1 /* DateInRegion+Operations.swift */; };
		904CFE931C80739300427EB1 /* DateInRegion+Operations.swift in Sources */ = {isa = PBXBuildFile; fileRef = 904CFE661C80739300427EB1 /* DateInRegion+Operations.swift */; };
		904CFE941C80739300427EB1 /* DateInRegion+StartEnd.swift in Sources */ = {isa = PBXBuildFile; fileRef = 904CFE671C80739300427EB1 /* DateInRegion+StartEnd.swift */; };
		904CFE951C80739300427EB1 /* DateInRegion+StartEnd.swift in Sources */ = {isa = PBXBuildFile; fileRef = 904CFE671C80739300427EB1 /* DateInRegion+StartEnd.swift */; };
		904CFE961C80739300427EB1 /* DateInRegion+StartEnd.swift in Sources */ = {isa = PBXBuildFile; fileRef = 904CFE671C80739300427EB1 /* DateInRegion+StartEnd.swift */; };
		904CFE971C80739300427EB1 /* DateInRegion+StartEnd.swift in Sources */ = {isa = PBXBuildFile; fileRef = 904CFE671C80739300427EB1 /* DateInRegion+StartEnd.swift */; };
		904CFE981C80739300427EB1 /* Dictionary+SwiftDate.swift in Sources */ = {isa = PBXBuildFile; fileRef = 904CFE681C80739300427EB1 /* Dictionary+SwiftDate.swift */; };
		904CFE991C80739300427EB1 /* Dictionary+SwiftDate.swift in Sources */ = {isa = PBXBuildFile; fileRef = 904CFE681C80739300427EB1 /* Dictionary+SwiftDate.swift */; };
		904CFE9A1C80739300427EB1 /* Dictionary+SwiftDate.swift in Sources */ = {isa = PBXBuildFile; fileRef = 904CFE681C80739300427EB1 /* Dictionary+SwiftDate.swift */; };
		904CFE9B1C80739300427EB1 /* Dictionary+SwiftDate.swift in Sources */ = {isa = PBXBuildFile; fileRef = 904CFE681C80739300427EB1 /* Dictionary+SwiftDate.swift */; };
		904CFE9C1C80739300427EB1 /* NSCalendar+SwiftDate.swift in Sources */ = {isa = PBXBuildFile; fileRef = 904CFE691C80739300427EB1 /* NSCalendar+SwiftDate.swift */; };
		904CFE9D1C80739300427EB1 /* NSCalendar+SwiftDate.swift in Sources */ = {isa = PBXBuildFile; fileRef = 904CFE691C80739300427EB1 /* NSCalendar+SwiftDate.swift */; };
		904CFE9E1C80739300427EB1 /* NSCalendar+SwiftDate.swift in Sources */ = {isa = PBXBuildFile; fileRef = 904CFE691C80739300427EB1 /* NSCalendar+SwiftDate.swift */; };
		904CFE9F1C80739300427EB1 /* NSCalendar+SwiftDate.swift in Sources */ = {isa = PBXBuildFile; fileRef = 904CFE691C80739300427EB1 /* NSCalendar+SwiftDate.swift */; };
		904CFEA01C80739300427EB1 /* NSDate+SwiftDate.swift in Sources */ = {isa = PBXBuildFile; fileRef = 904CFE6A1C80739300427EB1 /* NSDate+SwiftDate.swift */; };
		904CFEA11C80739300427EB1 /* NSDate+SwiftDate.swift in Sources */ = {isa = PBXBuildFile; fileRef = 904CFE6A1C80739300427EB1 /* NSDate+SwiftDate.swift */; };
		904CFEA21C80739300427EB1 /* NSDate+SwiftDate.swift in Sources */ = {isa = PBXBuildFile; fileRef = 904CFE6A1C80739300427EB1 /* NSDate+SwiftDate.swift */; };
		904CFEA31C80739300427EB1 /* NSDate+SwiftDate.swift in Sources */ = {isa = PBXBuildFile; fileRef = 904CFE6A1C80739300427EB1 /* NSDate+SwiftDate.swift */; };
		904CFEA41C80739300427EB1 /* NSDateComponents+SwiftDate.swift in Sources */ = {isa = PBXBuildFile; fileRef = 904CFE6B1C80739300427EB1 /* NSDateComponents+SwiftDate.swift */; };
		904CFEA51C80739300427EB1 /* NSDateComponents+SwiftDate.swift in Sources */ = {isa = PBXBuildFile; fileRef = 904CFE6B1C80739300427EB1 /* NSDateComponents+SwiftDate.swift */; };
		904CFEA61C80739300427EB1 /* NSDateComponents+SwiftDate.swift in Sources */ = {isa = PBXBuildFile; fileRef = 904CFE6B1C80739300427EB1 /* NSDateComponents+SwiftDate.swift */; };
		904CFEA71C80739300427EB1 /* NSDateComponents+SwiftDate.swift in Sources */ = {isa = PBXBuildFile; fileRef = 904CFE6B1C80739300427EB1 /* NSDateComponents+SwiftDate.swift */; };
		904CFEA81C80739300427EB1 /* NSDateFormatter+SwiftDate.swift in Sources */ = {isa = PBXBuildFile; fileRef = 904CFE6C1C80739300427EB1 /* NSDateFormatter+SwiftDate.swift */; };
		904CFEA91C80739300427EB1 /* NSDateFormatter+SwiftDate.swift in Sources */ = {isa = PBXBuildFile; fileRef = 904CFE6C1C80739300427EB1 /* NSDateFormatter+SwiftDate.swift */; };
		904CFEAA1C80739300427EB1 /* NSDateFormatter+SwiftDate.swift in Sources */ = {isa = PBXBuildFile; fileRef = 904CFE6C1C80739300427EB1 /* NSDateFormatter+SwiftDate.swift */; };
		904CFEAB1C80739300427EB1 /* NSDateFormatter+SwiftDate.swift in Sources */ = {isa = PBXBuildFile; fileRef = 904CFE6C1C80739300427EB1 /* NSDateFormatter+SwiftDate.swift */; };
		904CFEAC1C80739300427EB1 /* NSDateInterval.swift in Sources */ = {isa = PBXBuildFile; fileRef = 904CFE6D1C80739300427EB1 /* NSDateInterval.swift */; };
		904CFEAD1C80739300427EB1 /* NSDateInterval.swift in Sources */ = {isa = PBXBuildFile; fileRef = 904CFE6D1C80739300427EB1 /* NSDateInterval.swift */; };
		904CFEAE1C80739300427EB1 /* NSDateInterval.swift in Sources */ = {isa = PBXBuildFile; fileRef = 904CFE6D1C80739300427EB1 /* NSDateInterval.swift */; };
		904CFEAF1C80739300427EB1 /* NSDateInterval.swift in Sources */ = {isa = PBXBuildFile; fileRef = 904CFE6D1C80739300427EB1 /* NSDateInterval.swift */; };
		904CFEB01C80739300427EB1 /* NSLocale+SwiftDate.swift in Sources */ = {isa = PBXBuildFile; fileRef = 904CFE6E1C80739300427EB1 /* NSLocale+SwiftDate.swift */; };
		904CFEB11C80739300427EB1 /* NSLocale+SwiftDate.swift in Sources */ = {isa = PBXBuildFile; fileRef = 904CFE6E1C80739300427EB1 /* NSLocale+SwiftDate.swift */; };
		904CFEB21C80739300427EB1 /* NSLocale+SwiftDate.swift in Sources */ = {isa = PBXBuildFile; fileRef = 904CFE6E1C80739300427EB1 /* NSLocale+SwiftDate.swift */; };
		904CFEB31C80739300427EB1 /* NSLocale+SwiftDate.swift in Sources */ = {isa = PBXBuildFile; fileRef = 904CFE6E1C80739300427EB1 /* NSLocale+SwiftDate.swift */; };
		904CFEB41C80739300427EB1 /* NSTimeInterval+SwiftDate.swift in Sources */ = {isa = PBXBuildFile; fileRef = 904CFE6F1C80739300427EB1 /* NSTimeInterval+SwiftDate.swift */; };
		904CFEB51C80739300427EB1 /* NSTimeInterval+SwiftDate.swift in Sources */ = {isa = PBXBuildFile; fileRef = 904CFE6F1C80739300427EB1 /* NSTimeInterval+SwiftDate.swift */; };
		904CFEB61C80739300427EB1 /* NSTimeInterval+SwiftDate.swift in Sources */ = {isa = PBXBuildFile; fileRef = 904CFE6F1C80739300427EB1 /* NSTimeInterval+SwiftDate.swift */; };
		904CFEB71C80739300427EB1 /* NSTimeInterval+SwiftDate.swift in Sources */ = {isa = PBXBuildFile; fileRef = 904CFE6F1C80739300427EB1 /* NSTimeInterval+SwiftDate.swift */; };
		904CFEB81C80739300427EB1 /* NSTimeZone+SwiftDate.swift in Sources */ = {isa = PBXBuildFile; fileRef = 904CFE701C80739300427EB1 /* NSTimeZone+SwiftDate.swift */; };
		904CFEB91C80739300427EB1 /* NSTimeZone+SwiftDate.swift in Sources */ = {isa = PBXBuildFile; fileRef = 904CFE701C80739300427EB1 /* NSTimeZone+SwiftDate.swift */; };
		904CFEBA1C80739300427EB1 /* NSTimeZone+SwiftDate.swift in Sources */ = {isa = PBXBuildFile; fileRef = 904CFE701C80739300427EB1 /* NSTimeZone+SwiftDate.swift */; };
		904CFEBB1C80739300427EB1 /* NSTimeZone+SwiftDate.swift in Sources */ = {isa = PBXBuildFile; fileRef = 904CFE701C80739300427EB1 /* NSTimeZone+SwiftDate.swift */; };
		904CFEBC1C80739300427EB1 /* Region.swift in Sources */ = {isa = PBXBuildFile; fileRef = 904CFE711C80739300427EB1 /* Region.swift */; };
		904CFEBD1C80739300427EB1 /* Region.swift in Sources */ = {isa = PBXBuildFile; fileRef = 904CFE711C80739300427EB1 /* Region.swift */; };
		904CFEBE1C80739300427EB1 /* Region.swift in Sources */ = {isa = PBXBuildFile; fileRef = 904CFE711C80739300427EB1 /* Region.swift */; };
		904CFEBF1C80739300427EB1 /* Region.swift in Sources */ = {isa = PBXBuildFile; fileRef = 904CFE711C80739300427EB1 /* Region.swift */; };
		904CFEC01C80739300427EB1 /* SwiftDate.bundle in Resources */ = {isa = PBXBuildFile; fileRef = 904CFE721C80739300427EB1 /* SwiftDate.bundle */; };
		904CFEC11C80739300427EB1 /* SwiftDate.bundle in Resources */ = {isa = PBXBuildFile; fileRef = 904CFE721C80739300427EB1 /* SwiftDate.bundle */; };
		904CFEC21C80739300427EB1 /* SwiftDate.bundle in Resources */ = {isa = PBXBuildFile; fileRef = 904CFE721C80739300427EB1 /* SwiftDate.bundle */; };
		904CFEC31C80739300427EB1 /* SwiftDate.bundle in Resources */ = {isa = PBXBuildFile; fileRef = 904CFE721C80739300427EB1 /* SwiftDate.bundle */; };
		90A2B5D91C7FAB790050D018 /* SwiftDate-OSX.h in Headers */ = {isa = PBXBuildFile; fileRef = 90A2B5D71C7FAB790050D018 /* SwiftDate-OSX.h */; };
		90F1F38C1C7F6AF500B22B90 /* SwiftDate-iOS.h in Headers */ = {isa = PBXBuildFile; fileRef = 90F1F38B1C7F6AF500B22B90 /* SwiftDate-iOS.h */; settings = {ATTRIBUTES = (Public, ); }; };
		90F1F3AD1C7F6BB800B22B90 /* SwiftDate-tvOS.h in Headers */ = {isa = PBXBuildFile; fileRef = 90F1F3AC1C7F6BB800B22B90 /* SwiftDate-tvOS.h */; settings = {ATTRIBUTES = (Public, ); }; };
		90F1F3CD1C7F6BEE00B22B90 /* SwiftDate-WatchOS.h in Headers */ = {isa = PBXBuildFile; fileRef = 90F1F3CC1C7F6BEE00B22B90 /* SwiftDate-WatchOS.h */; settings = {ATTRIBUTES = (Public, ); }; };
/* End PBXBuildFile section */

/* Begin PBXContainerItemProxy section */
		1FAA839D1C79C6DA0084BAB6 /* PBXContainerItemProxy */ = {
			isa = PBXContainerItemProxy;
			containerPortal = 1FAA83181C79C5F00084BAB6 /* Project object */;
			proxyType = 1;
			remoteGlobalIDString = 1FAA83911C79C6DA0084BAB6;
			remoteInfo = SwiftDate;
		};
/* End PBXContainerItemProxy section */

/* Begin PBXCopyFilesBuildPhase section */
		1FAA83E01C79CA470084BAB6 /* CopyFiles */ = {
			isa = PBXCopyFilesBuildPhase;
			buildActionMask = 2147483647;
			dstPath = "";
			dstSubfolderSpec = 10;
			files = (
				902D9E1C1C7E2D3F0081652B /* Nimble.framework in CopyFiles */,
				902D9E1D1C7E2D3F0081652B /* Quick.framework in CopyFiles */,
			);
			runOnlyForDeploymentPostprocessing = 0;
		};
/* End PBXCopyFilesBuildPhase section */

/* Begin PBXFileReference section */
		0808C26C1CAB30500068C0F2 /* DateFormatterTests.swift */ = {isa = PBXFileReference; fileEncoding = 4; lastKnownFileType = sourcecode.swift; name = DateFormatterTests.swift; path = ../../Sources/SwiftDateTests/DateFormatterTests.swift; sourceTree = "<group>"; };
		1F458FB71C7B23AC00FCFD97 /* NSCalendarTests.swift */ = {isa = PBXFileReference; fileEncoding = 4; lastKnownFileType = sourcecode.swift; name = NSCalendarTests.swift; path = ../../Sources/SwiftDateTests/NSCalendarTests.swift; sourceTree = "<group>"; };
		1F458FB91C7B29AD00FCFD97 /* NSTimeIntervalTests.swift */ = {isa = PBXFileReference; fileEncoding = 4; lastKnownFileType = sourcecode.swift; name = NSTimeIntervalTests.swift; path = ../../Sources/SwiftDateTests/NSTimeIntervalTests.swift; sourceTree = "<group>"; };
		1F458FBB1C7B2CC300FCFD97 /* NSTimeZoneTests.swift */ = {isa = PBXFileReference; fileEncoding = 4; lastKnownFileType = sourcecode.swift; name = NSTimeZoneTests.swift; path = ../../Sources/SwiftDateTests/NSTimeZoneTests.swift; sourceTree = "<group>"; };
		1F458FBD1C7B2EEA00FCFD97 /* NSDateComponentsTests.swift */ = {isa = PBXFileReference; fileEncoding = 4; lastKnownFileType = sourcecode.swift; name = NSDateComponentsTests.swift; path = ../../Sources/SwiftDateTests/NSDateComponentsTests.swift; sourceTree = "<group>"; };
		1FAA83511C79C67D0084BAB6 /* DateInRegionComparisonTests.swift */ = {isa = PBXFileReference; fileEncoding = 4; lastKnownFileType = sourcecode.swift; name = DateInRegionComparisonTests.swift; path = ../../Sources/SwiftDateTests/DateInRegionComparisonTests.swift; sourceTree = "<group>"; };
		1FAA83521C79C67D0084BAB6 /* DateInRegionComponentPortTests.swift */ = {isa = PBXFileReference; fileEncoding = 4; lastKnownFileType = sourcecode.swift; name = DateInRegionComponentPortTests.swift; path = ../../Sources/SwiftDateTests/DateInRegionComponentPortTests.swift; sourceTree = "<group>"; };
		1FAA83531C79C67D0084BAB6 /* DateInRegionEquationsTests.swift */ = {isa = PBXFileReference; fileEncoding = 4; lastKnownFileType = sourcecode.swift; name = DateInRegionEquationsTests.swift; path = ../../Sources/SwiftDateTests/DateInRegionEquationsTests.swift; sourceTree = "<group>"; };
		1FAA83541C79C67D0084BAB6 /* DateInRegionHashableTests.swift */ = {isa = PBXFileReference; fileEncoding = 4; lastKnownFileType = sourcecode.swift; name = DateInRegionHashableTests.swift; path = ../../Sources/SwiftDateTests/DateInRegionHashableTests.swift; sourceTree = "<group>"; };
		1FAA83551C79C67D0084BAB6 /* DateInRegionOperationsTests.swift */ = {isa = PBXFileReference; fileEncoding = 4; lastKnownFileType = sourcecode.swift; name = DateInRegionOperationsTests.swift; path = ../../Sources/SwiftDateTests/DateInRegionOperationsTests.swift; sourceTree = "<group>"; };
		1FAA83561C79C67D0084BAB6 /* DateInRegionTests.swift */ = {isa = PBXFileReference; fileEncoding = 4; lastKnownFileType = sourcecode.swift; lineEnding = 0; name = DateInRegionTests.swift; path = ../../Sources/SwiftDateTests/DateInRegionTests.swift; sourceTree = "<group>"; xcLanguageSpecificationIdentifier = xcode.lang.swift; };
		1FAA83571C79C67D0084BAB6 /* NSDateComponentPortTests.swift */ = {isa = PBXFileReference; fileEncoding = 4; lastKnownFileType = sourcecode.swift; name = NSDateComponentPortTests.swift; path = ../../Sources/SwiftDateTests/NSDateComponentPortTests.swift; sourceTree = "<group>"; };
		1FAA83581C79C67D0084BAB6 /* NSDateEquationsTests.swift */ = {isa = PBXFileReference; fileEncoding = 4; lastKnownFileType = sourcecode.swift; name = NSDateEquationsTests.swift; path = ../../Sources/SwiftDateTests/NSDateEquationsTests.swift; sourceTree = "<group>"; };
		1FAA83591C79C67D0084BAB6 /* NSDateTests.swift */ = {isa = PBXFileReference; fileEncoding = 4; lastKnownFileType = sourcecode.swift; name = NSDateTests.swift; path = ../../Sources/SwiftDateTests/NSDateTests.swift; sourceTree = "<group>"; };
		1FAA835A1C79C67D0084BAB6 /* RegionStringTests.swift */ = {isa = PBXFileReference; fileEncoding = 4; lastKnownFileType = sourcecode.swift; name = RegionStringTests.swift; path = ../../Sources/SwiftDateTests/RegionStringTests.swift; sourceTree = "<group>"; };
		1FAA835B1C79C67D0084BAB6 /* RegionTests.swift */ = {isa = PBXFileReference; fileEncoding = 4; lastKnownFileType = sourcecode.swift; name = RegionTests.swift; path = ../../Sources/SwiftDateTests/RegionTests.swift; sourceTree = "<group>"; };
		1FAA83921C79C6DA0084BAB6 /* SwiftDate.framework */ = {isa = PBXFileReference; explicitFileType = wrapper.framework; includeInIndex = 0; path = SwiftDate.framework; sourceTree = BUILT_PRODUCTS_DIR; };
		1FAA839B1C79C6DA0084BAB6 /* SwiftDateTests-OSX.xctest */ = {isa = PBXFileReference; explicitFileType = wrapper.cfbundle; includeInIndex = 0; path = "SwiftDateTests-OSX.xctest"; sourceTree = BUILT_PRODUCTS_DIR; };
		1FAA83A21C79C6DA0084BAB6 /* Info.plist */ = {isa = PBXFileReference; lastKnownFileType = text.plist.xml; name = Info.plist; path = SwiftDateTests/Info.plist; sourceTree = "<group>"; };
		1FAA83DA1C79C7BC0084BAB6 /* Cartfile.private */ = {isa = PBXFileReference; lastKnownFileType = text; path = Cartfile.private; sourceTree = "<group>"; };
		1FAA83E31C7A3EE50084BAB6 /* NSDateIntervalTests.swift */ = {isa = PBXFileReference; fileEncoding = 4; lastKnownFileType = sourcecode.swift; name = NSDateIntervalTests.swift; path = ../../Sources/SwiftDateTests/NSDateIntervalTests.swift; sourceTree = "<group>"; };
		904CFE5A1C80734800427EB1 /* Additions.swift */ = {isa = PBXFileReference; fileEncoding = 4; lastKnownFileType = sourcecode.swift; name = Additions.swift; path = ../Sources/SwiftDate/Additions.swift; sourceTree = SOURCE_ROOT; };
		904CFE5F1C80739300427EB1 /* DateFormatter.swift */ = {isa = PBXFileReference; fileEncoding = 4; lastKnownFileType = sourcecode.swift; name = DateFormatter.swift; path = ../Sources/SwiftDate/DateFormatter.swift; sourceTree = SOURCE_ROOT; };
		904CFE601C80739300427EB1 /* DateInRegion.swift */ = {isa = PBXFileReference; fileEncoding = 4; lastKnownFileType = sourcecode.swift; name = DateInRegion.swift; path = ../Sources/SwiftDate/DateInRegion.swift; sourceTree = SOURCE_ROOT; };
		904CFE611C80739300427EB1 /* DateInRegion+Comparisons.swift */ = {isa = PBXFileReference; fileEncoding = 4; lastKnownFileType = sourcecode.swift; name = "DateInRegion+Comparisons.swift"; path = "../Sources/SwiftDate/DateInRegion+Comparisons.swift"; sourceTree = SOURCE_ROOT; };
		904CFE621C80739300427EB1 /* DateInRegion+Components.swift */ = {isa = PBXFileReference; fileEncoding = 4; lastKnownFileType = sourcecode.swift; name = "DateInRegion+Components.swift"; path = "../Sources/SwiftDate/DateInRegion+Components.swift"; sourceTree = SOURCE_ROOT; };
		904CFE631C80739300427EB1 /* DateInRegion+Equations.swift */ = {isa = PBXFileReference; fileEncoding = 4; lastKnownFileType = sourcecode.swift; name = "DateInRegion+Equations.swift"; path = "../Sources/SwiftDate/DateInRegion+Equations.swift"; sourceTree = SOURCE_ROOT; };
		904CFE641C80739300427EB1 /* DateInRegion+Formatter.swift */ = {isa = PBXFileReference; fileEncoding = 4; lastKnownFileType = sourcecode.swift; name = "DateInRegion+Formatter.swift"; path = "../Sources/SwiftDate/DateInRegion+Formatter.swift"; sourceTree = SOURCE_ROOT; };
		904CFE651C80739300427EB1 /* DateInRegion+NSDatePort.swift */ = {isa = PBXFileReference; fileEncoding = 4; lastKnownFileType = sourcecode.swift; name = "DateInRegion+NSDatePort.swift"; path = "../Sources/SwiftDate/DateInRegion+NSDatePort.swift"; sourceTree = SOURCE_ROOT; };
		904CFE661C80739300427EB1 /* DateInRegion+Operations.swift */ = {isa = PBXFileReference; fileEncoding = 4; lastKnownFileType = sourcecode.swift; name = "DateInRegion+Operations.swift"; path = "../Sources/SwiftDate/DateInRegion+Operations.swift"; sourceTree = SOURCE_ROOT; };
		904CFE671C80739300427EB1 /* DateInRegion+StartEnd.swift */ = {isa = PBXFileReference; fileEncoding = 4; lastKnownFileType = sourcecode.swift; name = "DateInRegion+StartEnd.swift"; path = "../Sources/SwiftDate/DateInRegion+StartEnd.swift"; sourceTree = SOURCE_ROOT; };
		904CFE681C80739300427EB1 /* Dictionary+SwiftDate.swift */ = {isa = PBXFileReference; fileEncoding = 4; lastKnownFileType = sourcecode.swift; name = "Dictionary+SwiftDate.swift"; path = "../Sources/SwiftDate/Dictionary+SwiftDate.swift"; sourceTree = SOURCE_ROOT; };
		904CFE691C80739300427EB1 /* NSCalendar+SwiftDate.swift */ = {isa = PBXFileReference; fileEncoding = 4; lastKnownFileType = sourcecode.swift; name = "NSCalendar+SwiftDate.swift"; path = "../Sources/SwiftDate/NSCalendar+SwiftDate.swift"; sourceTree = SOURCE_ROOT; };
		904CFE6A1C80739300427EB1 /* NSDate+SwiftDate.swift */ = {isa = PBXFileReference; fileEncoding = 4; lastKnownFileType = sourcecode.swift; name = "NSDate+SwiftDate.swift"; path = "../Sources/SwiftDate/NSDate+SwiftDate.swift"; sourceTree = SOURCE_ROOT; };
		904CFE6B1C80739300427EB1 /* NSDateComponents+SwiftDate.swift */ = {isa = PBXFileReference; fileEncoding = 4; lastKnownFileType = sourcecode.swift; name = "NSDateComponents+SwiftDate.swift"; path = "../Sources/SwiftDate/NSDateComponents+SwiftDate.swift"; sourceTree = SOURCE_ROOT; };
		904CFE6C1C80739300427EB1 /* NSDateFormatter+SwiftDate.swift */ = {isa = PBXFileReference; fileEncoding = 4; lastKnownFileType = sourcecode.swift; name = "NSDateFormatter+SwiftDate.swift"; path = "../Sources/SwiftDate/NSDateFormatter+SwiftDate.swift"; sourceTree = SOURCE_ROOT; };
		904CFE6D1C80739300427EB1 /* NSDateInterval.swift */ = {isa = PBXFileReference; fileEncoding = 4; lastKnownFileType = sourcecode.swift; name = NSDateInterval.swift; path = ../Sources/SwiftDate/NSDateInterval.swift; sourceTree = SOURCE_ROOT; };
		904CFE6E1C80739300427EB1 /* NSLocale+SwiftDate.swift */ = {isa = PBXFileReference; fileEncoding = 4; lastKnownFileType = sourcecode.swift; name = "NSLocale+SwiftDate.swift"; path = "../Sources/SwiftDate/NSLocale+SwiftDate.swift"; sourceTree = SOURCE_ROOT; };
		904CFE6F1C80739300427EB1 /* NSTimeInterval+SwiftDate.swift */ = {isa = PBXFileReference; fileEncoding = 4; lastKnownFileType = sourcecode.swift; name = "NSTimeInterval+SwiftDate.swift"; path = "../Sources/SwiftDate/NSTimeInterval+SwiftDate.swift"; sourceTree = SOURCE_ROOT; };
		904CFE701C80739300427EB1 /* NSTimeZone+SwiftDate.swift */ = {isa = PBXFileReference; fileEncoding = 4; lastKnownFileType = sourcecode.swift; name = "NSTimeZone+SwiftDate.swift"; path = "../Sources/SwiftDate/NSTimeZone+SwiftDate.swift"; sourceTree = SOURCE_ROOT; };
		904CFE711C80739300427EB1 /* Region.swift */ = {isa = PBXFileReference; fileEncoding = 4; lastKnownFileType = sourcecode.swift; name = Region.swift; path = ../Sources/SwiftDate/Region.swift; sourceTree = SOURCE_ROOT; };
		904CFE721C80739300427EB1 /* SwiftDate.bundle */ = {isa = PBXFileReference; lastKnownFileType = "wrapper.plug-in"; name = SwiftDate.bundle; path = ../Sources/SwiftDate/SwiftDate.bundle; sourceTree = SOURCE_ROOT; };
		905EAD0A1C7E16F800302F49 /* Nimble.framework */ = {isa = PBXFileReference; lastKnownFileType = wrapper.framework; name = Nimble.framework; path = Carthage/Build/Mac/Nimble.framework; sourceTree = "<group>"; };
		905EAD0B1C7E16F800302F49 /* Quick.framework */ = {isa = PBXFileReference; lastKnownFileType = wrapper.framework; name = Quick.framework; path = Carthage/Build/Mac/Quick.framework; sourceTree = "<group>"; };
		90A2B5D61C7FAB790050D018 /* Info.plist */ = {isa = PBXFileReference; fileEncoding = 4; lastKnownFileType = text.plist.xml; name = Info.plist; path = "SwiftDate-OSX/Info.plist"; sourceTree = "<group>"; };
		90A2B5D71C7FAB790050D018 /* SwiftDate-OSX.h */ = {isa = PBXFileReference; fileEncoding = 4; lastKnownFileType = sourcecode.c.h; name = "SwiftDate-OSX.h"; path = "SwiftDate-OSX/SwiftDate-OSX.h"; sourceTree = "<group>"; };
		90F1F3891C7F6AF500B22B90 /* SwiftDate.framework */ = {isa = PBXFileReference; explicitFileType = wrapper.framework; includeInIndex = 0; path = SwiftDate.framework; sourceTree = BUILT_PRODUCTS_DIR; };
		90F1F38B1C7F6AF500B22B90 /* SwiftDate-iOS.h */ = {isa = PBXFileReference; lastKnownFileType = sourcecode.c.h; path = "SwiftDate-iOS.h"; sourceTree = "<group>"; };
		90F1F38D1C7F6AF500B22B90 /* Info.plist */ = {isa = PBXFileReference; lastKnownFileType = text.plist.xml; path = Info.plist; sourceTree = "<group>"; };
		90F1F3AA1C7F6BB800B22B90 /* SwiftDate.framework */ = {isa = PBXFileReference; explicitFileType = wrapper.framework; includeInIndex = 0; path = SwiftDate.framework; sourceTree = BUILT_PRODUCTS_DIR; };
		90F1F3AC1C7F6BB800B22B90 /* SwiftDate-tvOS.h */ = {isa = PBXFileReference; lastKnownFileType = sourcecode.c.h; path = "SwiftDate-tvOS.h"; sourceTree = "<group>"; };
		90F1F3AE1C7F6BB800B22B90 /* Info.plist */ = {isa = PBXFileReference; lastKnownFileType = text.plist.xml; path = Info.plist; sourceTree = "<group>"; };
		90F1F3CA1C7F6BEE00B22B90 /* SwiftDate.framework */ = {isa = PBXFileReference; explicitFileType = wrapper.framework; includeInIndex = 0; path = SwiftDate.framework; sourceTree = BUILT_PRODUCTS_DIR; };
		90F1F3CC1C7F6BEE00B22B90 /* SwiftDate-WatchOS.h */ = {isa = PBXFileReference; lastKnownFileType = sourcecode.c.h; path = "SwiftDate-WatchOS.h"; sourceTree = "<group>"; };
		90F1F3CE1C7F6BEE00B22B90 /* Info.plist */ = {isa = PBXFileReference; lastKnownFileType = text.plist.xml; path = Info.plist; sourceTree = "<group>"; };
/* End PBXFileReference section */

/* Begin PBXFrameworksBuildPhase section */
		1FAA838E1C79C6DA0084BAB6 /* Frameworks */ = {
			isa = PBXFrameworksBuildPhase;
			buildActionMask = 2147483647;
			files = (
			);
			runOnlyForDeploymentPostprocessing = 0;
		};
		1FAA83981C79C6DA0084BAB6 /* Frameworks */ = {
			isa = PBXFrameworksBuildPhase;
			buildActionMask = 2147483647;
			files = (
				1FAA839C1C79C6DA0084BAB6 /* SwiftDate.framework in Frameworks */,
			);
			runOnlyForDeploymentPostprocessing = 0;
		};
		90F1F3851C7F6AF500B22B90 /* Frameworks */ = {
			isa = PBXFrameworksBuildPhase;
			buildActionMask = 2147483647;
			files = (
			);
			runOnlyForDeploymentPostprocessing = 0;
		};
		90F1F3A61C7F6BB800B22B90 /* Frameworks */ = {
			isa = PBXFrameworksBuildPhase;
			buildActionMask = 2147483647;
			files = (
			);
			runOnlyForDeploymentPostprocessing = 0;
		};
		90F1F3C61C7F6BEE00B22B90 /* Frameworks */ = {
			isa = PBXFrameworksBuildPhase;
			buildActionMask = 2147483647;
			files = (
			);
			runOnlyForDeploymentPostprocessing = 0;
		};
/* End PBXFrameworksBuildPhase section */

/* Begin PBXGroup section */
		1FAA83171C79C5F00084BAB6 = {
			isa = PBXGroup;
			children = (
				1FAA83931C79C6DA0084BAB6 /* SwiftDate */,
				1FAA839F1C79C6DA0084BAB6 /* SwiftDateTests */,
				90F1F3A41C7F6B2D00B22B90 /* SwiftDate-OSX */,
				90F1F38A1C7F6AF500B22B90 /* SwiftDate-iOS */,
				90F1F3AB1C7F6BB800B22B90 /* SwiftDate-tvOS */,
				90F1F3CB1C7F6BEE00B22B90 /* SwiftDate-WatchOS */,
				90F1F4041C7F706400B22B90 /* SwiftDateTests-OSX */,
				1FAA83211C79C5F00084BAB6 /* Products */,
			);
			sourceTree = "<group>";
		};
		1FAA83211C79C5F00084BAB6 /* Products */ = {
			isa = PBXGroup;
			children = (
				1FAA83921C79C6DA0084BAB6 /* SwiftDate.framework */,
				1FAA839B1C79C6DA0084BAB6 /* SwiftDateTests-OSX.xctest */,
				90F1F3891C7F6AF500B22B90 /* SwiftDate.framework */,
				90F1F3AA1C7F6BB800B22B90 /* SwiftDate.framework */,
				90F1F3CA1C7F6BEE00B22B90 /* SwiftDate.framework */,
			);
			name = Products;
			sourceTree = "<group>";
		};
		1FAA83931C79C6DA0084BAB6 /* SwiftDate */ = {
			isa = PBXGroup;
			children = (
				904CFE5A1C80734800427EB1 /* Additions.swift */,
				904CFE5F1C80739300427EB1 /* DateFormatter.swift */,
				904CFE601C80739300427EB1 /* DateInRegion.swift */,
				904CFE611C80739300427EB1 /* DateInRegion+Comparisons.swift */,
				904CFE621C80739300427EB1 /* DateInRegion+Components.swift */,
				904CFE631C80739300427EB1 /* DateInRegion+Equations.swift */,
				904CFE641C80739300427EB1 /* DateInRegion+Formatter.swift */,
				904CFE651C80739300427EB1 /* DateInRegion+NSDatePort.swift */,
				904CFE661C80739300427EB1 /* DateInRegion+Operations.swift */,
				904CFE671C80739300427EB1 /* DateInRegion+StartEnd.swift */,
				904CFE681C80739300427EB1 /* Dictionary+SwiftDate.swift */,
				904CFE691C80739300427EB1 /* NSCalendar+SwiftDate.swift */,
				904CFE6A1C80739300427EB1 /* NSDate+SwiftDate.swift */,
				904CFE6B1C80739300427EB1 /* NSDateComponents+SwiftDate.swift */,
				904CFE6C1C80739300427EB1 /* NSDateFormatter+SwiftDate.swift */,
				904CFE6D1C80739300427EB1 /* NSDateInterval.swift */,
				904CFE6E1C80739300427EB1 /* NSLocale+SwiftDate.swift */,
				904CFE6F1C80739300427EB1 /* NSTimeInterval+SwiftDate.swift */,
				904CFE701C80739300427EB1 /* NSTimeZone+SwiftDate.swift */,
				904CFE711C80739300427EB1 /* Region.swift */,
				904CFE721C80739300427EB1 /* SwiftDate.bundle */,
			);
			path = SwiftDate;
			sourceTree = "<group>";
		};
		1FAA839F1C79C6DA0084BAB6 /* SwiftDateTests */ = {
			isa = PBXGroup;
			children = (
				0808C26C1CAB30500068C0F2 /* DateFormatterTests.swift */,
				1FAA83511C79C67D0084BAB6 /* DateInRegionComparisonTests.swift */,
				1FAA83521C79C67D0084BAB6 /* DateInRegionComponentPortTests.swift */,
				1FAA83531C79C67D0084BAB6 /* DateInRegionEquationsTests.swift */,
				1FAA83541C79C67D0084BAB6 /* DateInRegionHashableTests.swift */,
				1FAA83551C79C67D0084BAB6 /* DateInRegionOperationsTests.swift */,
				1FAA83561C79C67D0084BAB6 /* DateInRegionTests.swift */,
				1FAA83571C79C67D0084BAB6 /* NSDateComponentPortTests.swift */,
				1F458FBD1C7B2EEA00FCFD97 /* NSDateComponentsTests.swift */,
				1FAA83581C79C67D0084BAB6 /* NSDateEquationsTests.swift */,
				1FAA83591C79C67D0084BAB6 /* NSDateTests.swift */,
				1FAA835A1C79C67D0084BAB6 /* RegionStringTests.swift */,
				1FAA835B1C79C67D0084BAB6 /* RegionTests.swift */,
				1FAA83E31C7A3EE50084BAB6 /* NSDateIntervalTests.swift */,
				1F458FB71C7B23AC00FCFD97 /* NSCalendarTests.swift */,
				1F458FBB1C7B2CC300FCFD97 /* NSTimeZoneTests.swift */,
				1F458FB91C7B29AD00FCFD97 /* NSTimeIntervalTests.swift */,
			);
			path = SwiftDateTests;
			sourceTree = SOURCE_ROOT;
		};
		1FAA83DF1C79CA0E0084BAB6 /* Carthage */ = {
			isa = PBXGroup;
			children = (
				905EAD0A1C7E16F800302F49 /* Nimble.framework */,
				905EAD0B1C7E16F800302F49 /* Quick.framework */,
				1FAA83DA1C79C7BC0084BAB6 /* Cartfile.private */,
			);
			name = Carthage;
			sourceTree = "<group>";
		};
		90F1F38A1C7F6AF500B22B90 /* SwiftDate-iOS */ = {
			isa = PBXGroup;
			children = (
				90F1F38B1C7F6AF500B22B90 /* SwiftDate-iOS.h */,
				90F1F38D1C7F6AF500B22B90 /* Info.plist */,
			);
			path = "SwiftDate-iOS";
			sourceTree = "<group>";
		};
		90F1F3A41C7F6B2D00B22B90 /* SwiftDate-OSX */ = {
			isa = PBXGroup;
			children = (
				90A2B5D61C7FAB790050D018 /* Info.plist */,
				90A2B5D71C7FAB790050D018 /* SwiftDate-OSX.h */,
			);
			name = "SwiftDate-OSX";
			sourceTree = "<group>";
		};
		90F1F3AB1C7F6BB800B22B90 /* SwiftDate-tvOS */ = {
			isa = PBXGroup;
			children = (
				90F1F3AC1C7F6BB800B22B90 /* SwiftDate-tvOS.h */,
				90F1F3AE1C7F6BB800B22B90 /* Info.plist */,
			);
			path = "SwiftDate-tvOS";
			sourceTree = "<group>";
		};
		90F1F3CB1C7F6BEE00B22B90 /* SwiftDate-WatchOS */ = {
			isa = PBXGroup;
			children = (
				90F1F3CC1C7F6BEE00B22B90 /* SwiftDate-WatchOS.h */,
				90F1F3CE1C7F6BEE00B22B90 /* Info.plist */,
			);
			path = "SwiftDate-WatchOS";
			sourceTree = "<group>";
		};
		90F1F4041C7F706400B22B90 /* SwiftDateTests-OSX */ = {
			isa = PBXGroup;
			children = (
				1FAA83DF1C79CA0E0084BAB6 /* Carthage */,
				1FAA83A21C79C6DA0084BAB6 /* Info.plist */,
			);
			name = "SwiftDateTests-OSX";
			sourceTree = "<group>";
		};
/* End PBXGroup section */

/* Begin PBXHeadersBuildPhase section */
		1FAA838F1C79C6DA0084BAB6 /* Headers */ = {
			isa = PBXHeadersBuildPhase;
			buildActionMask = 2147483647;
			files = (
				90A2B5D91C7FAB790050D018 /* SwiftDate-OSX.h in Headers */,
			);
			runOnlyForDeploymentPostprocessing = 0;
		};
		90F1F3861C7F6AF500B22B90 /* Headers */ = {
			isa = PBXHeadersBuildPhase;
			buildActionMask = 2147483647;
			files = (
				90F1F38C1C7F6AF500B22B90 /* SwiftDate-iOS.h in Headers */,
			);
			runOnlyForDeploymentPostprocessing = 0;
		};
		90F1F3A71C7F6BB800B22B90 /* Headers */ = {
			isa = PBXHeadersBuildPhase;
			buildActionMask = 2147483647;
			files = (
				90F1F3AD1C7F6BB800B22B90 /* SwiftDate-tvOS.h in Headers */,
			);
			runOnlyForDeploymentPostprocessing = 0;
		};
		90F1F3C71C7F6BEE00B22B90 /* Headers */ = {
			isa = PBXHeadersBuildPhase;
			buildActionMask = 2147483647;
			files = (
				90F1F3CD1C7F6BEE00B22B90 /* SwiftDate-WatchOS.h in Headers */,
			);
			runOnlyForDeploymentPostprocessing = 0;
		};
/* End PBXHeadersBuildPhase section */

/* Begin PBXNativeTarget section */
		1FAA83911C79C6DA0084BAB6 /* SwiftDate-OSX */ = {
			isa = PBXNativeTarget;
			buildConfigurationList = 1FAA83A31C79C6DA0084BAB6 /* Build configuration list for PBXNativeTarget "SwiftDate-OSX" */;
			buildPhases = (
				1FAA838D1C79C6DA0084BAB6 /* Sources */,
				1FAA838E1C79C6DA0084BAB6 /* Frameworks */,
				1FAA838F1C79C6DA0084BAB6 /* Headers */,
				1FAA83901C79C6DA0084BAB6 /* Resources */,
			);
			buildRules = (
			);
			dependencies = (
			);
			name = "SwiftDate-OSX";
			productName = SwiftDate;
			productReference = 1FAA83921C79C6DA0084BAB6 /* SwiftDate.framework */;
			productType = "com.apple.product-type.framework";
		};
		1FAA839A1C79C6DA0084BAB6 /* SwiftDateTests-OSX */ = {
			isa = PBXNativeTarget;
			buildConfigurationList = 1FAA83A61C79C6DA0084BAB6 /* Build configuration list for PBXNativeTarget "SwiftDateTests-OSX" */;
			buildPhases = (
				1FAA83971C79C6DA0084BAB6 /* Sources */,
				1FAA83981C79C6DA0084BAB6 /* Frameworks */,
				1FAA83991C79C6DA0084BAB6 /* Resources */,
				1FAA83E01C79CA470084BAB6 /* CopyFiles */,
				90EE87121CA0236D009EA49B /* Swiftlint */,
			);
			buildRules = (
			);
			dependencies = (
				1FAA839E1C79C6DA0084BAB6 /* PBXTargetDependency */,
			);
			name = "SwiftDateTests-OSX";
			productName = SwiftDateTests;
			productReference = 1FAA839B1C79C6DA0084BAB6 /* SwiftDateTests-OSX.xctest */;
			productType = "com.apple.product-type.bundle.unit-test";
		};
		90F1F3881C7F6AF500B22B90 /* SwiftDate-iOS */ = {
			isa = PBXNativeTarget;
			buildConfigurationList = 90F1F38E1C7F6AF500B22B90 /* Build configuration list for PBXNativeTarget "SwiftDate-iOS" */;
			buildPhases = (
				90F1F3841C7F6AF500B22B90 /* Sources */,
				90F1F3851C7F6AF500B22B90 /* Frameworks */,
				90F1F3861C7F6AF500B22B90 /* Headers */,
				90F1F3871C7F6AF500B22B90 /* Resources */,
			);
			buildRules = (
			);
			dependencies = (
			);
			name = "SwiftDate-iOS";
			productName = "SwiftDate-iOS";
			productReference = 90F1F3891C7F6AF500B22B90 /* SwiftDate.framework */;
			productType = "com.apple.product-type.framework";
		};
		90F1F3A91C7F6BB800B22B90 /* SwiftDate-tvOS */ = {
			isa = PBXNativeTarget;
			buildConfigurationList = 90F1F3AF1C7F6BB800B22B90 /* Build configuration list for PBXNativeTarget "SwiftDate-tvOS" */;
			buildPhases = (
				90F1F3A51C7F6BB800B22B90 /* Sources */,
				90F1F3A61C7F6BB800B22B90 /* Frameworks */,
				90F1F3A71C7F6BB800B22B90 /* Headers */,
				90F1F3A81C7F6BB800B22B90 /* Resources */,
			);
			buildRules = (
			);
			dependencies = (
			);
			name = "SwiftDate-tvOS";
			productName = "SwiftDate-tvOS";
			productReference = 90F1F3AA1C7F6BB800B22B90 /* SwiftDate.framework */;
			productType = "com.apple.product-type.framework";
		};
		90F1F3C91C7F6BEE00B22B90 /* SwiftDate-watchOS */ = {
			isa = PBXNativeTarget;
			buildConfigurationList = 90F1F3CF1C7F6BEE00B22B90 /* Build configuration list for PBXNativeTarget "SwiftDate-watchOS" */;
			buildPhases = (
				90F1F3C51C7F6BEE00B22B90 /* Sources */,
				90F1F3C61C7F6BEE00B22B90 /* Frameworks */,
				90F1F3C71C7F6BEE00B22B90 /* Headers */,
				90F1F3C81C7F6BEE00B22B90 /* Resources */,
			);
			buildRules = (
			);
			dependencies = (
			);
			name = "SwiftDate-watchOS";
			productName = "SwiftDate-WatchOS";
			productReference = 90F1F3CA1C7F6BEE00B22B90 /* SwiftDate.framework */;
			productType = "com.apple.product-type.framework";
		};
/* End PBXNativeTarget section */

/* Begin PBXProject section */
		1FAA83181C79C5F00084BAB6 /* Project object */ = {
			isa = PBXProject;
			attributes = {
				LastSwiftUpdateCheck = 0730;
				LastUpgradeCheck = 0800;
				ORGANIZATIONNAME = "Jeroen Houtzager";
				TargetAttributes = {
					1FAA83911C79C6DA0084BAB6 = {
						CreatedOnToolsVersion = 7.2.1;
					};
					1FAA839A1C79C6DA0084BAB6 = {
						CreatedOnToolsVersion = 7.2.1;
					};
					90F1F3881C7F6AF500B22B90 = {
						CreatedOnToolsVersion = 7.3;
					};
					90F1F3A91C7F6BB800B22B90 = {
						CreatedOnToolsVersion = 7.3;
					};
					90F1F3C91C7F6BEE00B22B90 = {
						CreatedOnToolsVersion = 7.3;
					};
				};
			};
			buildConfigurationList = 1FAA831B1C79C5F00084BAB6 /* Build configuration list for PBXProject "SwiftDate" */;
			compatibilityVersion = "Xcode 3.2";
			developmentRegion = English;
			hasScannedForEncodings = 0;
			knownRegions = (
				en,
			);
			mainGroup = 1FAA83171C79C5F00084BAB6;
			productRefGroup = 1FAA83211C79C5F00084BAB6 /* Products */;
			projectDirPath = "";
			projectRoot = "";
			targets = (
				1FAA83911C79C6DA0084BAB6 /* SwiftDate-OSX */,
				1FAA839A1C79C6DA0084BAB6 /* SwiftDateTests-OSX */,
				90F1F3881C7F6AF500B22B90 /* SwiftDate-iOS */,
				90F1F3A91C7F6BB800B22B90 /* SwiftDate-tvOS */,
				90F1F3C91C7F6BEE00B22B90 /* SwiftDate-watchOS */,
			);
		};
/* End PBXProject section */

/* Begin PBXResourcesBuildPhase section */
		1FAA83901C79C6DA0084BAB6 /* Resources */ = {
			isa = PBXResourcesBuildPhase;
			buildActionMask = 2147483647;
			files = (
				904CFEC01C80739300427EB1 /* SwiftDate.bundle in Resources */,
			);
			runOnlyForDeploymentPostprocessing = 0;
		};
		1FAA83991C79C6DA0084BAB6 /* Resources */ = {
			isa = PBXResourcesBuildPhase;
			buildActionMask = 2147483647;
			files = (
			);
			runOnlyForDeploymentPostprocessing = 0;
		};
		90F1F3871C7F6AF500B22B90 /* Resources */ = {
			isa = PBXResourcesBuildPhase;
			buildActionMask = 2147483647;
			files = (
				904CFEC11C80739300427EB1 /* SwiftDate.bundle in Resources */,
			);
			runOnlyForDeploymentPostprocessing = 0;
		};
		90F1F3A81C7F6BB800B22B90 /* Resources */ = {
			isa = PBXResourcesBuildPhase;
			buildActionMask = 2147483647;
			files = (
				904CFEC21C80739300427EB1 /* SwiftDate.bundle in Resources */,
			);
			runOnlyForDeploymentPostprocessing = 0;
		};
		90F1F3C81C7F6BEE00B22B90 /* Resources */ = {
			isa = PBXResourcesBuildPhase;
			buildActionMask = 2147483647;
			files = (
				904CFEC31C80739300427EB1 /* SwiftDate.bundle in Resources */,
			);
			runOnlyForDeploymentPostprocessing = 0;
		};
/* End PBXResourcesBuildPhase section */

/* Begin PBXShellScriptBuildPhase section */
		90EE87121CA0236D009EA49B /* Swiftlint */ = {
			isa = PBXShellScriptBuildPhase;
			buildActionMask = 2147483647;
			files = (
			);
			inputPaths = (
			);
			name = Swiftlint;
			outputPaths = (
			);
			runOnlyForDeploymentPostprocessing = 0;
			shellPath = /bin/sh;
			shellScript = "if which swiftlint >/dev/null; then\nswiftlint lint --path ../Sources/SwiftDate\nelse\necho \"warning: SwiftLint not installed, download from https://github.com/realm/SwiftLint\"\nfi";
		};
/* End PBXShellScriptBuildPhase section */

/* Begin PBXSourcesBuildPhase section */
		1FAA838D1C79C6DA0084BAB6 /* Sources */ = {
			isa = PBXSourcesBuildPhase;
			buildActionMask = 2147483647;
			files = (
				904CFEB81C80739300427EB1 /* NSTimeZone+SwiftDate.swift in Sources */,
				904CFEB41C80739300427EB1 /* NSTimeInterval+SwiftDate.swift in Sources */,
				904CFEA41C80739300427EB1 /* NSDateComponents+SwiftDate.swift in Sources */,
				904CFEBC1C80739300427EB1 /* Region.swift in Sources */,
				904CFE8C1C80739300427EB1 /* DateInRegion+NSDatePort.swift in Sources */,
				904CFE981C80739300427EB1 /* Dictionary+SwiftDate.swift in Sources */,
				904CFEAC1C80739300427EB1 /* NSDateInterval.swift in Sources */,
				904CFE881C80739300427EB1 /* DateInRegion+Formatter.swift in Sources */,
				904CFE741C80739300427EB1 /* DateFormatter.swift in Sources */,
				904CFE801C80739300427EB1 /* DateInRegion+Components.swift in Sources */,
				904CFE841C80739300427EB1 /* DateInRegion+Equations.swift in Sources */,
				904CFE9C1C80739300427EB1 /* NSCalendar+SwiftDate.swift in Sources */,
				904CFE941C80739300427EB1 /* DateInRegion+StartEnd.swift in Sources */,
				904CFE781C80739300427EB1 /* DateInRegion.swift in Sources */,
				904CFEA81C80739300427EB1 /* NSDateFormatter+SwiftDate.swift in Sources */,
				904CFE901C80739300427EB1 /* DateInRegion+Operations.swift in Sources */,
				904CFEB01C80739300427EB1 /* NSLocale+SwiftDate.swift in Sources */,
				904CFE5B1C80734800427EB1 /* Additions.swift in Sources */,
				904CFE7C1C80739300427EB1 /* DateInRegion+Comparisons.swift in Sources */,
				904CFEA01C80739300427EB1 /* NSDate+SwiftDate.swift in Sources */,
			);
			runOnlyForDeploymentPostprocessing = 0;
		};
		1FAA83971C79C6DA0084BAB6 /* Sources */ = {
			isa = PBXSourcesBuildPhase;
			buildActionMask = 2147483647;
			files = (
				1FAA83D71C79C75A0084BAB6 /* NSDateTests.swift in Sources */,
				1F458FB81C7B23AC00FCFD97 /* NSCalendarTests.swift in Sources */,
				1F458FBA1C7B29AD00FCFD97 /* NSTimeIntervalTests.swift in Sources */,
				1FAA83D61C79C75A0084BAB6 /* NSDateEquationsTests.swift in Sources */,
				1F458FBC1C7B2CC300FCFD97 /* NSTimeZoneTests.swift in Sources */,
				1FAA83D91C79C75A0084BAB6 /* RegionTests.swift in Sources */,
				1FAA83CF1C79C75A0084BAB6 /* DateInRegionComparisonTests.swift in Sources */,
				0808C26D1CAB30500068C0F2 /* DateFormatterTests.swift in Sources */,
				1FAA83D01C79C75A0084BAB6 /* DateInRegionComponentPortTests.swift in Sources */,
				1FAA83D21C79C75A0084BAB6 /* DateInRegionHashableTests.swift in Sources */,
				1FAA83D11C79C75A0084BAB6 /* DateInRegionEquationsTests.swift in Sources */,
				1FAA83E41C7A3EE50084BAB6 /* NSDateIntervalTests.swift in Sources */,
				1FAA83D81C79C75A0084BAB6 /* RegionStringTests.swift in Sources */,
				1FAA83D51C79C75A0084BAB6 /* NSDateComponentPortTests.swift in Sources */,
				1FAA83D41C79C75A0084BAB6 /* DateInRegionTests.swift in Sources */,
				1F458FBE1C7B2EEA00FCFD97 /* NSDateComponentsTests.swift in Sources */,
				1FAA83D31C79C75A0084BAB6 /* DateInRegionOperationsTests.swift in Sources */,
			);
			runOnlyForDeploymentPostprocessing = 0;
		};
		90F1F3841C7F6AF500B22B90 /* Sources */ = {
			isa = PBXSourcesBuildPhase;
			buildActionMask = 2147483647;
			files = (
				904CFEB91C80739300427EB1 /* NSTimeZone+SwiftDate.swift in Sources */,
				904CFEB51C80739300427EB1 /* NSTimeInterval+SwiftDate.swift in Sources */,
				904CFEA51C80739300427EB1 /* NSDateComponents+SwiftDate.swift in Sources */,
				904CFEBD1C80739300427EB1 /* Region.swift in Sources */,
				904CFE8D1C80739300427EB1 /* DateInRegion+NSDatePort.swift in Sources */,
				904CFE991C80739300427EB1 /* Dictionary+SwiftDate.swift in Sources */,
				904CFEAD1C80739300427EB1 /* NSDateInterval.swift in Sources */,
				904CFE891C80739300427EB1 /* DateInRegion+Formatter.swift in Sources */,
				904CFE751C80739300427EB1 /* DateFormatter.swift in Sources */,
				904CFE811C80739300427EB1 /* DateInRegion+Components.swift in Sources */,
				904CFE851C80739300427EB1 /* DateInRegion+Equations.swift in Sources */,
				904CFE9D1C80739300427EB1 /* NSCalendar+SwiftDate.swift in Sources */,
				904CFE951C80739300427EB1 /* DateInRegion+StartEnd.swift in Sources */,
				904CFE791C80739300427EB1 /* DateInRegion.swift in Sources */,
				904CFEA91C80739300427EB1 /* NSDateFormatter+SwiftDate.swift in Sources */,
				904CFE911C80739300427EB1 /* DateInRegion+Operations.swift in Sources */,
				904CFEB11C80739300427EB1 /* NSLocale+SwiftDate.swift in Sources */,
				904CFE5C1C80735200427EB1 /* Additions.swift in Sources */,
				904CFE7D1C80739300427EB1 /* DateInRegion+Comparisons.swift in Sources */,
				904CFEA11C80739300427EB1 /* NSDate+SwiftDate.swift in Sources */,
			);
			runOnlyForDeploymentPostprocessing = 0;
		};
		90F1F3A51C7F6BB800B22B90 /* Sources */ = {
			isa = PBXSourcesBuildPhase;
			buildActionMask = 2147483647;
			files = (
				904CFEBA1C80739300427EB1 /* NSTimeZone+SwiftDate.swift in Sources */,
				904CFEB61C80739300427EB1 /* NSTimeInterval+SwiftDate.swift in Sources */,
				904CFEA61C80739300427EB1 /* NSDateComponents+SwiftDate.swift in Sources */,
				904CFEBE1C80739300427EB1 /* Region.swift in Sources */,
				904CFE8E1C80739300427EB1 /* DateInRegion+NSDatePort.swift in Sources */,
				904CFE9A1C80739300427EB1 /* Dictionary+SwiftDate.swift in Sources */,
				904CFEAE1C80739300427EB1 /* NSDateInterval.swift in Sources */,
				904CFE8A1C80739300427EB1 /* DateInRegion+Formatter.swift in Sources */,
				904CFE761C80739300427EB1 /* DateFormatter.swift in Sources */,
				904CFE821C80739300427EB1 /* DateInRegion+Components.swift in Sources */,
				904CFE861C80739300427EB1 /* DateInRegion+Equations.swift in Sources */,
				904CFE9E1C80739300427EB1 /* NSCalendar+SwiftDate.swift in Sources */,
				904CFE961C80739300427EB1 /* DateInRegion+StartEnd.swift in Sources */,
				904CFE7A1C80739300427EB1 /* DateInRegion.swift in Sources */,
				904CFEAA1C80739300427EB1 /* NSDateFormatter+SwiftDate.swift in Sources */,
				904CFE921C80739300427EB1 /* DateInRegion+Operations.swift in Sources */,
				904CFEB21C80739300427EB1 /* NSLocale+SwiftDate.swift in Sources */,
				904CFE5D1C80735300427EB1 /* Additions.swift in Sources */,
				904CFE7E1C80739300427EB1 /* DateInRegion+Comparisons.swift in Sources */,
				904CFEA21C80739300427EB1 /* NSDate+SwiftDate.swift in Sources */,
			);
			runOnlyForDeploymentPostprocessing = 0;
		};
		90F1F3C51C7F6BEE00B22B90 /* Sources */ = {
			isa = PBXSourcesBuildPhase;
			buildActionMask = 2147483647;
			files = (
				904CFEBB1C80739300427EB1 /* NSTimeZone+SwiftDate.swift in Sources */,
				904CFEB71C80739300427EB1 /* NSTimeInterval+SwiftDate.swift in Sources */,
				904CFEA71C80739300427EB1 /* NSDateComponents+SwiftDate.swift in Sources */,
				904CFEBF1C80739300427EB1 /* Region.swift in Sources */,
				904CFE8F1C80739300427EB1 /* DateInRegion+NSDatePort.swift in Sources */,
				904CFE9B1C80739300427EB1 /* Dictionary+SwiftDate.swift in Sources */,
				904CFEAF1C80739300427EB1 /* NSDateInterval.swift in Sources */,
				904CFE8B1C80739300427EB1 /* DateInRegion+Formatter.swift in Sources */,
				904CFE771C80739300427EB1 /* DateFormatter.swift in Sources */,
				904CFE831C80739300427EB1 /* DateInRegion+Components.swift in Sources */,
				904CFE871C80739300427EB1 /* DateInRegion+Equations.swift in Sources */,
				904CFE9F1C80739300427EB1 /* NSCalendar+SwiftDate.swift in Sources */,
				904CFE971C80739300427EB1 /* DateInRegion+StartEnd.swift in Sources */,
				904CFE7B1C80739300427EB1 /* DateInRegion.swift in Sources */,
				904CFEAB1C80739300427EB1 /* NSDateFormatter+SwiftDate.swift in Sources */,
				904CFE931C80739300427EB1 /* DateInRegion+Operations.swift in Sources */,
				904CFEB31C80739300427EB1 /* NSLocale+SwiftDate.swift in Sources */,
				904CFE5E1C80735400427EB1 /* Additions.swift in Sources */,
				904CFE7F1C80739300427EB1 /* DateInRegion+Comparisons.swift in Sources */,
				904CFEA31C80739300427EB1 /* NSDate+SwiftDate.swift in Sources */,
			);
			runOnlyForDeploymentPostprocessing = 0;
		};
/* End PBXSourcesBuildPhase section */

/* Begin PBXTargetDependency section */
		1FAA839E1C79C6DA0084BAB6 /* PBXTargetDependency */ = {
			isa = PBXTargetDependency;
			target = 1FAA83911C79C6DA0084BAB6 /* SwiftDate-OSX */;
			targetProxy = 1FAA839D1C79C6DA0084BAB6 /* PBXContainerItemProxy */;
		};
/* End PBXTargetDependency section */

/* Begin XCBuildConfiguration section */
		1FAA83251C79C5F00084BAB6 /* Debug */ = {
			isa = XCBuildConfiguration;
			buildSettings = {
				ALWAYS_SEARCH_USER_PATHS = NO;
				CLANG_CXX_LANGUAGE_STANDARD = "gnu++0x";
				CLANG_CXX_LIBRARY = "libc++";
				CLANG_ENABLE_MODULES = YES;
				CLANG_ENABLE_OBJC_ARC = YES;
				CLANG_WARN_BOOL_CONVERSION = YES;
				CLANG_WARN_CONSTANT_CONVERSION = YES;
				CLANG_WARN_DIRECT_OBJC_ISA_USAGE = YES_ERROR;
				CLANG_WARN_EMPTY_BODY = YES;
				CLANG_WARN_ENUM_CONVERSION = YES;
				CLANG_WARN_INFINITE_RECURSION = YES;
				CLANG_WARN_INT_CONVERSION = YES;
				CLANG_WARN_OBJC_ROOT_CLASS = YES_ERROR;
				CLANG_WARN_SUSPICIOUS_MOVE = YES;
				CLANG_WARN_UNREACHABLE_CODE = YES;
				CLANG_WARN__DUPLICATE_METHOD_MATCH = YES;
				CODE_SIGN_IDENTITY = "";
				COPY_PHASE_STRIP = NO;
				DEBUG_INFORMATION_FORMAT = dwarf;
				ENABLE_STRICT_OBJC_MSGSEND = YES;
				ENABLE_TESTABILITY = YES;
				GCC_C_LANGUAGE_STANDARD = gnu99;
				GCC_DYNAMIC_NO_PIC = NO;
				GCC_NO_COMMON_BLOCKS = YES;
				GCC_OPTIMIZATION_LEVEL = 0;
				GCC_PREPROCESSOR_DEFINITIONS = (
					"DEBUG=1",
					"$(inherited)",
				);
				GCC_WARN_64_TO_32_BIT_CONVERSION = YES;
				GCC_WARN_ABOUT_RETURN_TYPE = YES_ERROR;
				GCC_WARN_UNDECLARED_SELECTOR = YES;
				GCC_WARN_UNINITIALIZED_AUTOS = YES_AGGRESSIVE;
				GCC_WARN_UNUSED_FUNCTION = YES;
				GCC_WARN_UNUSED_VARIABLE = YES;
				MACOSX_DEPLOYMENT_TARGET = 10.11;
				MTL_ENABLE_DEBUG_INFO = YES;
				ONLY_ACTIVE_ARCH = YES;
				PRODUCT_NAME = SwiftDate;
				SDKROOT = macosx;
				SWIFT_OPTIMIZATION_LEVEL = "-Onone";
				SWIFT_VERSION = 3.0;
			};
			name = Debug;
		};
		1FAA83261C79C5F00084BAB6 /* Release */ = {
			isa = XCBuildConfiguration;
			buildSettings = {
				ALWAYS_SEARCH_USER_PATHS = NO;
				CLANG_CXX_LANGUAGE_STANDARD = "gnu++0x";
				CLANG_CXX_LIBRARY = "libc++";
				CLANG_ENABLE_MODULES = YES;
				CLANG_ENABLE_OBJC_ARC = YES;
				CLANG_WARN_BOOL_CONVERSION = YES;
				CLANG_WARN_CONSTANT_CONVERSION = YES;
				CLANG_WARN_DIRECT_OBJC_ISA_USAGE = YES_ERROR;
				CLANG_WARN_EMPTY_BODY = YES;
				CLANG_WARN_ENUM_CONVERSION = YES;
				CLANG_WARN_INFINITE_RECURSION = YES;
				CLANG_WARN_INT_CONVERSION = YES;
				CLANG_WARN_OBJC_ROOT_CLASS = YES_ERROR;
				CLANG_WARN_SUSPICIOUS_MOVE = YES;
				CLANG_WARN_UNREACHABLE_CODE = YES;
				CLANG_WARN__DUPLICATE_METHOD_MATCH = YES;
				CODE_SIGN_IDENTITY = "";
				COPY_PHASE_STRIP = NO;
				DEBUG_INFORMATION_FORMAT = "dwarf-with-dsym";
				ENABLE_NS_ASSERTIONS = NO;
				ENABLE_STRICT_OBJC_MSGSEND = YES;
				GCC_C_LANGUAGE_STANDARD = gnu99;
				GCC_NO_COMMON_BLOCKS = YES;
				GCC_WARN_64_TO_32_BIT_CONVERSION = YES;
				GCC_WARN_ABOUT_RETURN_TYPE = YES_ERROR;
				GCC_WARN_UNDECLARED_SELECTOR = YES;
				GCC_WARN_UNINITIALIZED_AUTOS = YES_AGGRESSIVE;
				GCC_WARN_UNUSED_FUNCTION = YES;
				GCC_WARN_UNUSED_VARIABLE = YES;
				MACOSX_DEPLOYMENT_TARGET = 10.11;
				MTL_ENABLE_DEBUG_INFO = NO;
				PRODUCT_NAME = SwiftDate;
				SDKROOT = macosx;
				SWIFT_OPTIMIZATION_LEVEL = "-Owholemodule";
				SWIFT_VERSION = 3.0;
			};
			name = Release;
		};
		1FAA83A41C79C6DA0084BAB6 /* Debug */ = {
			isa = XCBuildConfiguration;
			buildSettings = {
				CLANG_ENABLE_MODULES = YES;
				COMBINE_HIDPI_IMAGES = YES;
				CURRENT_PROJECT_VERSION = 1;
				DEFINES_MODULE = YES;
				DYLIB_COMPATIBILITY_VERSION = 1;
				DYLIB_CURRENT_VERSION = 1;
				DYLIB_INSTALL_NAME_BASE = "@rpath";
				FRAMEWORK_VERSION = A;
				INFOPLIST_FILE = "$(SRCROOT)/SwiftDate-OSX/Info.plist";
				INSTALL_PATH = "$(LOCAL_LIBRARY_DIR)/Frameworks";
				LD_RUNPATH_SEARCH_PATHS = "$(inherited) @executable_path/../Frameworks @loader_path/Frameworks";
				MACOSX_DEPLOYMENT_TARGET = 10.10;
				PRODUCT_BUNDLE_IDENTIFIER = com.houtzager.SwiftDate;
				PROVISIONING_PROFILE = "";
				SKIP_INSTALL = YES;
				SWIFT_OPTIMIZATION_LEVEL = "-Onone";
				VERSIONING_SYSTEM = "apple-generic";
				VERSION_INFO_PREFIX = "";
			};
			name = Debug;
		};
		1FAA83A51C79C6DA0084BAB6 /* Release */ = {
			isa = XCBuildConfiguration;
			buildSettings = {
				CLANG_ENABLE_MODULES = YES;
				COMBINE_HIDPI_IMAGES = YES;
				CURRENT_PROJECT_VERSION = 1;
				DEFINES_MODULE = YES;
				DYLIB_COMPATIBILITY_VERSION = 1;
				DYLIB_CURRENT_VERSION = 1;
				DYLIB_INSTALL_NAME_BASE = "@rpath";
				FRAMEWORK_VERSION = A;
				INFOPLIST_FILE = "$(SRCROOT)/SwiftDate-OSX/Info.plist";
				INSTALL_PATH = "$(LOCAL_LIBRARY_DIR)/Frameworks";
				LD_RUNPATH_SEARCH_PATHS = "$(inherited) @executable_path/../Frameworks @loader_path/Frameworks";
				MACOSX_DEPLOYMENT_TARGET = 10.10;
				PRODUCT_BUNDLE_IDENTIFIER = com.houtzager.SwiftDate;
				PROVISIONING_PROFILE = "";
				SKIP_INSTALL = YES;
				VERSIONING_SYSTEM = "apple-generic";
				VERSION_INFO_PREFIX = "";
			};
			name = Release;
		};
		1FAA83A71C79C6DA0084BAB6 /* Debug */ = {
			isa = XCBuildConfiguration;
			buildSettings = {
				CODE_SIGN_IDENTITY = "";
				COMBINE_HIDPI_IMAGES = YES;
				FRAMEWORK_SEARCH_PATHS = (
					"$(inherited)",
					"$(PROJECT_DIR)/Carthage/Build/Mac",
				);
				INFOPLIST_FILE = SwiftDateTests/Info.plist;
				LD_RUNPATH_SEARCH_PATHS = "$(inherited) @executable_path/../Frameworks @loader_path/../Frameworks";
				PRODUCT_BUNDLE_IDENTIFIER = com.houtzager.SwiftDateTests;
				PRODUCT_NAME = "$(TARGET_NAME)";
			};
			name = Debug;
		};
		1FAA83A81C79C6DA0084BAB6 /* Release */ = {
			isa = XCBuildConfiguration;
			buildSettings = {
				CODE_SIGN_IDENTITY = "";
				COMBINE_HIDPI_IMAGES = YES;
				FRAMEWORK_SEARCH_PATHS = (
					"$(inherited)",
					"$(PROJECT_DIR)/Carthage/Build/Mac",
				);
				INFOPLIST_FILE = SwiftDateTests/Info.plist;
				LD_RUNPATH_SEARCH_PATHS = "$(inherited) @executable_path/../Frameworks @loader_path/../Frameworks";
				PRODUCT_BUNDLE_IDENTIFIER = com.houtzager.SwiftDateTests;
				PRODUCT_NAME = "$(TARGET_NAME)";
			};
			name = Release;
		};
		90F1F38F1C7F6AF500B22B90 /* Debug */ = {
			isa = XCBuildConfiguration;
			buildSettings = {
				APPLICATION_EXTENSION_API_ONLY = YES;
				CLANG_ANALYZER_NONNULL = YES;
				CLANG_ENABLE_MODULES = YES;
				CODE_SIGN_IDENTITY = "iPhone Developer";
				"CODE_SIGN_IDENTITY[sdk=iphoneos*]" = "";
				CURRENT_PROJECT_VERSION = 1;
				DEFINES_MODULE = YES;
				DYLIB_COMPATIBILITY_VERSION = 1;
				DYLIB_CURRENT_VERSION = 1;
				DYLIB_INSTALL_NAME_BASE = "@rpath";
				INFOPLIST_FILE = "SwiftDate-iOS/Info.plist";
				INSTALL_PATH = "$(LOCAL_LIBRARY_DIR)/Frameworks";
				IPHONEOS_DEPLOYMENT_TARGET = 8.0;
				LD_RUNPATH_SEARCH_PATHS = "$(inherited) @executable_path/Frameworks @loader_path/Frameworks";
				PRODUCT_BUNDLE_IDENTIFIER = "com.houtzager.SwiftDate-iOS";
				SDKROOT = iphoneos;
				SKIP_INSTALL = YES;
				SWIFT_OPTIMIZATION_LEVEL = "-Onone";
				TARGETED_DEVICE_FAMILY = "1,2";
				VERSIONING_SYSTEM = "apple-generic";
				VERSION_INFO_PREFIX = "";
			};
			name = Debug;
		};
		90F1F3901C7F6AF500B22B90 /* Release */ = {
			isa = XCBuildConfiguration;
			buildSettings = {
				APPLICATION_EXTENSION_API_ONLY = YES;
				CLANG_ANALYZER_NONNULL = YES;
				CLANG_ENABLE_MODULES = YES;
				CODE_SIGN_IDENTITY = "iPhone Developer";
				"CODE_SIGN_IDENTITY[sdk=iphoneos*]" = "";
				CURRENT_PROJECT_VERSION = 1;
				DEFINES_MODULE = YES;
				DYLIB_COMPATIBILITY_VERSION = 1;
				DYLIB_CURRENT_VERSION = 1;
				DYLIB_INSTALL_NAME_BASE = "@rpath";
				INFOPLIST_FILE = "SwiftDate-iOS/Info.plist";
				INSTALL_PATH = "$(LOCAL_LIBRARY_DIR)/Frameworks";
				IPHONEOS_DEPLOYMENT_TARGET = 8.0;
				LD_RUNPATH_SEARCH_PATHS = "$(inherited) @executable_path/Frameworks @loader_path/Frameworks";
				PRODUCT_BUNDLE_IDENTIFIER = "com.houtzager.SwiftDate-iOS";
				SDKROOT = iphoneos;
				SKIP_INSTALL = YES;
				TARGETED_DEVICE_FAMILY = "1,2";
				VALIDATE_PRODUCT = YES;
				VERSIONING_SYSTEM = "apple-generic";
				VERSION_INFO_PREFIX = "";
			};
			name = Release;
		};
		90F1F3B01C7F6BB800B22B90 /* Debug */ = {
			isa = XCBuildConfiguration;
			buildSettings = {
				CLANG_ANALYZER_NONNULL = YES;
				CLANG_ENABLE_MODULES = YES;
				CURRENT_PROJECT_VERSION = 1;
				DEFINES_MODULE = YES;
				DYLIB_COMPATIBILITY_VERSION = 1;
				DYLIB_CURRENT_VERSION = 1;
				DYLIB_INSTALL_NAME_BASE = "@rpath";
				INFOPLIST_FILE = "SwiftDate-tvOS/Info.plist";
				INSTALL_PATH = "$(LOCAL_LIBRARY_DIR)/Frameworks";
				LD_RUNPATH_SEARCH_PATHS = "$(inherited) @executable_path/Frameworks @loader_path/Frameworks";
				PRODUCT_BUNDLE_IDENTIFIER = "com.houtzager.SwiftDate-tvOS";
				SDKROOT = appletvos;
				SKIP_INSTALL = YES;
				SWIFT_OPTIMIZATION_LEVEL = "-Onone";
				TARGETED_DEVICE_FAMILY = 3;
				TVOS_DEPLOYMENT_TARGET = 9.0;
				VERSIONING_SYSTEM = "apple-generic";
				VERSION_INFO_PREFIX = "";
			};
			name = Debug;
		};
		90F1F3B11C7F6BB800B22B90 /* Release */ = {
			isa = XCBuildConfiguration;
			buildSettings = {
				CLANG_ANALYZER_NONNULL = YES;
				CLANG_ENABLE_MODULES = YES;
				CURRENT_PROJECT_VERSION = 1;
				DEFINES_MODULE = YES;
				DYLIB_COMPATIBILITY_VERSION = 1;
				DYLIB_CURRENT_VERSION = 1;
				DYLIB_INSTALL_NAME_BASE = "@rpath";
				INFOPLIST_FILE = "SwiftDate-tvOS/Info.plist";
				INSTALL_PATH = "$(LOCAL_LIBRARY_DIR)/Frameworks";
				LD_RUNPATH_SEARCH_PATHS = "$(inherited) @executable_path/Frameworks @loader_path/Frameworks";
				PRODUCT_BUNDLE_IDENTIFIER = "com.houtzager.SwiftDate-tvOS";
				SDKROOT = appletvos;
				SKIP_INSTALL = YES;
				TARGETED_DEVICE_FAMILY = 3;
				TVOS_DEPLOYMENT_TARGET = 9.0;
				VALIDATE_PRODUCT = YES;
				VERSIONING_SYSTEM = "apple-generic";
				VERSION_INFO_PREFIX = "";
			};
			name = Release;
		};
		90F1F3D01C7F6BEE00B22B90 /* Debug */ = {
			isa = XCBuildConfiguration;
			buildSettings = {
				APPLICATION_EXTENSION_API_ONLY = YES;
				CLANG_ANALYZER_NONNULL = YES;
				CLANG_ENABLE_MODULES = YES;
				CURRENT_PROJECT_VERSION = 1;
				DEFINES_MODULE = YES;
				DYLIB_COMPATIBILITY_VERSION = 1;
				DYLIB_CURRENT_VERSION = 1;
				DYLIB_INSTALL_NAME_BASE = "@rpath";
				INFOPLIST_FILE = "SwiftDate-WatchOS/Info.plist";
				INSTALL_PATH = "$(LOCAL_LIBRARY_DIR)/Frameworks";
				LD_RUNPATH_SEARCH_PATHS = "$(inherited) @executable_path/Frameworks @loader_path/Frameworks";
				PRODUCT_BUNDLE_IDENTIFIER = "com.houtzager.SwiftDate-WatchOS";
				SDKROOT = watchos;
				SKIP_INSTALL = YES;
				SWIFT_OPTIMIZATION_LEVEL = "-Onone";
				TARGETED_DEVICE_FAMILY = 4;
				VERSIONING_SYSTEM = "apple-generic";
				VERSION_INFO_PREFIX = "";
				WATCHOS_DEPLOYMENT_TARGET = 2.0;
			};
			name = Debug;
		};
		90F1F3D11C7F6BEE00B22B90 /* Release */ = {
			isa = XCBuildConfiguration;
			buildSettings = {
				APPLICATION_EXTENSION_API_ONLY = YES;
				CLANG_ANALYZER_NONNULL = YES;
				CLANG_ENABLE_MODULES = YES;
				CURRENT_PROJECT_VERSION = 1;
				DEFINES_MODULE = YES;
				DYLIB_COMPATIBILITY_VERSION = 1;
				DYLIB_CURRENT_VERSION = 1;
				DYLIB_INSTALL_NAME_BASE = "@rpath";
				INFOPLIST_FILE = "SwiftDate-WatchOS/Info.plist";
				INSTALL_PATH = "$(LOCAL_LIBRARY_DIR)/Frameworks";
				LD_RUNPATH_SEARCH_PATHS = "$(inherited) @executable_path/Frameworks @loader_path/Frameworks";
				PRODUCT_BUNDLE_IDENTIFIER = "com.houtzager.SwiftDate-WatchOS";
				SDKROOT = watchos;
				SKIP_INSTALL = YES;
				TARGETED_DEVICE_FAMILY = 4;
				VALIDATE_PRODUCT = YES;
				VERSIONING_SYSTEM = "apple-generic";
				VERSION_INFO_PREFIX = "";
				WATCHOS_DEPLOYMENT_TARGET = 2.0;
			};
			name = Release;
		};
/* End XCBuildConfiguration section */

/* Begin XCConfigurationList section */
		1FAA831B1C79C5F00084BAB6 /* Build configuration list for PBXProject "SwiftDate" */ = {
			isa = XCConfigurationList;
			buildConfigurations = (
				1FAA83251C79C5F00084BAB6 /* Debug */,
				1FAA83261C79C5F00084BAB6 /* Release */,
			);
			defaultConfigurationIsVisible = 0;
			defaultConfigurationName = Release;
		};
		1FAA83A31C79C6DA0084BAB6 /* Build configuration list for PBXNativeTarget "SwiftDate-OSX" */ = {
			isa = XCConfigurationList;
			buildConfigurations = (
				1FAA83A41C79C6DA0084BAB6 /* Debug */,
				1FAA83A51C79C6DA0084BAB6 /* Release */,
			);
			defaultConfigurationIsVisible = 0;
			defaultConfigurationName = Release;
		};
		1FAA83A61C79C6DA0084BAB6 /* Build configuration list for PBXNativeTarget "SwiftDateTests-OSX" */ = {
			isa = XCConfigurationList;
			buildConfigurations = (
				1FAA83A71C79C6DA0084BAB6 /* Debug */,
				1FAA83A81C79C6DA0084BAB6 /* Release */,
			);
			defaultConfigurationIsVisible = 0;
			defaultConfigurationName = Release;
		};
		90F1F38E1C7F6AF500B22B90 /* Build configuration list for PBXNativeTarget "SwiftDate-iOS" */ = {
			isa = XCConfigurationList;
			buildConfigurations = (
				90F1F38F1C7F6AF500B22B90 /* Debug */,
				90F1F3901C7F6AF500B22B90 /* Release */,
			);
			defaultConfigurationIsVisible = 0;
			defaultConfigurationName = Release;
		};
		90F1F3AF1C7F6BB800B22B90 /* Build configuration list for PBXNativeTarget "SwiftDate-tvOS" */ = {
			isa = XCConfigurationList;
			buildConfigurations = (
				90F1F3B01C7F6BB800B22B90 /* Debug */,
				90F1F3B11C7F6BB800B22B90 /* Release */,
			);
			defaultConfigurationIsVisible = 0;
			defaultConfigurationName = Release;
		};
		90F1F3CF1C7F6BEE00B22B90 /* Build configuration list for PBXNativeTarget "SwiftDate-watchOS" */ = {
			isa = XCConfigurationList;
			buildConfigurations = (
				90F1F3D01C7F6BEE00B22B90 /* Debug */,
				90F1F3D11C7F6BEE00B22B90 /* Release */,
			);
			defaultConfigurationIsVisible = 0;
			defaultConfigurationName = Release;
		};
/* End XCConfigurationList section */
	};
	rootObject = 1FAA83181C79C5F00084BAB6 /* Project object */;
}
